<?xml version="1.0" encoding="utf-8"?>
<Project ToolsVersion="4.0" xmlns="http://schemas.microsoft.com/developer/msbuild/2003">
  <ItemGroup>
    <Filter Include="Source Files">
      <UniqueIdentifier>{4FC737F1-C7A5-4376-A066-2A32D752A2FF}</UniqueIdentifier>
      <Extensions>cpp;c;cc;cxx;def;odl;idl;hpj;bat;asm;asmx</Extensions>
    </Filter>
    <Filter Include="Header Files">
      <UniqueIdentifier>{93995380-89BD-4b04-88EB-625FBE52EBFB}</UniqueIdentifier>
      <Extensions>h;hh;hpp;hxx;hm;inl;inc;xsd</Extensions>
    </Filter>
    <Filter Include="Resource Files">
      <UniqueIdentifier>{67DA6AB6-F800-4c08-8B7A-83BB121AAD01}</UniqueIdentifier>
      <Extensions>rc;ico;cur;bmp;dlg;rc2;rct;bin;rgs;gif;jpg;jpeg;jpe;resx;tiff;tif;png;wav;mfcribbon-ms</Extensions>
    </Filter>
  </ItemGroup>
  <ItemGroup>
    <ClInclude Include="Manager.hpp">
      <Filter>Header Files</Filter>
    </ClInclude>
    <ClInclude Include="Loaders.hh">
      <Filter>Header Files</Filter>
    </ClInclude>
    <ClInclude Include="MediaFiles\MediaFile.hpp">
      <Filter>Header Files</Filter>
    </ClInclude>
    <ClInclude Include="Threads\Pool.hpp">
      <Filter>Header Files</Filter>
    </ClInclude>
    <ClInclude Include="MediaFiles\MaterialFile.hpp">
      <Filter>Header Files</Filter>
    </ClInclude>
    <ClInclude Include="fbx\Animation.h">
      <Filter>Header Files</Filter>
    </ClInclude>
    <ClInclude Include="fbx\AnimationChannel.h">
      <Filter>Header Files</Filter>
    </ClInclude>
    <ClInclude Include="fbx\Animations.h">
      <Filter>Header Files</Filter>
    </ClInclude>
    <ClInclude Include="fbx\Base.h">
      <Filter>Header Files</Filter>
    </ClInclude>
    <ClInclude Include="fbx\BoundingVolume.h">
      <Filter>Header Files</Filter>
    </ClInclude>
    <ClInclude Include="fbx\Camera.h">
      <Filter>Header Files</Filter>
    </ClInclude>
    <ClInclude Include="fbx\Constants.h">
      <Filter>Header Files</Filter>
    </ClInclude>
    <ClInclude Include="fbx\Curve.h">
      <Filter>Header Files</Filter>
    </ClInclude>
    <ClInclude Include="fbx\edtaa3func.h">
      <Filter>Header Files</Filter>
    </ClInclude>
    <ClInclude Include="fbx\Effect.h">
      <Filter>Header Files</Filter>
    </ClInclude>
    <ClInclude Include="fbx\EncoderArguments.h">
      <Filter>Header Files</Filter>
    </ClInclude>
    <ClInclude Include="fbx\FBXSceneEncoder.h">
      <Filter>Header Files</Filter>
    </ClInclude>
    <ClInclude Include="fbx\FBXUtil.h">
      <Filter>Header Files</Filter>
    </ClInclude>
    <ClInclude Include="fbx\FileIO.h">
      <Filter>Header Files</Filter>
    </ClInclude>
    <ClInclude Include="fbx\Font.h">
      <Filter>Header Files</Filter>
    </ClInclude>
    <ClInclude Include="fbx\Glyph.h">
      <Filter>Header Files</Filter>
    </ClInclude>
    <ClInclude Include="fbx\GPBDecoder.h">
      <Filter>Header Files</Filter>
    </ClInclude>
    <ClInclude Include="fbx\GPBFile.h">
      <Filter>Header Files</Filter>
    </ClInclude>
    <ClInclude Include="fbx\Heightmap.h">
      <Filter>Header Files</Filter>
    </ClInclude>
    <ClInclude Include="fbx\Image.h">
      <Filter>Header Files</Filter>
    </ClInclude>
    <ClInclude Include="fbx\Light.h">
      <Filter>Header Files</Filter>
    </ClInclude>
    <ClInclude Include="fbx\Material.h">
      <Filter>Header Files</Filter>
    </ClInclude>
    <ClInclude Include="fbx\MaterialParameter.h">
      <Filter>Header Files</Filter>
    </ClInclude>
    <ClInclude Include="fbx\Matrix.h">
      <Filter>Header Files</Filter>
    </ClInclude>
    <ClInclude Include="fbx\Mesh.h">
      <Filter>Header Files</Filter>
    </ClInclude>
    <ClInclude Include="fbx\MeshPart.h">
      <Filter>Header Files</Filter>
    </ClInclude>
    <ClInclude Include="fbx\MeshSkin.h">
      <Filter>Header Files</Filter>
    </ClInclude>
    <ClInclude Include="fbx\MeshSubSet.h">
      <Filter>Header Files</Filter>
    </ClInclude>
    <ClInclude Include="fbx\Model.h">
      <Filter>Header Files</Filter>
    </ClInclude>
    <ClInclude Include="fbx\Node.h">
      <Filter>Header Files</Filter>
    </ClInclude>
    <ClInclude Include="fbx\NormalMapGenerator.h">
      <Filter>Header Files</Filter>
    </ClInclude>
    <ClInclude Include="fbx\Object.h">
      <Filter>Header Files</Filter>
    </ClInclude>
    <ClInclude Include="fbx\Quaternion.h">
      <Filter>Header Files</Filter>
    </ClInclude>
    <ClInclude Include="fbx\Reference.h">
      <Filter>Header Files</Filter>
    </ClInclude>
    <ClInclude Include="fbx\ReferenceTable.h">
      <Filter>Header Files</Filter>
    </ClInclude>
    <ClInclude Include="fbx\Sampler.h">
      <Filter>Header Files</Filter>
    </ClInclude>
    <ClInclude Include="fbx\Scene.h">
      <Filter>Header Files</Filter>
    </ClInclude>
    <ClInclude Include="fbx\StringUtil.h">
      <Filter>Header Files</Filter>
    </ClInclude>
    <ClInclude Include="fbx\Thread.h">
      <Filter>Header Files</Filter>
    </ClInclude>
    <ClInclude Include="fbx\Transform.h">
      <Filter>Header Files</Filter>
    </ClInclude>
    <ClInclude Include="fbx\TTFFontEncoder.h">
      <Filter>Header Files</Filter>
    </ClInclude>
    <ClInclude Include="fbx\Vector2.h">
      <Filter>Header Files</Filter>
    </ClInclude>
    <ClInclude Include="fbx\Vector3.h">
      <Filter>Header Files</Filter>
    </ClInclude>
    <ClInclude Include="fbx\Vector4.h">
      <Filter>Header Files</Filter>
    </ClInclude>
    <ClInclude Include="fbx\Vertex.h">
      <Filter>Header Files</Filter>
    </ClInclude>
    <ClInclude Include="fbx\VertexElement.h">
      <Filter>Header Files</Filter>
    </ClInclude>
    <ClInclude Include="AGE_FBX\Node.hpp">
      <Filter>Header Files</Filter>
    </ClInclude>
    <ClInclude Include="GameplayConvertor.hpp">
      <Filter>Header Files</Filter>
    </ClInclude>
    <ClInclude Include="AGE_FBX\Mesh.hpp">
      <Filter>Header Files</Filter>
    </ClInclude>
  </ItemGroup>
  <ItemGroup>
    <ClCompile Include="Main.cpp">
      <Filter>Source Files</Filter>
    </ClCompile>
    <ClCompile Include="Loaders.cpp">
      <Filter>Source Files</Filter>
    </ClCompile>
    <ClCompile Include="Manager.cpp">
      <Filter>Source Files</Filter>
    </ClCompile>
    <ClCompile Include="fbx\Animation.cpp">
      <Filter>Source Files</Filter>
    </ClCompile>
    <ClCompile Include="fbx\AnimationChannel.cpp">
      <Filter>Source Files</Filter>
    </ClCompile>
    <ClCompile Include="fbx\Animations.cpp">
      <Filter>Source Files</Filter>
    </ClCompile>
    <ClCompile Include="fbx\Base.cpp">
      <Filter>Source Files</Filter>
    </ClCompile>
    <ClCompile Include="fbx\BoundingVolume.cpp">
      <Filter>Source Files</Filter>
    </ClCompile>
    <ClCompile Include="fbx\Camera.cpp">
      <Filter>Source Files</Filter>
    </ClCompile>
    <ClCompile Include="fbx\Constants.cpp">
      <Filter>Source Files</Filter>
    </ClCompile>
    <ClCompile Include="fbx\Curve.cpp">
      <Filter>Source Files</Filter>
    </ClCompile>
    <ClCompile Include="fbx\edtaa3func.c">
      <Filter>Source Files</Filter>
    </ClCompile>
    <ClCompile Include="fbx\Effect.cpp">
      <Filter>Source Files</Filter>
    </ClCompile>
    <ClCompile Include="fbx\EncoderArguments.cpp">
      <Filter>Source Files</Filter>
    </ClCompile>
    <ClCompile Include="fbx\FBXSceneEncoder.cpp">
      <Filter>Source Files</Filter>
    </ClCompile>
    <ClCompile Include="fbx\FBXUtil.cpp">
      <Filter>Source Files</Filter>
    </ClCompile>
    <ClCompile Include="fbx\FileIO.cpp">
      <Filter>Source Files</Filter>
    </ClCompile>
    <ClCompile Include="fbx\Font.cpp">
      <Filter>Source Files</Filter>
    </ClCompile>
    <ClCompile Include="fbx\Glyph.cpp">
      <Filter>Source Files</Filter>
    </ClCompile>
    <ClCompile Include="fbx\GPBDecoder.cpp">
      <Filter>Source Files</Filter>
    </ClCompile>
    <ClCompile Include="fbx\GPBFile.cpp">
      <Filter>Source Files</Filter>
    </ClCompile>
    <ClCompile Include="fbx\Heightmap.cpp">
      <Filter>Source Files</Filter>
    </ClCompile>
    <ClCompile Include="fbx\Image.cpp">
      <Filter>Source Files</Filter>
    </ClCompile>
    <ClCompile Include="fbx\Light.cpp">
      <Filter>Source Files</Filter>
    </ClCompile>
    <ClCompile Include="fbx\main.cpp">
      <Filter>Source Files</Filter>
    </ClCompile>
    <ClCompile Include="fbx\Material.cpp">
      <Filter>Source Files</Filter>
    </ClCompile>
    <ClCompile Include="fbx\MaterialParameter.cpp">
      <Filter>Source Files</Filter>
    </ClCompile>
    <ClCompile Include="fbx\Matrix.cpp">
      <Filter>Source Files</Filter>
    </ClCompile>
    <ClCompile Include="fbx\Mesh.cpp">
      <Filter>Source Files</Filter>
    </ClCompile>
    <ClCompile Include="fbx\MeshPart.cpp">
      <Filter>Source Files</Filter>
    </ClCompile>
    <ClCompile Include="fbx\MeshSkin.cpp">
      <Filter>Source Files</Filter>
    </ClCompile>
    <ClCompile Include="fbx\MeshSubSet.cpp">
      <Filter>Source Files</Filter>
    </ClCompile>
    <ClCompile Include="fbx\Model.cpp">
      <Filter>Source Files</Filter>
    </ClCompile>
    <ClCompile Include="fbx\Node.cpp">
      <Filter>Source Files</Filter>
    </ClCompile>
    <ClCompile Include="fbx\NormalMapGenerator.cpp">
      <Filter>Source Files</Filter>
    </ClCompile>
    <ClCompile Include="fbx\Object.cpp">
      <Filter>Source Files</Filter>
    </ClCompile>
    <ClCompile Include="fbx\Quaternion.cpp">
      <Filter>Source Files</Filter>
    </ClCompile>
    <ClCompile Include="fbx\Reference.cpp">
      <Filter>Source Files</Filter>
    </ClCompile>
    <ClCompile Include="fbx\ReferenceTable.cpp">
      <Filter>Source Files</Filter>
    </ClCompile>
    <ClCompile Include="fbx\Sampler.cpp">
      <Filter>Source Files</Filter>
    </ClCompile>
    <ClCompile Include="fbx\Scene.cpp">
      <Filter>Source Files</Filter>
    </ClCompile>
    <ClCompile Include="fbx\StringUtil.cpp">
      <Filter>Source Files</Filter>
    </ClCompile>
    <ClCompile Include="fbx\Transform.cpp">
      <Filter>Source Files</Filter>
    </ClCompile>
    <ClCompile Include="fbx\TTFFontEncoder.cpp">
      <Filter>Source Files</Filter>
    </ClCompile>
    <ClCompile Include="fbx\Vector2.cpp">
      <Filter>Source Files</Filter>
    </ClCompile>
    <ClCompile Include="fbx\Vector3.cpp">
      <Filter>Source Files</Filter>
    </ClCompile>
    <ClCompile Include="fbx\Vector4.cpp">
      <Filter>Source Files</Filter>
    </ClCompile>
    <ClCompile Include="fbx\Vertex.cpp">
      <Filter>Source Files</Filter>
    </ClCompile>
    <ClCompile Include="fbx\VertexElement.cpp">
      <Filter>Source Files</Filter>
    </ClCompile>
  </ItemGroup>
  <ItemGroup>
    <None Include="fbx\Curve.inl">
      <Filter>Header Files</Filter>
    </None>
    <None Include="fbx\Quaternion.inl">
      <Filter>Header Files</Filter>
    </None>
    <None Include="fbx\Vector2.inl">
      <Filter>Header Files</Filter>
    </None>
    <None Include="fbx\Vector3.inl">
      <Filter>Header Files</Filter>
    </None>
    <None Include="fbx\Vector4.inl">
      <Filter>Header Files</Filter>
    </None>
  </ItemGroup>
</Project>