<?xml version="1.0" encoding="utf-8"?>
<Project ToolsVersion="12.0" xmlns="http://schemas.microsoft.com/developer/msbuild/2003">
  <ItemGroup>
    <CustomBuild Include="..\..\CMakeFiles\5965f91e3deb40e6affe0a050601cf71\INSTALL_force.rule">
      <Filter>CMake Rules</Filter>
    </CustomBuild>
  </ItemGroup>
  <ItemGroup>
    <Filter Include="CMake Rules">
      <UniqueIdentifier>{9AAA43A3-4004-4D0B-B0C3-1DEF12EAA148}</UniqueIdentifier>
    </Filter>
  </ItemGroup>
</Project>
