<?xml version="1.0" encoding="utf-8"?>
<Project ToolsVersion="4.0" xmlns="http://schemas.microsoft.com/developer/msbuild/2003">
  <ItemGroup>
    <Filter Include="Source Files">
      <UniqueIdentifier>{4FC737F1-C7A5-4376-A066-2A32D752A2FF}</UniqueIdentifier>
      <Extensions>cpp;c;cc;cxx;def;odl;idl;hpj;bat;asm;asmx</Extensions>
    </Filter>
    <Filter Include="Header Files">
      <UniqueIdentifier>{93995380-89BD-4b04-88EB-625FBE52EBFB}</UniqueIdentifier>
      <Extensions>h;hh;hpp;hxx;hm;inl;inc;xsd</Extensions>
    </Filter>
    <Filter Include="Resource Files">
      <UniqueIdentifier>{67DA6AB6-F800-4c08-8B7A-83BB121AAD01}</UniqueIdentifier>
      <Extensions>rc;ico;cur;bmp;dlg;rc2;rct;bin;rgs;gif;jpg;jpeg;jpe;resx;tiff;tif;png;wav;mfcribbon-ms</Extensions>
    </Filter>
  </ItemGroup>
  <ItemGroup>
    <ClInclude Include="PhysXWorld.hpp">
      <Filter>Header Files</Filter>
    </ClInclude>
    <ClInclude Include="..\..\..\GameEngine\Engine\Physics\RigidBodyInterface.hpp">
      <Filter>Header Files</Filter>
    </ClInclude>
    <ClInclude Include="..\..\..\GameEngine\Engine\Physics\MaterialInterface.hpp">
      <Filter>Header Files</Filter>
    </ClInclude>
    <ClInclude Include="..\..\..\GameEngine\Engine\Physics\PhysicsInterface.hpp">
      <Filter>Header Files</Filter>
    </ClInclude>
    <ClInclude Include="..\..\..\GameEngine\Engine\Physics\WorldInterface.hpp">
      <Filter>Header Files</Filter>
    </ClInclude>
    <ClInclude Include="PhysXPhysics.hpp">
      <Filter>Header Files</Filter>
    </ClInclude>
    <ClInclude Include="PhysXMaterial.hpp">
      <Filter>Header Files</Filter>
    </ClInclude>
    <ClInclude Include="PhysXRigidBody.hpp">
      <Filter>Header Files</Filter>
    </ClInclude>
    <ClInclude Include="..\..\..\GameEngine\Engine\Physics\EngineTypes.hpp">
      <Filter>Header Files</Filter>
    </ClInclude>
    <ClInclude Include="..\..\..\GameEngine\Engine\Physics\ForceMode.hpp">
      <Filter>Header Files</Filter>
    </ClInclude>
    <ClInclude Include="..\..\..\GameEngine\Engine\Physics\CollisionDetectionMode.hpp">
      <Filter>Header Files</Filter>
    </ClInclude>
    <ClInclude Include="..\..\..\GameEngine\Engine\Physics\FilterGroup.hpp">
      <Filter>Header Files</Filter>
    </ClInclude>
    <ClInclude Include="..\..\..\GameEngine\Engine\Physics\ColliderInterface.hpp">
      <Filter>Header Files</Filter>
    </ClInclude>
    <ClInclude Include="..\..\..\GameEngine\Engine\Physics\ColliderType.hpp">
      <Filter>Header Files</Filter>
    </ClInclude>
    <ClInclude Include="..\..\..\GameEngine\Engine\Physics\BoxColliderInterface.hpp">
      <Filter>Header Files</Filter>
    </ClInclude>
    <ClInclude Include="..\..\..\GameEngine\Engine\Physics\CapsuleColliderInterface.hpp">
      <Filter>Header Files</Filter>
    </ClInclude>
    <ClInclude Include="..\..\..\GameEngine\Engine\Physics\MeshColliderInterface.hpp">
      <Filter>Header Files</Filter>
    </ClInclude>
    <ClInclude Include="..\..\..\GameEngine\Engine\Physics\SphereColliderInterface.hpp">
      <Filter>Header Files</Filter>
    </ClInclude>
    <ClInclude Include="PhysXBoxCollider.hpp">
      <Filter>Header Files</Filter>
    </ClInclude>
    <ClInclude Include="PhysXCapsuleCollider.hpp">
      <Filter>Header Files</Filter>
    </ClInclude>
    <ClInclude Include="PhysXMeshCollider.hpp">
      <Filter>Header Files</Filter>
    </ClInclude>
    <ClInclude Include="PhysXSphereCollider.hpp">
      <Filter>Header Files</Filter>
    </ClInclude>
    <ClInclude Include="PhysXCollider.hpp">
      <Filter>Header Files</Filter>
    </ClInclude>
    <ClInclude Include="..\..\..\GameEngine\Engine\Physics\MemoryPoolHelper.hpp">
      <Filter>Header Files</Filter>
    </ClInclude>
    <ClInclude Include="..\..\..\GameEngine\Engine\Physics\GenericData.hpp">
      <Filter>Header Files</Filter>
    </ClInclude>
    <ClInclude Include="..\..\..\GameEngine\Engine\Physics\Contact.hpp">
      <Filter>Header Files</Filter>
    </ClInclude>
    <ClInclude Include="..\..\..\GameEngine\Engine\Physics\ContactType.hpp">
      <Filter>Header Files</Filter>
    </ClInclude>
    <ClInclude Include="..\..\..\GameEngine\Engine\Physics\TriggerType.hpp">
      <Filter>Header Files</Filter>
    </ClInclude>
    <ClInclude Include="..\..\..\GameEngine\Engine\Physics\CollisionListener.hpp">
      <Filter>Header Files</Filter>
    </ClInclude>
    <ClInclude Include="..\..\..\GameEngine\Engine\Physics\TriggerListener.hpp">
      <Filter>Header Files</Filter>
    </ClInclude>
  </ItemGroup>
  <ItemGroup>
    <ClCompile Include="PhysXWorld.cpp">
      <Filter>Source Files</Filter>
    </ClCompile>
    <ClCompile Include="PhysXExports.cpp">
      <Filter>Source Files</Filter>
    </ClCompile>
    <ClCompile Include="PhysXPhysics.cpp">
      <Filter>Source Files</Filter>
    </ClCompile>
    <ClCompile Include="PhysXMaterial.cpp">
      <Filter>Source Files</Filter>
    </ClCompile>
    <ClCompile Include="PhysXRigidBody.cpp">
      <Filter>Source Files</Filter>
    </ClCompile>
    <ClCompile Include="PhysXBoxCollider.cpp">
      <Filter>Source Files</Filter>
    </ClCompile>
    <ClCompile Include="PhysXCapsuleCollider.cpp">
      <Filter>Source Files</Filter>
    </ClCompile>
    <ClCompile Include="PhysXMeshCollider.cpp">
      <Filter>Source Files</Filter>
    </ClCompile>
    <ClCompile Include="PhysXSphereCollider.cpp">
      <Filter>Source Files</Filter>
    </ClCompile>
    <ClCompile Include="PhysXCollider.cpp">
      <Filter>Source Files</Filter>
    </ClCompile>
  </ItemGroup>
  <ItemGroup>
    <None Include="..\..\..\GameEngine\Engine\Physics\MaterialInterface.inl">
      <Filter>Header Files</Filter>
    </None>
    <None Include="..\..\..\GameEngine\Engine\Physics\RigidBodyInterface.inl">
      <Filter>Header Files</Filter>
    </None>
    <None Include="..\..\..\GameEngine\Engine\Physics\WorldInterface.inl">
      <Filter>Header Files</Filter>
    </None>
    <None Include="..\..\..\GameEngine\Engine\Physics\PhysicsInterface.inl">
      <Filter>Header Files</Filter>
    </None>
    <None Include="..\..\..\GameEngine\Engine\Physics\ColliderInterface.inl">
      <Filter>Header Files</Filter>
    </None>
    <None Include="..\..\..\GameEngine\Engine\Physics\BoxColliderInterface.inl">
      <Filter>Header Files</Filter>
    </None>
    <None Include="..\..\..\GameEngine\Engine\Physics\CapsuleColliderInterface.inl">
      <Filter>Header Files</Filter>
    </None>
    <None Include="..\..\..\GameEngine\Engine\Physics\MeshColliderInterface.inl">
      <Filter>Header Files</Filter>
    </None>
    <None Include="..\..\..\GameEngine\Engine\Physics\SphereColliderInterface.inl">
      <Filter>Header Files</Filter>
    </None>
    <None Include="..\..\..\GameEngine\Engine\Physics\MemoryPoolHelper.inl">
      <Filter>Header Files</Filter>
    </None>
  </ItemGroup>
</Project>