<?xml version="1.0" encoding="utf-8"?>
<Project ToolsVersion="12.0" xmlns="http://schemas.microsoft.com/developer/msbuild/2003">
  <ItemGroup>
    <ClCompile Include="..\..\..\Extras\GIMPACTUtils\btGImpactConvexDecompositionShape.cpp">
      <Filter>Source Files</Filter>
    </ClCompile>
  </ItemGroup>
  <ItemGroup>
    <ClInclude Include="..\..\..\Extras\GIMPACTUtils\btGImpactConvexDecompositionShape.h">
      <Filter>Header Files</Filter>
    </ClInclude>
  </ItemGroup>
  <ItemGroup>
    <CustomBuild Include="..\..\..\Extras\GIMPACTUtils\CMakeLists.txt" />
  </ItemGroup>
  <ItemGroup>
    <Filter Include="Source Files">
      <UniqueIdentifier>{A3DC8340-D1CA-4E5B-92F7-A77495EE1A9C}</UniqueIdentifier>
    </Filter>
    <Filter Include="Header Files">
      <UniqueIdentifier>{2C7FE493-1A8A-4158-9556-5C124715F029}</UniqueIdentifier>
    </Filter>
  </ItemGroup>
</Project>
