Microsoft Visual Studio Solution File, Format Version 12.00
# Visual Studio 2013
Project("{8BC9CEB8-8B4A-11D0-8D11-00A0C91BC942}") = "ALL_BUILD", "ALL_BUILD.vcxproj", "{8C97B116-FEF1-4209-B5EB-06D11D6D72D3}"
	ProjectSection(ProjectDependencies) = postProject
		{73038C59-6B91-4F89-9D2C-97B929B33E88} = {73038C59-6B91-4F89-9D2C-97B929B33E88}
		{B09D383B-DFDE-465A-895F-EEEA8890ACC6} = {B09D383B-DFDE-465A-895F-EEEA8890ACC6}
		{5AE578EB-8222-4BAC-9F51-67273D1E4AD9} = {5AE578EB-8222-4BAC-9F51-67273D1E4AD9}
		{787F5137-4502-4520-AFBA-9FAB2210B1BB} = {787F5137-4502-4520-AFBA-9FAB2210B1BB}
		{84CEE6F8-6F1C-472D-AE22-90AD15539A68} = {84CEE6F8-6F1C-472D-AE22-90AD15539A68}
		{81AC1589-3DB3-4C3D-9867-96C3000EBFCC} = {81AC1589-3DB3-4C3D-9867-96C3000EBFCC}
		{91BB3C39-A3D5-4912-951E-11BEB02562D1} = {91BB3C39-A3D5-4912-951E-11BEB02562D1}
		{FD074980-5341-423D-8D26-7A11C01343D3} = {FD074980-5341-423D-8D26-7A11C01343D3}
		{375D63AF-600C-497D-BCA1-AC1BA93F046E} = {375D63AF-600C-497D-BCA1-AC1BA93F046E}
		{4CE645D4-2209-488B-A8A5-7CD462D12C21} = {4CE645D4-2209-488B-A8A5-7CD462D12C21}
		{E2CA51E5-011D-4F46-8D68-79357ED59664} = {E2CA51E5-011D-4F46-8D68-79357ED59664}
		{77AD56C8-3521-4484-83CB-B0D5BA3B88D2} = {77AD56C8-3521-4484-83CB-B0D5BA3B88D2}
		{8F2359E6-7B6C-4063-92A6-F7978FC6F93B} = {8F2359E6-7B6C-4063-92A6-F7978FC6F93B}
		{5233B74A-1C55-43F6-8184-82C3599BC6D9} = {5233B74A-1C55-43F6-8184-82C3599BC6D9}
		{37F2EE80-C0AC-4DF5-85A1-C7433072E051} = {37F2EE80-C0AC-4DF5-85A1-C7433072E051}
	EndProjectSection
EndProject
Project("{8BC9CEB8-8B4A-11D0-8D11-00A0C91BC942}") = "BulletCollision", "src\BulletCollision\BulletCollision.vcxproj", "{73038C59-6B91-4F89-9D2C-97B929B33E88}"
	ProjectSection(ProjectDependencies) = postProject
		{37F2EE80-C0AC-4DF5-85A1-C7433072E051} = {37F2EE80-C0AC-4DF5-85A1-C7433072E051}
	EndProjectSection
EndProject
Project("{8BC9CEB8-8B4A-11D0-8D11-00A0C91BC942}") = "BulletDynamics", "src\BulletDynamics\BulletDynamics.vcxproj", "{B09D383B-DFDE-465A-895F-EEEA8890ACC6}"
	ProjectSection(ProjectDependencies) = postProject
		{37F2EE80-C0AC-4DF5-85A1-C7433072E051} = {37F2EE80-C0AC-4DF5-85A1-C7433072E051}
	EndProjectSection
EndProject
Project("{8BC9CEB8-8B4A-11D0-8D11-00A0C91BC942}") = "BulletFileLoader", "Extras\Serialize\BulletFileLoader\BulletFileLoader.vcxproj", "{5AE578EB-8222-4BAC-9F51-67273D1E4AD9}"
	ProjectSection(ProjectDependencies) = postProject
		{37F2EE80-C0AC-4DF5-85A1-C7433072E051} = {37F2EE80-C0AC-4DF5-85A1-C7433072E051}
	EndProjectSection
EndProject
Project("{8BC9CEB8-8B4A-11D0-8D11-00A0C91BC942}") = "BulletMultiThreaded", "src\BulletMultiThreaded\BulletMultiThreaded.vcxproj", "{787F5137-4502-4520-AFBA-9FAB2210B1BB}"
	ProjectSection(ProjectDependencies) = postProject
		{37F2EE80-C0AC-4DF5-85A1-C7433072E051} = {37F2EE80-C0AC-4DF5-85A1-C7433072E051}
	EndProjectSection
EndProject
Project("{8BC9CEB8-8B4A-11D0-8D11-00A0C91BC942}") = "BulletSoftBody", "src\BulletSoftBody\BulletSoftBody.vcxproj", "{84CEE6F8-6F1C-472D-AE22-90AD15539A68}"
	ProjectSection(ProjectDependencies) = postProject
		{37F2EE80-C0AC-4DF5-85A1-C7433072E051} = {37F2EE80-C0AC-4DF5-85A1-C7433072E051}
	EndProjectSection
EndProject
Project("{8BC9CEB8-8B4A-11D0-8D11-00A0C91BC942}") = "BulletSoftBodySolvers_OpenCL_Mini", "src\BulletMultiThreaded\GpuSoftBodySolvers\OpenCL\MiniCL\BulletSoftBodySolvers_OpenCL_Mini.vcxproj", "{81AC1589-3DB3-4C3D-9867-96C3000EBFCC}"
	ProjectSection(ProjectDependencies) = postProject
		{37F2EE80-C0AC-4DF5-85A1-C7433072E051} = {37F2EE80-C0AC-4DF5-85A1-C7433072E051}
	EndProjectSection
EndProject
Project("{8BC9CEB8-8B4A-11D0-8D11-00A0C91BC942}") = "BulletWorldImporter", "Extras\Serialize\BulletWorldImporter\BulletWorldImporter.vcxproj", "{91BB3C39-A3D5-4912-951E-11BEB02562D1}"
	ProjectSection(ProjectDependencies) = postProject
		{37F2EE80-C0AC-4DF5-85A1-C7433072E051} = {37F2EE80-C0AC-4DF5-85A1-C7433072E051}
	EndProjectSection
EndProject
Project("{8BC9CEB8-8B4A-11D0-8D11-00A0C91BC942}") = "BulletXmlWorldImporter", "Extras\Serialize\BulletXmlWorldImporter\BulletXmlWorldImporter.vcxproj", "{FD074980-5341-423D-8D26-7A11C01343D3}"
	ProjectSection(ProjectDependencies) = postProject
		{37F2EE80-C0AC-4DF5-85A1-C7433072E051} = {37F2EE80-C0AC-4DF5-85A1-C7433072E051}
	EndProjectSection
EndProject
Project("{8BC9CEB8-8B4A-11D0-8D11-00A0C91BC942}") = "ConvexDecomposition", "Extras\ConvexDecomposition\ConvexDecomposition.vcxproj", "{375D63AF-600C-497D-BCA1-AC1BA93F046E}"
	ProjectSection(ProjectDependencies) = postProject
		{37F2EE80-C0AC-4DF5-85A1-C7433072E051} = {37F2EE80-C0AC-4DF5-85A1-C7433072E051}
	EndProjectSection
EndProject
Project("{8BC9CEB8-8B4A-11D0-8D11-00A0C91BC942}") = "GIMPACTUtils", "Extras\GIMPACTUtils\GIMPACTUtils.vcxproj", "{4CE645D4-2209-488B-A8A5-7CD462D12C21}"
	ProjectSection(ProjectDependencies) = postProject
		{37F2EE80-C0AC-4DF5-85A1-C7433072E051} = {37F2EE80-C0AC-4DF5-85A1-C7433072E051}
	EndProjectSection
EndProject
Project("{8BC9CEB8-8B4A-11D0-8D11-00A0C91BC942}") = "GLUI", "Extras\glui\GLUI.vcxproj", "{E2CA51E5-011D-4F46-8D68-79357ED59664}"
	ProjectSection(ProjectDependencies) = postProject
		{37F2EE80-C0AC-4DF5-85A1-C7433072E051} = {37F2EE80-C0AC-4DF5-85A1-C7433072E051}
	EndProjectSection
EndProject
Project("{8BC9CEB8-8B4A-11D0-8D11-00A0C91BC942}") = "HACD", "Extras\HACD\HACD.vcxproj", "{77AD56C8-3521-4484-83CB-B0D5BA3B88D2}"
	ProjectSection(ProjectDependencies) = postProject
		{37F2EE80-C0AC-4DF5-85A1-C7433072E051} = {37F2EE80-C0AC-4DF5-85A1-C7433072E051}
	EndProjectSection
EndProject
Project("{8BC9CEB8-8B4A-11D0-8D11-00A0C91BC942}") = "INSTALL", "INSTALL.vcxproj", "{5B4931D5-A350-4B91-9D6F-0D95595AEE40}"
	ProjectSection(ProjectDependencies) = postProject
		{8C97B116-FEF1-4209-B5EB-06D11D6D72D3} = {8C97B116-FEF1-4209-B5EB-06D11D6D72D3}
	EndProjectSection
EndProject
Project("{8BC9CEB8-8B4A-11D0-8D11-00A0C91BC942}") = "LinearMath", "src\LinearMath\LinearMath.vcxproj", "{8F2359E6-7B6C-4063-92A6-F7978FC6F93B}"
	ProjectSection(ProjectDependencies) = postProject
		{37F2EE80-C0AC-4DF5-85A1-C7433072E051} = {37F2EE80-C0AC-4DF5-85A1-C7433072E051}
	EndProjectSection
EndProject
Project("{8BC9CEB8-8B4A-11D0-8D11-00A0C91BC942}") = "MiniCL", "src\MiniCL\MiniCL.vcxproj", "{5233B74A-1C55-43F6-8184-82C3599BC6D9}"
	ProjectSection(ProjectDependencies) = postProject
		{37F2EE80-C0AC-4DF5-85A1-C7433072E051} = {37F2EE80-C0AC-4DF5-85A1-C7433072E051}
	EndProjectSection
EndProject
Project("{8BC9CEB8-8B4A-11D0-8D11-00A0C91BC942}") = "ZERO_CHECK", "ZERO_CHECK.vcxproj", "{37F2EE80-C0AC-4DF5-85A1-C7433072E051}"
	ProjectSection(ProjectDependencies) = postProject
	EndProjectSection
EndProject
Global
	GlobalSection(SolutionConfigurationPlatforms) = preSolution
		Debug|Win32 = Debug|Win32
		Release|Win32 = Release|Win32
		MinSizeRel|Win32 = MinSizeRel|Win32
		RelWithDebInfo|Win32 = RelWithDebInfo|Win32
	EndGlobalSection
	GlobalSection(ProjectConfigurationPlatforms) = postSolution
		{8C97B116-FEF1-4209-B5EB-06D11D6D72D3}.Debug|Win32.ActiveCfg = Debug|Win32
		{8C97B116-FEF1-4209-B5EB-06D11D6D72D3}.Debug|Win32.Build.0 = Debug|Win32
		{8C97B116-FEF1-4209-B5EB-06D11D6D72D3}.Release|Win32.ActiveCfg = Release|Win32
		{8C97B116-FEF1-4209-B5EB-06D11D6D72D3}.Release|Win32.Build.0 = Release|Win32
		{8C97B116-FEF1-4209-B5EB-06D11D6D72D3}.MinSizeRel|Win32.ActiveCfg = MinSizeRel|Win32
		{8C97B116-FEF1-4209-B5EB-06D11D6D72D3}.MinSizeRel|Win32.Build.0 = MinSizeRel|Win32
		{8C97B116-FEF1-4209-B5EB-06D11D6D72D3}.RelWithDebInfo|Win32.ActiveCfg = RelWithDebInfo|Win32
		{8C97B116-FEF1-4209-B5EB-06D11D6D72D3}.RelWithDebInfo|Win32.Build.0 = RelWithDebInfo|Win32
		{73038C59-6B91-4F89-9D2C-97B929B33E88}.Debug|Win32.ActiveCfg = Debug|Win32
		{73038C59-6B91-4F89-9D2C-97B929B33E88}.Debug|Win32.Build.0 = Debug|Win32
		{73038C59-6B91-4F89-9D2C-97B929B33E88}.Release|Win32.ActiveCfg = Release|Win32
		{73038C59-6B91-4F89-9D2C-97B929B33E88}.Release|Win32.Build.0 = Release|Win32
		{73038C59-6B91-4F89-9D2C-97B929B33E88}.MinSizeRel|Win32.ActiveCfg = MinSizeRel|Win32
		{73038C59-6B91-4F89-9D2C-97B929B33E88}.MinSizeRel|Win32.Build.0 = MinSizeRel|Win32
		{73038C59-6B91-4F89-9D2C-97B929B33E88}.RelWithDebInfo|Win32.ActiveCfg = RelWithDebInfo|Win32
		{73038C59-6B91-4F89-9D2C-97B929B33E88}.RelWithDebInfo|Win32.Build.0 = RelWithDebInfo|Win32
		{B09D383B-DFDE-465A-895F-EEEA8890ACC6}.Debug|Win32.ActiveCfg = Debug|Win32
		{B09D383B-DFDE-465A-895F-EEEA8890ACC6}.Debug|Win32.Build.0 = Debug|Win32
		{B09D383B-DFDE-465A-895F-EEEA8890ACC6}.Release|Win32.ActiveCfg = Release|Win32
		{B09D383B-DFDE-465A-895F-EEEA8890ACC6}.Release|Win32.Build.0 = Release|Win32
		{B09D383B-DFDE-465A-895F-EEEA8890ACC6}.MinSizeRel|Win32.ActiveCfg = MinSizeRel|Win32
		{B09D383B-DFDE-465A-895F-EEEA8890ACC6}.MinSizeRel|Win32.Build.0 = MinSizeRel|Win32
		{B09D383B-DFDE-465A-895F-EEEA8890ACC6}.RelWithDebInfo|Win32.ActiveCfg = RelWithDebInfo|Win32
		{B09D383B-DFDE-465A-895F-EEEA8890ACC6}.RelWithDebInfo|Win32.Build.0 = RelWithDebInfo|Win32
		{5AE578EB-8222-4BAC-9F51-67273D1E4AD9}.Debug|Win32.ActiveCfg = Debug|Win32
		{5AE578EB-8222-4BAC-9F51-67273D1E4AD9}.Debug|Win32.Build.0 = Debug|Win32
		{5AE578EB-8222-4BAC-9F51-67273D1E4AD9}.Release|Win32.ActiveCfg = Release|Win32
		{5AE578EB-8222-4BAC-9F51-67273D1E4AD9}.Release|Win32.Build.0 = Release|Win32
		{5AE578EB-8222-4BAC-9F51-67273D1E4AD9}.MinSizeRel|Win32.ActiveCfg = MinSizeRel|Win32
		{5AE578EB-8222-4BAC-9F51-67273D1E4AD9}.MinSizeRel|Win32.Build.0 = MinSizeRel|Win32
		{5AE578EB-8222-4BAC-9F51-67273D1E4AD9}.RelWithDebInfo|Win32.ActiveCfg = RelWithDebInfo|Win32
		{5AE578EB-8222-4BAC-9F51-67273D1E4AD9}.RelWithDebInfo|Win32.Build.0 = RelWithDebInfo|Win32
		{787F5137-4502-4520-AFBA-9FAB2210B1BB}.Debug|Win32.ActiveCfg = Debug|Win32
		{787F5137-4502-4520-AFBA-9FAB2210B1BB}.Debug|Win32.Build.0 = Debug|Win32
		{787F5137-4502-4520-AFBA-9FAB2210B1BB}.Release|Win32.ActiveCfg = Release|Win32
		{787F5137-4502-4520-AFBA-9FAB2210B1BB}.Release|Win32.Build.0 = Release|Win32
		{787F5137-4502-4520-AFBA-9FAB2210B1BB}.MinSizeRel|Win32.ActiveCfg = MinSizeRel|Win32
		{787F5137-4502-4520-AFBA-9FAB2210B1BB}.MinSizeRel|Win32.Build.0 = MinSizeRel|Win32
		{787F5137-4502-4520-AFBA-9FAB2210B1BB}.RelWithDebInfo|Win32.ActiveCfg = RelWithDebInfo|Win32
		{787F5137-4502-4520-AFBA-9FAB2210B1BB}.RelWithDebInfo|Win32.Build.0 = RelWithDebInfo|Win32
		{84CEE6F8-6F1C-472D-AE22-90AD15539A68}.Debug|Win32.ActiveCfg = Debug|Win32
		{84CEE6F8-6F1C-472D-AE22-90AD15539A68}.Debug|Win32.Build.0 = Debug|Win32
		{84CEE6F8-6F1C-472D-AE22-90AD15539A68}.Release|Win32.ActiveCfg = Release|Win32
		{84CEE6F8-6F1C-472D-AE22-90AD15539A68}.Release|Win32.Build.0 = Release|Win32
		{84CEE6F8-6F1C-472D-AE22-90AD15539A68}.MinSizeRel|Win32.ActiveCfg = MinSizeRel|Win32
		{84CEE6F8-6F1C-472D-AE22-90AD15539A68}.MinSizeRel|Win32.Build.0 = MinSizeRel|Win32
		{84CEE6F8-6F1C-472D-AE22-90AD15539A68}.RelWithDebInfo|Win32.ActiveCfg = RelWithDebInfo|Win32
		{84CEE6F8-6F1C-472D-AE22-90AD15539A68}.RelWithDebInfo|Win32.Build.0 = RelWithDebInfo|Win32
		{81AC1589-3DB3-4C3D-9867-96C3000EBFCC}.Debug|Win32.ActiveCfg = Debug|Win32
		{81AC1589-3DB3-4C3D-9867-96C3000EBFCC}.Debug|Win32.Build.0 = Debug|Win32
		{81AC1589-3DB3-4C3D-9867-96C3000EBFCC}.Release|Win32.ActiveCfg = Release|Win32
		{81AC1589-3DB3-4C3D-9867-96C3000EBFCC}.Release|Win32.Build.0 = Release|Win32
		{81AC1589-3DB3-4C3D-9867-96C3000EBFCC}.MinSizeRel|Win32.ActiveCfg = MinSizeRel|Win32
		{81AC1589-3DB3-4C3D-9867-96C3000EBFCC}.MinSizeRel|Win32.Build.0 = MinSizeRel|Win32
		{81AC1589-3DB3-4C3D-9867-96C3000EBFCC}.RelWithDebInfo|Win32.ActiveCfg = RelWithDebInfo|Win32
		{81AC1589-3DB3-4C3D-9867-96C3000EBFCC}.RelWithDebInfo|Win32.Build.0 = RelWithDebInfo|Win32
		{91BB3C39-A3D5-4912-951E-11BEB02562D1}.Debug|Win32.ActiveCfg = Debug|Win32
		{91BB3C39-A3D5-4912-951E-11BEB02562D1}.Debug|Win32.Build.0 = Debug|Win32
		{91BB3C39-A3D5-4912-951E-11BEB02562D1}.Release|Win32.ActiveCfg = Release|Win32
		{91BB3C39-A3D5-4912-951E-11BEB02562D1}.Release|Win32.Build.0 = Release|Win32
		{91BB3C39-A3D5-4912-951E-11BEB02562D1}.MinSizeRel|Win32.ActiveCfg = MinSizeRel|Win32
		{91BB3C39-A3D5-4912-951E-11BEB02562D1}.MinSizeRel|Win32.Build.0 = MinSizeRel|Win32
		{91BB3C39-A3D5-4912-951E-11BEB02562D1}.RelWithDebInfo|Win32.ActiveCfg = RelWithDebInfo|Win32
		{91BB3C39-A3D5-4912-951E-11BEB02562D1}.RelWithDebInfo|Win32.Build.0 = RelWithDebInfo|Win32
		{FD074980-5341-423D-8D26-7A11C01343D3}.Debug|Win32.ActiveCfg = Debug|Win32
		{FD074980-5341-423D-8D26-7A11C01343D3}.Debug|Win32.Build.0 = Debug|Win32
		{FD074980-5341-423D-8D26-7A11C01343D3}.Release|Win32.ActiveCfg = Release|Win32
		{FD074980-5341-423D-8D26-7A11C01343D3}.Release|Win32.Build.0 = Release|Win32
		{FD074980-5341-423D-8D26-7A11C01343D3}.MinSizeRel|Win32.ActiveCfg = MinSizeRel|Win32
		{FD074980-5341-423D-8D26-7A11C01343D3}.MinSizeRel|Win32.Build.0 = MinSizeRel|Win32
		{FD074980-5341-423D-8D26-7A11C01343D3}.RelWithDebInfo|Win32.ActiveCfg = RelWithDebInfo|Win32
		{FD074980-5341-423D-8D26-7A11C01343D3}.RelWithDebInfo|Win32.Build.0 = RelWithDebInfo|Win32
		{375D63AF-600C-497D-BCA1-AC1BA93F046E}.Debug|Win32.ActiveCfg = Debug|Win32
		{375D63AF-600C-497D-BCA1-AC1BA93F046E}.Debug|Win32.Build.0 = Debug|Win32
		{375D63AF-600C-497D-BCA1-AC1BA93F046E}.Release|Win32.ActiveCfg = Release|Win32
		{375D63AF-600C-497D-BCA1-AC1BA93F046E}.Release|Win32.Build.0 = Release|Win32
		{375D63AF-600C-497D-BCA1-AC1BA93F046E}.MinSizeRel|Win32.ActiveCfg = MinSizeRel|Win32
		{375D63AF-600C-497D-BCA1-AC1BA93F046E}.MinSizeRel|Win32.Build.0 = MinSizeRel|Win32
		{375D63AF-600C-497D-BCA1-AC1BA93F046E}.RelWithDebInfo|Win32.ActiveCfg = RelWithDebInfo|Win32
		{375D63AF-600C-497D-BCA1-AC1BA93F046E}.RelWithDebInfo|Win32.Build.0 = RelWithDebInfo|Win32
		{4CE645D4-2209-488B-A8A5-7CD462D12C21}.Debug|Win32.ActiveCfg = Debug|Win32
		{4CE645D4-2209-488B-A8A5-7CD462D12C21}.Debug|Win32.Build.0 = Debug|Win32
		{4CE645D4-2209-488B-A8A5-7CD462D12C21}.Release|Win32.ActiveCfg = Release|Win32
		{4CE645D4-2209-488B-A8A5-7CD462D12C21}.Release|Win32.Build.0 = Release|Win32
		{4CE645D4-2209-488B-A8A5-7CD462D12C21}.MinSizeRel|Win32.ActiveCfg = MinSizeRel|Win32
		{4CE645D4-2209-488B-A8A5-7CD462D12C21}.MinSizeRel|Win32.Build.0 = MinSizeRel|Win32
		{4CE645D4-2209-488B-A8A5-7CD462D12C21}.RelWithDebInfo|Win32.ActiveCfg = RelWithDebInfo|Win32
		{4CE645D4-2209-488B-A8A5-7CD462D12C21}.RelWithDebInfo|Win32.Build.0 = RelWithDebInfo|Win32
		{E2CA51E5-011D-4F46-8D68-79357ED59664}.Debug|Win32.ActiveCfg = Debug|Win32
		{E2CA51E5-011D-4F46-8D68-79357ED59664}.Debug|Win32.Build.0 = Debug|Win32
		{E2CA51E5-011D-4F46-8D68-79357ED59664}.Release|Win32.ActiveCfg = Release|Win32
		{E2CA51E5-011D-4F46-8D68-79357ED59664}.Release|Win32.Build.0 = Release|Win32
		{E2CA51E5-011D-4F46-8D68-79357ED59664}.MinSizeRel|Win32.ActiveCfg = MinSizeRel|Win32
		{E2CA51E5-011D-4F46-8D68-79357ED59664}.MinSizeRel|Win32.Build.0 = MinSizeRel|Win32
		{E2CA51E5-011D-4F46-8D68-79357ED59664}.RelWithDebInfo|Win32.ActiveCfg = RelWithDebInfo|Win32
		{E2CA51E5-011D-4F46-8D68-79357ED59664}.RelWithDebInfo|Win32.Build.0 = RelWithDebInfo|Win32
		{77AD56C8-3521-4484-83CB-B0D5BA3B88D2}.Debug|Win32.ActiveCfg = Debug|Win32
		{77AD56C8-3521-4484-83CB-B0D5BA3B88D2}.Debug|Win32.Build.0 = Debug|Win32
		{77AD56C8-3521-4484-83CB-B0D5BA3B88D2}.Release|Win32.ActiveCfg = Release|Win32
		{77AD56C8-3521-4484-83CB-B0D5BA3B88D2}.Release|Win32.Build.0 = Release|Win32
		{77AD56C8-3521-4484-83CB-B0D5BA3B88D2}.MinSizeRel|Win32.ActiveCfg = MinSizeRel|Win32
		{77AD56C8-3521-4484-83CB-B0D5BA3B88D2}.MinSizeRel|Win32.Build.0 = MinSizeRel|Win32
		{77AD56C8-3521-4484-83CB-B0D5BA3B88D2}.RelWithDebInfo|Win32.ActiveCfg = RelWithDebInfo|Win32
		{77AD56C8-3521-4484-83CB-B0D5BA3B88D2}.RelWithDebInfo|Win32.Build.0 = RelWithDebInfo|Win32
		{5B4931D5-A350-4B91-9D6F-0D95595AEE40}.Debug|Win32.ActiveCfg = Debug|Win32
		{5B4931D5-A350-4B91-9D6F-0D95595AEE40}.Release|Win32.ActiveCfg = Release|Win32
		{5B4931D5-A350-4B91-9D6F-0D95595AEE40}.MinSizeRel|Win32.ActiveCfg = MinSizeRel|Win32
		{5B4931D5-A350-4B91-9D6F-0D95595AEE40}.RelWithDebInfo|Win32.ActiveCfg = RelWithDebInfo|Win32
		{8F2359E6-7B6C-4063-92A6-F7978FC6F93B}.Debug|Win32.ActiveCfg = Debug|Win32
		{8F2359E6-7B6C-4063-92A6-F7978FC6F93B}.Debug|Win32.Build.0 = Debug|Win32
		{8F2359E6-7B6C-4063-92A6-F7978FC6F93B}.Release|Win32.ActiveCfg = Release|Win32
		{8F2359E6-7B6C-4063-92A6-F7978FC6F93B}.Release|Win32.Build.0 = Release|Win32
		{8F2359E6-7B6C-4063-92A6-F7978FC6F93B}.MinSizeRel|Win32.ActiveCfg = MinSizeRel|Win32
		{8F2359E6-7B6C-4063-92A6-F7978FC6F93B}.MinSizeRel|Win32.Build.0 = MinSizeRel|Win32
		{8F2359E6-7B6C-4063-92A6-F7978FC6F93B}.RelWithDebInfo|Win32.ActiveCfg = RelWithDebInfo|Win32
		{8F2359E6-7B6C-4063-92A6-F7978FC6F93B}.RelWithDebInfo|Win32.Build.0 = RelWithDebInfo|Win32
		{5233B74A-1C55-43F6-8184-82C3599BC6D9}.Debug|Win32.ActiveCfg = Debug|Win32
		{5233B74A-1C55-43F6-8184-82C3599BC6D9}.Debug|Win32.Build.0 = Debug|Win32
		{5233B74A-1C55-43F6-8184-82C3599BC6D9}.Release|Win32.ActiveCfg = Release|Win32
		{5233B74A-1C55-43F6-8184-82C3599BC6D9}.Release|Win32.Build.0 = Release|Win32
		{5233B74A-1C55-43F6-8184-82C3599BC6D9}.MinSizeRel|Win32.ActiveCfg = MinSizeRel|Win32
		{5233B74A-1C55-43F6-8184-82C3599BC6D9}.MinSizeRel|Win32.Build.0 = MinSizeRel|Win32
		{5233B74A-1C55-43F6-8184-82C3599BC6D9}.RelWithDebInfo|Win32.ActiveCfg = RelWithDebInfo|Win32
		{5233B74A-1C55-43F6-8184-82C3599BC6D9}.RelWithDebInfo|Win32.Build.0 = RelWithDebInfo|Win32
		{37F2EE80-C0AC-4DF5-85A1-C7433072E051}.Debug|Win32.ActiveCfg = Debug|Win32
		{37F2EE80-C0AC-4DF5-85A1-C7433072E051}.Debug|Win32.Build.0 = Debug|Win32
		{37F2EE80-C0AC-4DF5-85A1-C7433072E051}.Release|Win32.ActiveCfg = Release|Win32
		{37F2EE80-C0AC-4DF5-85A1-C7433072E051}.Release|Win32.Build.0 = Release|Win32
		{37F2EE80-C0AC-4DF5-85A1-C7433072E051}.MinSizeRel|Win32.ActiveCfg = MinSizeRel|Win32
		{37F2EE80-C0AC-4DF5-85A1-C7433072E051}.MinSizeRel|Win32.Build.0 = MinSizeRel|Win32
		{37F2EE80-C0AC-4DF5-85A1-C7433072E051}.RelWithDebInfo|Win32.ActiveCfg = RelWithDebInfo|Win32
		{37F2EE80-C0AC-4DF5-85A1-C7433072E051}.RelWithDebInfo|Win32.Build.0 = RelWithDebInfo|Win32
	EndGlobalSection
	GlobalSection(ExtensibilityGlobals) = postSolution
	EndGlobalSection
	GlobalSection(ExtensibilityAddIns) = postSolution
	EndGlobalSection
EndGlobal
