Microsoft Visual Studio Solution File, Format Version 12.00
# Visual Studio 2013
Project("{8BC9CEB8-8B4A-11D0-8D11-00A0C91BC942}") = "ALL_BUILD", "ALL_BUILD.vcxproj", "{31679303-8036-46CC-AB6C-3E8A880151E1}"
	ProjectSection(ProjectDependencies) = postProject
		{0AF596B3-CD77-4EF4-A4E1-B1AAD205B403} = {0AF596B3-CD77-4EF4-A4E1-B1AAD205B403}
		{83139273-0436-4A43-A2E6-3E6E3B36E379} = {83139273-0436-4A43-A2E6-3E6E3B36E379}
		{4B51C5C9-B892-4C73-AF4C-E2C4B4DA41FD} = {4B51C5C9-B892-4C73-AF4C-E2C4B4DA41FD}
		{E2E6A866-4933-46E3-887B-46824CA83BF7} = {E2E6A866-4933-46E3-887B-46824CA83BF7}
		{612A36EC-2E64-43DC-814D-4C4E9031550D} = {612A36EC-2E64-43DC-814D-4C4E9031550D}
		{7A5A45B2-EF2C-47CF-B1B9-1C48A47DD0A0} = {7A5A45B2-EF2C-47CF-B1B9-1C48A47DD0A0}
		{8C8995F4-A447-40ED-92BA-F0390C2E7717} = {8C8995F4-A447-40ED-92BA-F0390C2E7717}
		{DD0F9AE7-7E49-4552-ADF4-19EB912F868B} = {DD0F9AE7-7E49-4552-ADF4-19EB912F868B}
		{C746A681-7620-4F51-AB41-4017FB898FB8} = {C746A681-7620-4F51-AB41-4017FB898FB8}
		{E936D39F-0614-4DBD-B920-BBBC5D3325EB} = {E936D39F-0614-4DBD-B920-BBBC5D3325EB}
		{58E2A01B-7FAE-4A00-A110-BDFED4AB902E} = {58E2A01B-7FAE-4A00-A110-BDFED4AB902E}
		{86C78A50-477B-40DE-9696-928A85263479} = {86C78A50-477B-40DE-9696-928A85263479}
		{B11BBD24-CFA5-4A00-BF89-16CE8062CA34} = {B11BBD24-CFA5-4A00-BF89-16CE8062CA34}
		{969BD9E8-F61A-4F24-AF19-AC9EBD773A51} = {969BD9E8-F61A-4F24-AF19-AC9EBD773A51}
		{0C3CD130-5A82-47A8-870D-C502647A60A9} = {0C3CD130-5A82-47A8-870D-C502647A60A9}
	EndProjectSection
EndProject
Project("{8BC9CEB8-8B4A-11D0-8D11-00A0C91BC942}") = "BulletCollision", "src\BulletCollision\BulletCollision.vcxproj", "{0AF596B3-CD77-4EF4-A4E1-B1AAD205B403}"
	ProjectSection(ProjectDependencies) = postProject
		{0C3CD130-5A82-47A8-870D-C502647A60A9} = {0C3CD130-5A82-47A8-870D-C502647A60A9}
	EndProjectSection
EndProject
Project("{8BC9CEB8-8B4A-11D0-8D11-00A0C91BC942}") = "BulletDynamics", "src\BulletDynamics\BulletDynamics.vcxproj", "{83139273-0436-4A43-A2E6-3E6E3B36E379}"
	ProjectSection(ProjectDependencies) = postProject
		{0C3CD130-5A82-47A8-870D-C502647A60A9} = {0C3CD130-5A82-47A8-870D-C502647A60A9}
	EndProjectSection
EndProject
Project("{8BC9CEB8-8B4A-11D0-8D11-00A0C91BC942}") = "BulletFileLoader", "Extras\Serialize\BulletFileLoader\BulletFileLoader.vcxproj", "{4B51C5C9-B892-4C73-AF4C-E2C4B4DA41FD}"
	ProjectSection(ProjectDependencies) = postProject
		{0C3CD130-5A82-47A8-870D-C502647A60A9} = {0C3CD130-5A82-47A8-870D-C502647A60A9}
	EndProjectSection
EndProject
Project("{8BC9CEB8-8B4A-11D0-8D11-00A0C91BC942}") = "BulletMultiThreaded", "src\BulletMultiThreaded\BulletMultiThreaded.vcxproj", "{E2E6A866-4933-46E3-887B-46824CA83BF7}"
	ProjectSection(ProjectDependencies) = postProject
		{0C3CD130-5A82-47A8-870D-C502647A60A9} = {0C3CD130-5A82-47A8-870D-C502647A60A9}
	EndProjectSection
EndProject
Project("{8BC9CEB8-8B4A-11D0-8D11-00A0C91BC942}") = "BulletSoftBody", "src\BulletSoftBody\BulletSoftBody.vcxproj", "{612A36EC-2E64-43DC-814D-4C4E9031550D}"
	ProjectSection(ProjectDependencies) = postProject
		{0C3CD130-5A82-47A8-870D-C502647A60A9} = {0C3CD130-5A82-47A8-870D-C502647A60A9}
	EndProjectSection
EndProject
Project("{8BC9CEB8-8B4A-11D0-8D11-00A0C91BC942}") = "BulletSoftBodySolvers_OpenCL_Mini", "src\BulletMultiThreaded\GpuSoftBodySolvers\OpenCL\MiniCL\BulletSoftBodySolvers_OpenCL_Mini.vcxproj", "{7A5A45B2-EF2C-47CF-B1B9-1C48A47DD0A0}"
	ProjectSection(ProjectDependencies) = postProject
		{0C3CD130-5A82-47A8-870D-C502647A60A9} = {0C3CD130-5A82-47A8-870D-C502647A60A9}
	EndProjectSection
EndProject
Project("{8BC9CEB8-8B4A-11D0-8D11-00A0C91BC942}") = "BulletWorldImporter", "Extras\Serialize\BulletWorldImporter\BulletWorldImporter.vcxproj", "{8C8995F4-A447-40ED-92BA-F0390C2E7717}"
	ProjectSection(ProjectDependencies) = postProject
		{0C3CD130-5A82-47A8-870D-C502647A60A9} = {0C3CD130-5A82-47A8-870D-C502647A60A9}
	EndProjectSection
EndProject
Project("{8BC9CEB8-8B4A-11D0-8D11-00A0C91BC942}") = "BulletXmlWorldImporter", "Extras\Serialize\BulletXmlWorldImporter\BulletXmlWorldImporter.vcxproj", "{DD0F9AE7-7E49-4552-ADF4-19EB912F868B}"
	ProjectSection(ProjectDependencies) = postProject
		{0C3CD130-5A82-47A8-870D-C502647A60A9} = {0C3CD130-5A82-47A8-870D-C502647A60A9}
	EndProjectSection
EndProject
Project("{8BC9CEB8-8B4A-11D0-8D11-00A0C91BC942}") = "ConvexDecomposition", "Extras\ConvexDecomposition\ConvexDecomposition.vcxproj", "{C746A681-7620-4F51-AB41-4017FB898FB8}"
	ProjectSection(ProjectDependencies) = postProject
		{0C3CD130-5A82-47A8-870D-C502647A60A9} = {0C3CD130-5A82-47A8-870D-C502647A60A9}
	EndProjectSection
EndProject
Project("{8BC9CEB8-8B4A-11D0-8D11-00A0C91BC942}") = "GIMPACTUtils", "Extras\GIMPACTUtils\GIMPACTUtils.vcxproj", "{E936D39F-0614-4DBD-B920-BBBC5D3325EB}"
	ProjectSection(ProjectDependencies) = postProject
		{0C3CD130-5A82-47A8-870D-C502647A60A9} = {0C3CD130-5A82-47A8-870D-C502647A60A9}
	EndProjectSection
EndProject
Project("{8BC9CEB8-8B4A-11D0-8D11-00A0C91BC942}") = "GLUI", "Extras\glui\GLUI.vcxproj", "{58E2A01B-7FAE-4A00-A110-BDFED4AB902E}"
	ProjectSection(ProjectDependencies) = postProject
		{0C3CD130-5A82-47A8-870D-C502647A60A9} = {0C3CD130-5A82-47A8-870D-C502647A60A9}
	EndProjectSection
EndProject
Project("{8BC9CEB8-8B4A-11D0-8D11-00A0C91BC942}") = "HACD", "Extras\HACD\HACD.vcxproj", "{86C78A50-477B-40DE-9696-928A85263479}"
	ProjectSection(ProjectDependencies) = postProject
		{0C3CD130-5A82-47A8-870D-C502647A60A9} = {0C3CD130-5A82-47A8-870D-C502647A60A9}
	EndProjectSection
EndProject
Project("{8BC9CEB8-8B4A-11D0-8D11-00A0C91BC942}") = "INSTALL", "INSTALL.vcxproj", "{1C8E0E00-1F44-4D9E-A4B0-42F5EA685E5B}"
	ProjectSection(ProjectDependencies) = postProject
		{31679303-8036-46CC-AB6C-3E8A880151E1} = {31679303-8036-46CC-AB6C-3E8A880151E1}
	EndProjectSection
EndProject
Project("{8BC9CEB8-8B4A-11D0-8D11-00A0C91BC942}") = "LinearMath", "src\LinearMath\LinearMath.vcxproj", "{B11BBD24-CFA5-4A00-BF89-16CE8062CA34}"
	ProjectSection(ProjectDependencies) = postProject
		{0C3CD130-5A82-47A8-870D-C502647A60A9} = {0C3CD130-5A82-47A8-870D-C502647A60A9}
	EndProjectSection
EndProject
Project("{8BC9CEB8-8B4A-11D0-8D11-00A0C91BC942}") = "MiniCL", "src\MiniCL\MiniCL.vcxproj", "{969BD9E8-F61A-4F24-AF19-AC9EBD773A51}"
	ProjectSection(ProjectDependencies) = postProject
		{0C3CD130-5A82-47A8-870D-C502647A60A9} = {0C3CD130-5A82-47A8-870D-C502647A60A9}
	EndProjectSection
EndProject
Project("{8BC9CEB8-8B4A-11D0-8D11-00A0C91BC942}") = "ZERO_CHECK", "ZERO_CHECK.vcxproj", "{0C3CD130-5A82-47A8-870D-C502647A60A9}"
	ProjectSection(ProjectDependencies) = postProject
	EndProjectSection
EndProject
Global
	GlobalSection(SolutionConfigurationPlatforms) = preSolution
		Debug|Win32 = Debug|Win32
		Release|Win32 = Release|Win32
		MinSizeRel|Win32 = MinSizeRel|Win32
		RelWithDebInfo|Win32 = RelWithDebInfo|Win32
	EndGlobalSection
	GlobalSection(ProjectConfigurationPlatforms) = postSolution
		{31679303-8036-46CC-AB6C-3E8A880151E1}.Debug|Win32.ActiveCfg = Debug|Win32
		{31679303-8036-46CC-AB6C-3E8A880151E1}.Debug|Win32.Build.0 = Debug|Win32
		{31679303-8036-46CC-AB6C-3E8A880151E1}.Release|Win32.ActiveCfg = Release|Win32
		{31679303-8036-46CC-AB6C-3E8A880151E1}.Release|Win32.Build.0 = Release|Win32
		{31679303-8036-46CC-AB6C-3E8A880151E1}.MinSizeRel|Win32.ActiveCfg = MinSizeRel|Win32
		{31679303-8036-46CC-AB6C-3E8A880151E1}.MinSizeRel|Win32.Build.0 = MinSizeRel|Win32
		{31679303-8036-46CC-AB6C-3E8A880151E1}.RelWithDebInfo|Win32.ActiveCfg = RelWithDebInfo|Win32
		{31679303-8036-46CC-AB6C-3E8A880151E1}.RelWithDebInfo|Win32.Build.0 = RelWithDebInfo|Win32
		{0AF596B3-CD77-4EF4-A4E1-B1AAD205B403}.Debug|Win32.ActiveCfg = Debug|Win32
		{0AF596B3-CD77-4EF4-A4E1-B1AAD205B403}.Debug|Win32.Build.0 = Debug|Win32
		{0AF596B3-CD77-4EF4-A4E1-B1AAD205B403}.Release|Win32.ActiveCfg = Release|Win32
		{0AF596B3-CD77-4EF4-A4E1-B1AAD205B403}.Release|Win32.Build.0 = Release|Win32
		{0AF596B3-CD77-4EF4-A4E1-B1AAD205B403}.MinSizeRel|Win32.ActiveCfg = MinSizeRel|Win32
		{0AF596B3-CD77-4EF4-A4E1-B1AAD205B403}.MinSizeRel|Win32.Build.0 = MinSizeRel|Win32
		{0AF596B3-CD77-4EF4-A4E1-B1AAD205B403}.RelWithDebInfo|Win32.ActiveCfg = RelWithDebInfo|Win32
		{0AF596B3-CD77-4EF4-A4E1-B1AAD205B403}.RelWithDebInfo|Win32.Build.0 = RelWithDebInfo|Win32
		{83139273-0436-4A43-A2E6-3E6E3B36E379}.Debug|Win32.ActiveCfg = Debug|Win32
		{83139273-0436-4A43-A2E6-3E6E3B36E379}.Debug|Win32.Build.0 = Debug|Win32
		{83139273-0436-4A43-A2E6-3E6E3B36E379}.Release|Win32.ActiveCfg = Release|Win32
		{83139273-0436-4A43-A2E6-3E6E3B36E379}.Release|Win32.Build.0 = Release|Win32
		{83139273-0436-4A43-A2E6-3E6E3B36E379}.MinSizeRel|Win32.ActiveCfg = MinSizeRel|Win32
		{83139273-0436-4A43-A2E6-3E6E3B36E379}.MinSizeRel|Win32.Build.0 = MinSizeRel|Win32
		{83139273-0436-4A43-A2E6-3E6E3B36E379}.RelWithDebInfo|Win32.ActiveCfg = RelWithDebInfo|Win32
		{83139273-0436-4A43-A2E6-3E6E3B36E379}.RelWithDebInfo|Win32.Build.0 = RelWithDebInfo|Win32
		{4B51C5C9-B892-4C73-AF4C-E2C4B4DA41FD}.Debug|Win32.ActiveCfg = Debug|Win32
		{4B51C5C9-B892-4C73-AF4C-E2C4B4DA41FD}.Debug|Win32.Build.0 = Debug|Win32
		{4B51C5C9-B892-4C73-AF4C-E2C4B4DA41FD}.Release|Win32.ActiveCfg = Release|Win32
		{4B51C5C9-B892-4C73-AF4C-E2C4B4DA41FD}.Release|Win32.Build.0 = Release|Win32
		{4B51C5C9-B892-4C73-AF4C-E2C4B4DA41FD}.MinSizeRel|Win32.ActiveCfg = MinSizeRel|Win32
		{4B51C5C9-B892-4C73-AF4C-E2C4B4DA41FD}.MinSizeRel|Win32.Build.0 = MinSizeRel|Win32
		{4B51C5C9-B892-4C73-AF4C-E2C4B4DA41FD}.RelWithDebInfo|Win32.ActiveCfg = RelWithDebInfo|Win32
		{4B51C5C9-B892-4C73-AF4C-E2C4B4DA41FD}.RelWithDebInfo|Win32.Build.0 = RelWithDebInfo|Win32
		{E2E6A866-4933-46E3-887B-46824CA83BF7}.Debug|Win32.ActiveCfg = Debug|Win32
		{E2E6A866-4933-46E3-887B-46824CA83BF7}.Debug|Win32.Build.0 = Debug|Win32
		{E2E6A866-4933-46E3-887B-46824CA83BF7}.Release|Win32.ActiveCfg = Release|Win32
		{E2E6A866-4933-46E3-887B-46824CA83BF7}.Release|Win32.Build.0 = Release|Win32
		{E2E6A866-4933-46E3-887B-46824CA83BF7}.MinSizeRel|Win32.ActiveCfg = MinSizeRel|Win32
		{E2E6A866-4933-46E3-887B-46824CA83BF7}.MinSizeRel|Win32.Build.0 = MinSizeRel|Win32
		{E2E6A866-4933-46E3-887B-46824CA83BF7}.RelWithDebInfo|Win32.ActiveCfg = RelWithDebInfo|Win32
		{E2E6A866-4933-46E3-887B-46824CA83BF7}.RelWithDebInfo|Win32.Build.0 = RelWithDebInfo|Win32
		{612A36EC-2E64-43DC-814D-4C4E9031550D}.Debug|Win32.ActiveCfg = Debug|Win32
		{612A36EC-2E64-43DC-814D-4C4E9031550D}.Debug|Win32.Build.0 = Debug|Win32
		{612A36EC-2E64-43DC-814D-4C4E9031550D}.Release|Win32.ActiveCfg = Release|Win32
		{612A36EC-2E64-43DC-814D-4C4E9031550D}.Release|Win32.Build.0 = Release|Win32
		{612A36EC-2E64-43DC-814D-4C4E9031550D}.MinSizeRel|Win32.ActiveCfg = MinSizeRel|Win32
		{612A36EC-2E64-43DC-814D-4C4E9031550D}.MinSizeRel|Win32.Build.0 = MinSizeRel|Win32
		{612A36EC-2E64-43DC-814D-4C4E9031550D}.RelWithDebInfo|Win32.ActiveCfg = RelWithDebInfo|Win32
		{612A36EC-2E64-43DC-814D-4C4E9031550D}.RelWithDebInfo|Win32.Build.0 = RelWithDebInfo|Win32
		{7A5A45B2-EF2C-47CF-B1B9-1C48A47DD0A0}.Debug|Win32.ActiveCfg = Debug|Win32
		{7A5A45B2-EF2C-47CF-B1B9-1C48A47DD0A0}.Debug|Win32.Build.0 = Debug|Win32
		{7A5A45B2-EF2C-47CF-B1B9-1C48A47DD0A0}.Release|Win32.ActiveCfg = Release|Win32
		{7A5A45B2-EF2C-47CF-B1B9-1C48A47DD0A0}.Release|Win32.Build.0 = Release|Win32
		{7A5A45B2-EF2C-47CF-B1B9-1C48A47DD0A0}.MinSizeRel|Win32.ActiveCfg = MinSizeRel|Win32
		{7A5A45B2-EF2C-47CF-B1B9-1C48A47DD0A0}.MinSizeRel|Win32.Build.0 = MinSizeRel|Win32
		{7A5A45B2-EF2C-47CF-B1B9-1C48A47DD0A0}.RelWithDebInfo|Win32.ActiveCfg = RelWithDebInfo|Win32
		{7A5A45B2-EF2C-47CF-B1B9-1C48A47DD0A0}.RelWithDebInfo|Win32.Build.0 = RelWithDebInfo|Win32
		{8C8995F4-A447-40ED-92BA-F0390C2E7717}.Debug|Win32.ActiveCfg = Debug|Win32
		{8C8995F4-A447-40ED-92BA-F0390C2E7717}.Debug|Win32.Build.0 = Debug|Win32
		{8C8995F4-A447-40ED-92BA-F0390C2E7717}.Release|Win32.ActiveCfg = Release|Win32
		{8C8995F4-A447-40ED-92BA-F0390C2E7717}.Release|Win32.Build.0 = Release|Win32
		{8C8995F4-A447-40ED-92BA-F0390C2E7717}.MinSizeRel|Win32.ActiveCfg = MinSizeRel|Win32
		{8C8995F4-A447-40ED-92BA-F0390C2E7717}.MinSizeRel|Win32.Build.0 = MinSizeRel|Win32
		{8C8995F4-A447-40ED-92BA-F0390C2E7717}.RelWithDebInfo|Win32.ActiveCfg = RelWithDebInfo|Win32
		{8C8995F4-A447-40ED-92BA-F0390C2E7717}.RelWithDebInfo|Win32.Build.0 = RelWithDebInfo|Win32
		{DD0F9AE7-7E49-4552-ADF4-19EB912F868B}.Debug|Win32.ActiveCfg = Debug|Win32
		{DD0F9AE7-7E49-4552-ADF4-19EB912F868B}.Debug|Win32.Build.0 = Debug|Win32
		{DD0F9AE7-7E49-4552-ADF4-19EB912F868B}.Release|Win32.ActiveCfg = Release|Win32
		{DD0F9AE7-7E49-4552-ADF4-19EB912F868B}.Release|Win32.Build.0 = Release|Win32
		{DD0F9AE7-7E49-4552-ADF4-19EB912F868B}.MinSizeRel|Win32.ActiveCfg = MinSizeRel|Win32
		{DD0F9AE7-7E49-4552-ADF4-19EB912F868B}.MinSizeRel|Win32.Build.0 = MinSizeRel|Win32
		{DD0F9AE7-7E49-4552-ADF4-19EB912F868B}.RelWithDebInfo|Win32.ActiveCfg = RelWithDebInfo|Win32
		{DD0F9AE7-7E49-4552-ADF4-19EB912F868B}.RelWithDebInfo|Win32.Build.0 = RelWithDebInfo|Win32
		{C746A681-7620-4F51-AB41-4017FB898FB8}.Debug|Win32.ActiveCfg = Debug|Win32
		{C746A681-7620-4F51-AB41-4017FB898FB8}.Debug|Win32.Build.0 = Debug|Win32
		{C746A681-7620-4F51-AB41-4017FB898FB8}.Release|Win32.ActiveCfg = Release|Win32
		{C746A681-7620-4F51-AB41-4017FB898FB8}.Release|Win32.Build.0 = Release|Win32
		{C746A681-7620-4F51-AB41-4017FB898FB8}.MinSizeRel|Win32.ActiveCfg = MinSizeRel|Win32
		{C746A681-7620-4F51-AB41-4017FB898FB8}.MinSizeRel|Win32.Build.0 = MinSizeRel|Win32
		{C746A681-7620-4F51-AB41-4017FB898FB8}.RelWithDebInfo|Win32.ActiveCfg = RelWithDebInfo|Win32
		{C746A681-7620-4F51-AB41-4017FB898FB8}.RelWithDebInfo|Win32.Build.0 = RelWithDebInfo|Win32
		{E936D39F-0614-4DBD-B920-BBBC5D3325EB}.Debug|Win32.ActiveCfg = Debug|Win32
		{E936D39F-0614-4DBD-B920-BBBC5D3325EB}.Debug|Win32.Build.0 = Debug|Win32
		{E936D39F-0614-4DBD-B920-BBBC5D3325EB}.Release|Win32.ActiveCfg = Release|Win32
		{E936D39F-0614-4DBD-B920-BBBC5D3325EB}.Release|Win32.Build.0 = Release|Win32
		{E936D39F-0614-4DBD-B920-BBBC5D3325EB}.MinSizeRel|Win32.ActiveCfg = MinSizeRel|Win32
		{E936D39F-0614-4DBD-B920-BBBC5D3325EB}.MinSizeRel|Win32.Build.0 = MinSizeRel|Win32
		{E936D39F-0614-4DBD-B920-BBBC5D3325EB}.RelWithDebInfo|Win32.ActiveCfg = RelWithDebInfo|Win32
		{E936D39F-0614-4DBD-B920-BBBC5D3325EB}.RelWithDebInfo|Win32.Build.0 = RelWithDebInfo|Win32
		{58E2A01B-7FAE-4A00-A110-BDFED4AB902E}.Debug|Win32.ActiveCfg = Debug|Win32
		{58E2A01B-7FAE-4A00-A110-BDFED4AB902E}.Debug|Win32.Build.0 = Debug|Win32
		{58E2A01B-7FAE-4A00-A110-BDFED4AB902E}.Release|Win32.ActiveCfg = Release|Win32
		{58E2A01B-7FAE-4A00-A110-BDFED4AB902E}.Release|Win32.Build.0 = Release|Win32
		{58E2A01B-7FAE-4A00-A110-BDFED4AB902E}.MinSizeRel|Win32.ActiveCfg = MinSizeRel|Win32
		{58E2A01B-7FAE-4A00-A110-BDFED4AB902E}.MinSizeRel|Win32.Build.0 = MinSizeRel|Win32
		{58E2A01B-7FAE-4A00-A110-BDFED4AB902E}.RelWithDebInfo|Win32.ActiveCfg = RelWithDebInfo|Win32
		{58E2A01B-7FAE-4A00-A110-BDFED4AB902E}.RelWithDebInfo|Win32.Build.0 = RelWithDebInfo|Win32
		{86C78A50-477B-40DE-9696-928A85263479}.Debug|Win32.ActiveCfg = Debug|Win32
		{86C78A50-477B-40DE-9696-928A85263479}.Debug|Win32.Build.0 = Debug|Win32
		{86C78A50-477B-40DE-9696-928A85263479}.Release|Win32.ActiveCfg = Release|Win32
		{86C78A50-477B-40DE-9696-928A85263479}.Release|Win32.Build.0 = Release|Win32
		{86C78A50-477B-40DE-9696-928A85263479}.MinSizeRel|Win32.ActiveCfg = MinSizeRel|Win32
		{86C78A50-477B-40DE-9696-928A85263479}.MinSizeRel|Win32.Build.0 = MinSizeRel|Win32
		{86C78A50-477B-40DE-9696-928A85263479}.RelWithDebInfo|Win32.ActiveCfg = RelWithDebInfo|Win32
		{86C78A50-477B-40DE-9696-928A85263479}.RelWithDebInfo|Win32.Build.0 = RelWithDebInfo|Win32
		{1C8E0E00-1F44-4D9E-A4B0-42F5EA685E5B}.Debug|Win32.ActiveCfg = Debug|Win32
		{1C8E0E00-1F44-4D9E-A4B0-42F5EA685E5B}.Release|Win32.ActiveCfg = Release|Win32
		{1C8E0E00-1F44-4D9E-A4B0-42F5EA685E5B}.MinSizeRel|Win32.ActiveCfg = MinSizeRel|Win32
		{1C8E0E00-1F44-4D9E-A4B0-42F5EA685E5B}.RelWithDebInfo|Win32.ActiveCfg = RelWithDebInfo|Win32
		{B11BBD24-CFA5-4A00-BF89-16CE8062CA34}.Debug|Win32.ActiveCfg = Debug|Win32
		{B11BBD24-CFA5-4A00-BF89-16CE8062CA34}.Debug|Win32.Build.0 = Debug|Win32
		{B11BBD24-CFA5-4A00-BF89-16CE8062CA34}.Release|Win32.ActiveCfg = Release|Win32
		{B11BBD24-CFA5-4A00-BF89-16CE8062CA34}.Release|Win32.Build.0 = Release|Win32
		{B11BBD24-CFA5-4A00-BF89-16CE8062CA34}.MinSizeRel|Win32.ActiveCfg = MinSizeRel|Win32
		{B11BBD24-CFA5-4A00-BF89-16CE8062CA34}.MinSizeRel|Win32.Build.0 = MinSizeRel|Win32
		{B11BBD24-CFA5-4A00-BF89-16CE8062CA34}.RelWithDebInfo|Win32.ActiveCfg = RelWithDebInfo|Win32
		{B11BBD24-CFA5-4A00-BF89-16CE8062CA34}.RelWithDebInfo|Win32.Build.0 = RelWithDebInfo|Win32
		{969BD9E8-F61A-4F24-AF19-AC9EBD773A51}.Debug|Win32.ActiveCfg = Debug|Win32
		{969BD9E8-F61A-4F24-AF19-AC9EBD773A51}.Debug|Win32.Build.0 = Debug|Win32
		{969BD9E8-F61A-4F24-AF19-AC9EBD773A51}.Release|Win32.ActiveCfg = Release|Win32
		{969BD9E8-F61A-4F24-AF19-AC9EBD773A51}.Release|Win32.Build.0 = Release|Win32
		{969BD9E8-F61A-4F24-AF19-AC9EBD773A51}.MinSizeRel|Win32.ActiveCfg = MinSizeRel|Win32
		{969BD9E8-F61A-4F24-AF19-AC9EBD773A51}.MinSizeRel|Win32.Build.0 = MinSizeRel|Win32
		{969BD9E8-F61A-4F24-AF19-AC9EBD773A51}.RelWithDebInfo|Win32.ActiveCfg = RelWithDebInfo|Win32
		{969BD9E8-F61A-4F24-AF19-AC9EBD773A51}.RelWithDebInfo|Win32.Build.0 = RelWithDebInfo|Win32
		{0C3CD130-5A82-47A8-870D-C502647A60A9}.Debug|Win32.ActiveCfg = Debug|Win32
		{0C3CD130-5A82-47A8-870D-C502647A60A9}.Debug|Win32.Build.0 = Debug|Win32
		{0C3CD130-5A82-47A8-870D-C502647A60A9}.Release|Win32.ActiveCfg = Release|Win32
		{0C3CD130-5A82-47A8-870D-C502647A60A9}.Release|Win32.Build.0 = Release|Win32
		{0C3CD130-5A82-47A8-870D-C502647A60A9}.MinSizeRel|Win32.ActiveCfg = MinSizeRel|Win32
		{0C3CD130-5A82-47A8-870D-C502647A60A9}.MinSizeRel|Win32.Build.0 = MinSizeRel|Win32
		{0C3CD130-5A82-47A8-870D-C502647A60A9}.RelWithDebInfo|Win32.ActiveCfg = RelWithDebInfo|Win32
		{0C3CD130-5A82-47A8-870D-C502647A60A9}.RelWithDebInfo|Win32.Build.0 = RelWithDebInfo|Win32
	EndGlobalSection
	GlobalSection(ExtensibilityGlobals) = postSolution
	EndGlobalSection
	GlobalSection(ExtensibilityAddIns) = postSolution
	EndGlobalSection
EndGlobal
