Microsoft Visual Studio Solution File, Format Version 12.00
# Visual Studio 2013
Project("{8BC9CEB8-8B4A-11D0-8D11-00A0C91BC942}") = "ALL_BUILD", "ALL_BUILD.vcxproj", "{B6116CA3-B14F-4E0B-89A4-472A9E5AD9F6}"
	ProjectSection(ProjectDependencies) = postProject
		{993C0B37-D046-414C-8FF4-3BF4A973CC72} = {993C0B37-D046-414C-8FF4-3BF4A973CC72}
		{5A5AFF74-987F-419F-A8FF-AD25D2FADC35} = {5A5AFF74-987F-419F-A8FF-AD25D2FADC35}
		{2ABEC539-D2F2-4946-BE8C-F0F9CB3429A0} = {2ABEC539-D2F2-4946-BE8C-F0F9CB3429A0}
		{A46D8C24-BFF8-4CF2-BF80-79B753098AF2} = {A46D8C24-BFF8-4CF2-BF80-79B753098AF2}
		{49FDC3B7-A4C1-4499-B7C1-3C5103C1992F} = {49FDC3B7-A4C1-4499-B7C1-3C5103C1992F}
		{E751E11F-09B4-41B6-859B-BF33BDC100A4} = {E751E11F-09B4-41B6-859B-BF33BDC100A4}
		{B7C299C0-8367-425A-A9F0-66008D532F47} = {B7C299C0-8367-425A-A9F0-66008D532F47}
		{3A833BD7-6B6B-4E93-9A94-2DA50411FC70} = {3A833BD7-6B6B-4E93-9A94-2DA50411FC70}
		{7132B1AA-D3BC-453F-984B-6758A8A7F5B6} = {7132B1AA-D3BC-453F-984B-6758A8A7F5B6}
		{9CA327B9-5D35-4D48-81DA-C65787598CBA} = {9CA327B9-5D35-4D48-81DA-C65787598CBA}
		{BFF6341A-E5B3-417C-9885-CDF530FD5189} = {BFF6341A-E5B3-417C-9885-CDF530FD5189}
		{0E47B772-2BC7-4425-A14C-92580039849B} = {0E47B772-2BC7-4425-A14C-92580039849B}
		{D2D132CC-0C68-47D1-932A-73AC26BEEB80} = {D2D132CC-0C68-47D1-932A-73AC26BEEB80}
		{4D3C885E-D4B8-47EC-8845-2C00D2F5223B} = {4D3C885E-D4B8-47EC-8845-2C00D2F5223B}
		{4B3C8B1B-9443-4A12-B831-3B13548CD1B4} = {4B3C8B1B-9443-4A12-B831-3B13548CD1B4}
	EndProjectSection
EndProject
Project("{8BC9CEB8-8B4A-11D0-8D11-00A0C91BC942}") = "BulletCollision", "src\BulletCollision\BulletCollision.vcxproj", "{993C0B37-D046-414C-8FF4-3BF4A973CC72}"
	ProjectSection(ProjectDependencies) = postProject
		{4B3C8B1B-9443-4A12-B831-3B13548CD1B4} = {4B3C8B1B-9443-4A12-B831-3B13548CD1B4}
	EndProjectSection
EndProject
Project("{8BC9CEB8-8B4A-11D0-8D11-00A0C91BC942}") = "BulletDynamics", "src\BulletDynamics\BulletDynamics.vcxproj", "{5A5AFF74-987F-419F-A8FF-AD25D2FADC35}"
	ProjectSection(ProjectDependencies) = postProject
		{4B3C8B1B-9443-4A12-B831-3B13548CD1B4} = {4B3C8B1B-9443-4A12-B831-3B13548CD1B4}
	EndProjectSection
EndProject
Project("{8BC9CEB8-8B4A-11D0-8D11-00A0C91BC942}") = "BulletFileLoader", "Extras\Serialize\BulletFileLoader\BulletFileLoader.vcxproj", "{2ABEC539-D2F2-4946-BE8C-F0F9CB3429A0}"
	ProjectSection(ProjectDependencies) = postProject
		{4B3C8B1B-9443-4A12-B831-3B13548CD1B4} = {4B3C8B1B-9443-4A12-B831-3B13548CD1B4}
	EndProjectSection
EndProject
Project("{8BC9CEB8-8B4A-11D0-8D11-00A0C91BC942}") = "BulletMultiThreaded", "src\BulletMultiThreaded\BulletMultiThreaded.vcxproj", "{A46D8C24-BFF8-4CF2-BF80-79B753098AF2}"
	ProjectSection(ProjectDependencies) = postProject
		{4B3C8B1B-9443-4A12-B831-3B13548CD1B4} = {4B3C8B1B-9443-4A12-B831-3B13548CD1B4}
	EndProjectSection
EndProject
Project("{8BC9CEB8-8B4A-11D0-8D11-00A0C91BC942}") = "BulletSoftBody", "src\BulletSoftBody\BulletSoftBody.vcxproj", "{49FDC3B7-A4C1-4499-B7C1-3C5103C1992F}"
	ProjectSection(ProjectDependencies) = postProject
		{4B3C8B1B-9443-4A12-B831-3B13548CD1B4} = {4B3C8B1B-9443-4A12-B831-3B13548CD1B4}
	EndProjectSection
EndProject
Project("{8BC9CEB8-8B4A-11D0-8D11-00A0C91BC942}") = "BulletSoftBodySolvers_OpenCL_Mini", "src\BulletMultiThreaded\GpuSoftBodySolvers\OpenCL\MiniCL\BulletSoftBodySolvers_OpenCL_Mini.vcxproj", "{E751E11F-09B4-41B6-859B-BF33BDC100A4}"
	ProjectSection(ProjectDependencies) = postProject
		{4B3C8B1B-9443-4A12-B831-3B13548CD1B4} = {4B3C8B1B-9443-4A12-B831-3B13548CD1B4}
	EndProjectSection
EndProject
Project("{8BC9CEB8-8B4A-11D0-8D11-00A0C91BC942}") = "BulletWorldImporter", "Extras\Serialize\BulletWorldImporter\BulletWorldImporter.vcxproj", "{B7C299C0-8367-425A-A9F0-66008D532F47}"
	ProjectSection(ProjectDependencies) = postProject
		{4B3C8B1B-9443-4A12-B831-3B13548CD1B4} = {4B3C8B1B-9443-4A12-B831-3B13548CD1B4}
	EndProjectSection
EndProject
Project("{8BC9CEB8-8B4A-11D0-8D11-00A0C91BC942}") = "BulletXmlWorldImporter", "Extras\Serialize\BulletXmlWorldImporter\BulletXmlWorldImporter.vcxproj", "{3A833BD7-6B6B-4E93-9A94-2DA50411FC70}"
	ProjectSection(ProjectDependencies) = postProject
		{4B3C8B1B-9443-4A12-B831-3B13548CD1B4} = {4B3C8B1B-9443-4A12-B831-3B13548CD1B4}
	EndProjectSection
EndProject
Project("{8BC9CEB8-8B4A-11D0-8D11-00A0C91BC942}") = "ConvexDecomposition", "Extras\ConvexDecomposition\ConvexDecomposition.vcxproj", "{7132B1AA-D3BC-453F-984B-6758A8A7F5B6}"
	ProjectSection(ProjectDependencies) = postProject
		{4B3C8B1B-9443-4A12-B831-3B13548CD1B4} = {4B3C8B1B-9443-4A12-B831-3B13548CD1B4}
	EndProjectSection
EndProject
Project("{8BC9CEB8-8B4A-11D0-8D11-00A0C91BC942}") = "GIMPACTUtils", "Extras\GIMPACTUtils\GIMPACTUtils.vcxproj", "{9CA327B9-5D35-4D48-81DA-C65787598CBA}"
	ProjectSection(ProjectDependencies) = postProject
		{4B3C8B1B-9443-4A12-B831-3B13548CD1B4} = {4B3C8B1B-9443-4A12-B831-3B13548CD1B4}
	EndProjectSection
EndProject
Project("{8BC9CEB8-8B4A-11D0-8D11-00A0C91BC942}") = "GLUI", "Extras\glui\GLUI.vcxproj", "{BFF6341A-E5B3-417C-9885-CDF530FD5189}"
	ProjectSection(ProjectDependencies) = postProject
		{4B3C8B1B-9443-4A12-B831-3B13548CD1B4} = {4B3C8B1B-9443-4A12-B831-3B13548CD1B4}
	EndProjectSection
EndProject
Project("{8BC9CEB8-8B4A-11D0-8D11-00A0C91BC942}") = "HACD", "Extras\HACD\HACD.vcxproj", "{0E47B772-2BC7-4425-A14C-92580039849B}"
	ProjectSection(ProjectDependencies) = postProject
		{4B3C8B1B-9443-4A12-B831-3B13548CD1B4} = {4B3C8B1B-9443-4A12-B831-3B13548CD1B4}
	EndProjectSection
EndProject
Project("{8BC9CEB8-8B4A-11D0-8D11-00A0C91BC942}") = "INSTALL", "INSTALL.vcxproj", "{85A9A0E8-B41F-4947-84C3-F68311E7353F}"
	ProjectSection(ProjectDependencies) = postProject
		{B6116CA3-B14F-4E0B-89A4-472A9E5AD9F6} = {B6116CA3-B14F-4E0B-89A4-472A9E5AD9F6}
	EndProjectSection
EndProject
Project("{8BC9CEB8-8B4A-11D0-8D11-00A0C91BC942}") = "LinearMath", "src\LinearMath\LinearMath.vcxproj", "{D2D132CC-0C68-47D1-932A-73AC26BEEB80}"
	ProjectSection(ProjectDependencies) = postProject
		{4B3C8B1B-9443-4A12-B831-3B13548CD1B4} = {4B3C8B1B-9443-4A12-B831-3B13548CD1B4}
	EndProjectSection
EndProject
Project("{8BC9CEB8-8B4A-11D0-8D11-00A0C91BC942}") = "MiniCL", "src\MiniCL\MiniCL.vcxproj", "{4D3C885E-D4B8-47EC-8845-2C00D2F5223B}"
	ProjectSection(ProjectDependencies) = postProject
		{4B3C8B1B-9443-4A12-B831-3B13548CD1B4} = {4B3C8B1B-9443-4A12-B831-3B13548CD1B4}
	EndProjectSection
EndProject
Project("{8BC9CEB8-8B4A-11D0-8D11-00A0C91BC942}") = "ZERO_CHECK", "ZERO_CHECK.vcxproj", "{4B3C8B1B-9443-4A12-B831-3B13548CD1B4}"
	ProjectSection(ProjectDependencies) = postProject
	EndProjectSection
EndProject
Global
	GlobalSection(SolutionConfigurationPlatforms) = preSolution
		Debug|Win32 = Debug|Win32
		Release|Win32 = Release|Win32
		MinSizeRel|Win32 = MinSizeRel|Win32
		RelWithDebInfo|Win32 = RelWithDebInfo|Win32
	EndGlobalSection
	GlobalSection(ProjectConfigurationPlatforms) = postSolution
		{B6116CA3-B14F-4E0B-89A4-472A9E5AD9F6}.Debug|Win32.ActiveCfg = Debug|Win32
		{B6116CA3-B14F-4E0B-89A4-472A9E5AD9F6}.Debug|Win32.Build.0 = Debug|Win32
		{B6116CA3-B14F-4E0B-89A4-472A9E5AD9F6}.Release|Win32.ActiveCfg = Release|Win32
		{B6116CA3-B14F-4E0B-89A4-472A9E5AD9F6}.Release|Win32.Build.0 = Release|Win32
		{B6116CA3-B14F-4E0B-89A4-472A9E5AD9F6}.MinSizeRel|Win32.ActiveCfg = MinSizeRel|Win32
		{B6116CA3-B14F-4E0B-89A4-472A9E5AD9F6}.MinSizeRel|Win32.Build.0 = MinSizeRel|Win32
		{B6116CA3-B14F-4E0B-89A4-472A9E5AD9F6}.RelWithDebInfo|Win32.ActiveCfg = RelWithDebInfo|Win32
		{B6116CA3-B14F-4E0B-89A4-472A9E5AD9F6}.RelWithDebInfo|Win32.Build.0 = RelWithDebInfo|Win32
		{993C0B37-D046-414C-8FF4-3BF4A973CC72}.Debug|Win32.ActiveCfg = Debug|Win32
		{993C0B37-D046-414C-8FF4-3BF4A973CC72}.Debug|Win32.Build.0 = Debug|Win32
		{993C0B37-D046-414C-8FF4-3BF4A973CC72}.Release|Win32.ActiveCfg = Release|Win32
		{993C0B37-D046-414C-8FF4-3BF4A973CC72}.Release|Win32.Build.0 = Release|Win32
		{993C0B37-D046-414C-8FF4-3BF4A973CC72}.MinSizeRel|Win32.ActiveCfg = MinSizeRel|Win32
		{993C0B37-D046-414C-8FF4-3BF4A973CC72}.MinSizeRel|Win32.Build.0 = MinSizeRel|Win32
		{993C0B37-D046-414C-8FF4-3BF4A973CC72}.RelWithDebInfo|Win32.ActiveCfg = RelWithDebInfo|Win32
		{993C0B37-D046-414C-8FF4-3BF4A973CC72}.RelWithDebInfo|Win32.Build.0 = RelWithDebInfo|Win32
		{5A5AFF74-987F-419F-A8FF-AD25D2FADC35}.Debug|Win32.ActiveCfg = Debug|Win32
		{5A5AFF74-987F-419F-A8FF-AD25D2FADC35}.Debug|Win32.Build.0 = Debug|Win32
		{5A5AFF74-987F-419F-A8FF-AD25D2FADC35}.Release|Win32.ActiveCfg = Release|Win32
		{5A5AFF74-987F-419F-A8FF-AD25D2FADC35}.Release|Win32.Build.0 = Release|Win32
		{5A5AFF74-987F-419F-A8FF-AD25D2FADC35}.MinSizeRel|Win32.ActiveCfg = MinSizeRel|Win32
		{5A5AFF74-987F-419F-A8FF-AD25D2FADC35}.MinSizeRel|Win32.Build.0 = MinSizeRel|Win32
		{5A5AFF74-987F-419F-A8FF-AD25D2FADC35}.RelWithDebInfo|Win32.ActiveCfg = RelWithDebInfo|Win32
		{5A5AFF74-987F-419F-A8FF-AD25D2FADC35}.RelWithDebInfo|Win32.Build.0 = RelWithDebInfo|Win32
		{2ABEC539-D2F2-4946-BE8C-F0F9CB3429A0}.Debug|Win32.ActiveCfg = Debug|Win32
		{2ABEC539-D2F2-4946-BE8C-F0F9CB3429A0}.Debug|Win32.Build.0 = Debug|Win32
		{2ABEC539-D2F2-4946-BE8C-F0F9CB3429A0}.Release|Win32.ActiveCfg = Release|Win32
		{2ABEC539-D2F2-4946-BE8C-F0F9CB3429A0}.Release|Win32.Build.0 = Release|Win32
		{2ABEC539-D2F2-4946-BE8C-F0F9CB3429A0}.MinSizeRel|Win32.ActiveCfg = MinSizeRel|Win32
		{2ABEC539-D2F2-4946-BE8C-F0F9CB3429A0}.MinSizeRel|Win32.Build.0 = MinSizeRel|Win32
		{2ABEC539-D2F2-4946-BE8C-F0F9CB3429A0}.RelWithDebInfo|Win32.ActiveCfg = RelWithDebInfo|Win32
		{2ABEC539-D2F2-4946-BE8C-F0F9CB3429A0}.RelWithDebInfo|Win32.Build.0 = RelWithDebInfo|Win32
		{A46D8C24-BFF8-4CF2-BF80-79B753098AF2}.Debug|Win32.ActiveCfg = Debug|Win32
		{A46D8C24-BFF8-4CF2-BF80-79B753098AF2}.Debug|Win32.Build.0 = Debug|Win32
		{A46D8C24-BFF8-4CF2-BF80-79B753098AF2}.Release|Win32.ActiveCfg = Release|Win32
		{A46D8C24-BFF8-4CF2-BF80-79B753098AF2}.Release|Win32.Build.0 = Release|Win32
		{A46D8C24-BFF8-4CF2-BF80-79B753098AF2}.MinSizeRel|Win32.ActiveCfg = MinSizeRel|Win32
		{A46D8C24-BFF8-4CF2-BF80-79B753098AF2}.MinSizeRel|Win32.Build.0 = MinSizeRel|Win32
		{A46D8C24-BFF8-4CF2-BF80-79B753098AF2}.RelWithDebInfo|Win32.ActiveCfg = RelWithDebInfo|Win32
		{A46D8C24-BFF8-4CF2-BF80-79B753098AF2}.RelWithDebInfo|Win32.Build.0 = RelWithDebInfo|Win32
		{49FDC3B7-A4C1-4499-B7C1-3C5103C1992F}.Debug|Win32.ActiveCfg = Debug|Win32
		{49FDC3B7-A4C1-4499-B7C1-3C5103C1992F}.Debug|Win32.Build.0 = Debug|Win32
		{49FDC3B7-A4C1-4499-B7C1-3C5103C1992F}.Release|Win32.ActiveCfg = Release|Win32
		{49FDC3B7-A4C1-4499-B7C1-3C5103C1992F}.Release|Win32.Build.0 = Release|Win32
		{49FDC3B7-A4C1-4499-B7C1-3C5103C1992F}.MinSizeRel|Win32.ActiveCfg = MinSizeRel|Win32
		{49FDC3B7-A4C1-4499-B7C1-3C5103C1992F}.MinSizeRel|Win32.Build.0 = MinSizeRel|Win32
		{49FDC3B7-A4C1-4499-B7C1-3C5103C1992F}.RelWithDebInfo|Win32.ActiveCfg = RelWithDebInfo|Win32
		{49FDC3B7-A4C1-4499-B7C1-3C5103C1992F}.RelWithDebInfo|Win32.Build.0 = RelWithDebInfo|Win32
		{E751E11F-09B4-41B6-859B-BF33BDC100A4}.Debug|Win32.ActiveCfg = Debug|Win32
		{E751E11F-09B4-41B6-859B-BF33BDC100A4}.Debug|Win32.Build.0 = Debug|Win32
		{E751E11F-09B4-41B6-859B-BF33BDC100A4}.Release|Win32.ActiveCfg = Release|Win32
		{E751E11F-09B4-41B6-859B-BF33BDC100A4}.Release|Win32.Build.0 = Release|Win32
		{E751E11F-09B4-41B6-859B-BF33BDC100A4}.MinSizeRel|Win32.ActiveCfg = MinSizeRel|Win32
		{E751E11F-09B4-41B6-859B-BF33BDC100A4}.MinSizeRel|Win32.Build.0 = MinSizeRel|Win32
		{E751E11F-09B4-41B6-859B-BF33BDC100A4}.RelWithDebInfo|Win32.ActiveCfg = RelWithDebInfo|Win32
		{E751E11F-09B4-41B6-859B-BF33BDC100A4}.RelWithDebInfo|Win32.Build.0 = RelWithDebInfo|Win32
		{B7C299C0-8367-425A-A9F0-66008D532F47}.Debug|Win32.ActiveCfg = Debug|Win32
		{B7C299C0-8367-425A-A9F0-66008D532F47}.Debug|Win32.Build.0 = Debug|Win32
		{B7C299C0-8367-425A-A9F0-66008D532F47}.Release|Win32.ActiveCfg = Release|Win32
		{B7C299C0-8367-425A-A9F0-66008D532F47}.Release|Win32.Build.0 = Release|Win32
		{B7C299C0-8367-425A-A9F0-66008D532F47}.MinSizeRel|Win32.ActiveCfg = MinSizeRel|Win32
		{B7C299C0-8367-425A-A9F0-66008D532F47}.MinSizeRel|Win32.Build.0 = MinSizeRel|Win32
		{B7C299C0-8367-425A-A9F0-66008D532F47}.RelWithDebInfo|Win32.ActiveCfg = RelWithDebInfo|Win32
		{B7C299C0-8367-425A-A9F0-66008D532F47}.RelWithDebInfo|Win32.Build.0 = RelWithDebInfo|Win32
		{3A833BD7-6B6B-4E93-9A94-2DA50411FC70}.Debug|Win32.ActiveCfg = Debug|Win32
		{3A833BD7-6B6B-4E93-9A94-2DA50411FC70}.Debug|Win32.Build.0 = Debug|Win32
		{3A833BD7-6B6B-4E93-9A94-2DA50411FC70}.Release|Win32.ActiveCfg = Release|Win32
		{3A833BD7-6B6B-4E93-9A94-2DA50411FC70}.Release|Win32.Build.0 = Release|Win32
		{3A833BD7-6B6B-4E93-9A94-2DA50411FC70}.MinSizeRel|Win32.ActiveCfg = MinSizeRel|Win32
		{3A833BD7-6B6B-4E93-9A94-2DA50411FC70}.MinSizeRel|Win32.Build.0 = MinSizeRel|Win32
		{3A833BD7-6B6B-4E93-9A94-2DA50411FC70}.RelWithDebInfo|Win32.ActiveCfg = RelWithDebInfo|Win32
		{3A833BD7-6B6B-4E93-9A94-2DA50411FC70}.RelWithDebInfo|Win32.Build.0 = RelWithDebInfo|Win32
		{7132B1AA-D3BC-453F-984B-6758A8A7F5B6}.Debug|Win32.ActiveCfg = Debug|Win32
		{7132B1AA-D3BC-453F-984B-6758A8A7F5B6}.Debug|Win32.Build.0 = Debug|Win32
		{7132B1AA-D3BC-453F-984B-6758A8A7F5B6}.Release|Win32.ActiveCfg = Release|Win32
		{7132B1AA-D3BC-453F-984B-6758A8A7F5B6}.Release|Win32.Build.0 = Release|Win32
		{7132B1AA-D3BC-453F-984B-6758A8A7F5B6}.MinSizeRel|Win32.ActiveCfg = MinSizeRel|Win32
		{7132B1AA-D3BC-453F-984B-6758A8A7F5B6}.MinSizeRel|Win32.Build.0 = MinSizeRel|Win32
		{7132B1AA-D3BC-453F-984B-6758A8A7F5B6}.RelWithDebInfo|Win32.ActiveCfg = RelWithDebInfo|Win32
		{7132B1AA-D3BC-453F-984B-6758A8A7F5B6}.RelWithDebInfo|Win32.Build.0 = RelWithDebInfo|Win32
		{9CA327B9-5D35-4D48-81DA-C65787598CBA}.Debug|Win32.ActiveCfg = Debug|Win32
		{9CA327B9-5D35-4D48-81DA-C65787598CBA}.Debug|Win32.Build.0 = Debug|Win32
		{9CA327B9-5D35-4D48-81DA-C65787598CBA}.Release|Win32.ActiveCfg = Release|Win32
		{9CA327B9-5D35-4D48-81DA-C65787598CBA}.Release|Win32.Build.0 = Release|Win32
		{9CA327B9-5D35-4D48-81DA-C65787598CBA}.MinSizeRel|Win32.ActiveCfg = MinSizeRel|Win32
		{9CA327B9-5D35-4D48-81DA-C65787598CBA}.MinSizeRel|Win32.Build.0 = MinSizeRel|Win32
		{9CA327B9-5D35-4D48-81DA-C65787598CBA}.RelWithDebInfo|Win32.ActiveCfg = RelWithDebInfo|Win32
		{9CA327B9-5D35-4D48-81DA-C65787598CBA}.RelWithDebInfo|Win32.Build.0 = RelWithDebInfo|Win32
		{BFF6341A-E5B3-417C-9885-CDF530FD5189}.Debug|Win32.ActiveCfg = Debug|Win32
		{BFF6341A-E5B3-417C-9885-CDF530FD5189}.Debug|Win32.Build.0 = Debug|Win32
		{BFF6341A-E5B3-417C-9885-CDF530FD5189}.Release|Win32.ActiveCfg = Release|Win32
		{BFF6341A-E5B3-417C-9885-CDF530FD5189}.Release|Win32.Build.0 = Release|Win32
		{BFF6341A-E5B3-417C-9885-CDF530FD5189}.MinSizeRel|Win32.ActiveCfg = MinSizeRel|Win32
		{BFF6341A-E5B3-417C-9885-CDF530FD5189}.MinSizeRel|Win32.Build.0 = MinSizeRel|Win32
		{BFF6341A-E5B3-417C-9885-CDF530FD5189}.RelWithDebInfo|Win32.ActiveCfg = RelWithDebInfo|Win32
		{BFF6341A-E5B3-417C-9885-CDF530FD5189}.RelWithDebInfo|Win32.Build.0 = RelWithDebInfo|Win32
		{0E47B772-2BC7-4425-A14C-92580039849B}.Debug|Win32.ActiveCfg = Debug|Win32
		{0E47B772-2BC7-4425-A14C-92580039849B}.Debug|Win32.Build.0 = Debug|Win32
		{0E47B772-2BC7-4425-A14C-92580039849B}.Release|Win32.ActiveCfg = Release|Win32
		{0E47B772-2BC7-4425-A14C-92580039849B}.Release|Win32.Build.0 = Release|Win32
		{0E47B772-2BC7-4425-A14C-92580039849B}.MinSizeRel|Win32.ActiveCfg = MinSizeRel|Win32
		{0E47B772-2BC7-4425-A14C-92580039849B}.MinSizeRel|Win32.Build.0 = MinSizeRel|Win32
		{0E47B772-2BC7-4425-A14C-92580039849B}.RelWithDebInfo|Win32.ActiveCfg = RelWithDebInfo|Win32
		{0E47B772-2BC7-4425-A14C-92580039849B}.RelWithDebInfo|Win32.Build.0 = RelWithDebInfo|Win32
		{85A9A0E8-B41F-4947-84C3-F68311E7353F}.Debug|Win32.ActiveCfg = Debug|Win32
		{85A9A0E8-B41F-4947-84C3-F68311E7353F}.Release|Win32.ActiveCfg = Release|Win32
		{85A9A0E8-B41F-4947-84C3-F68311E7353F}.MinSizeRel|Win32.ActiveCfg = MinSizeRel|Win32
		{85A9A0E8-B41F-4947-84C3-F68311E7353F}.RelWithDebInfo|Win32.ActiveCfg = RelWithDebInfo|Win32
		{D2D132CC-0C68-47D1-932A-73AC26BEEB80}.Debug|Win32.ActiveCfg = Debug|Win32
		{D2D132CC-0C68-47D1-932A-73AC26BEEB80}.Debug|Win32.Build.0 = Debug|Win32
		{D2D132CC-0C68-47D1-932A-73AC26BEEB80}.Release|Win32.ActiveCfg = Release|Win32
		{D2D132CC-0C68-47D1-932A-73AC26BEEB80}.Release|Win32.Build.0 = Release|Win32
		{D2D132CC-0C68-47D1-932A-73AC26BEEB80}.MinSizeRel|Win32.ActiveCfg = MinSizeRel|Win32
		{D2D132CC-0C68-47D1-932A-73AC26BEEB80}.MinSizeRel|Win32.Build.0 = MinSizeRel|Win32
		{D2D132CC-0C68-47D1-932A-73AC26BEEB80}.RelWithDebInfo|Win32.ActiveCfg = RelWithDebInfo|Win32
		{D2D132CC-0C68-47D1-932A-73AC26BEEB80}.RelWithDebInfo|Win32.Build.0 = RelWithDebInfo|Win32
		{4D3C885E-D4B8-47EC-8845-2C00D2F5223B}.Debug|Win32.ActiveCfg = Debug|Win32
		{4D3C885E-D4B8-47EC-8845-2C00D2F5223B}.Debug|Win32.Build.0 = Debug|Win32
		{4D3C885E-D4B8-47EC-8845-2C00D2F5223B}.Release|Win32.ActiveCfg = Release|Win32
		{4D3C885E-D4B8-47EC-8845-2C00D2F5223B}.Release|Win32.Build.0 = Release|Win32
		{4D3C885E-D4B8-47EC-8845-2C00D2F5223B}.MinSizeRel|Win32.ActiveCfg = MinSizeRel|Win32
		{4D3C885E-D4B8-47EC-8845-2C00D2F5223B}.MinSizeRel|Win32.Build.0 = MinSizeRel|Win32
		{4D3C885E-D4B8-47EC-8845-2C00D2F5223B}.RelWithDebInfo|Win32.ActiveCfg = RelWithDebInfo|Win32
		{4D3C885E-D4B8-47EC-8845-2C00D2F5223B}.RelWithDebInfo|Win32.Build.0 = RelWithDebInfo|Win32
		{4B3C8B1B-9443-4A12-B831-3B13548CD1B4}.Debug|Win32.ActiveCfg = Debug|Win32
		{4B3C8B1B-9443-4A12-B831-3B13548CD1B4}.Debug|Win32.Build.0 = Debug|Win32
		{4B3C8B1B-9443-4A12-B831-3B13548CD1B4}.Release|Win32.ActiveCfg = Release|Win32
		{4B3C8B1B-9443-4A12-B831-3B13548CD1B4}.Release|Win32.Build.0 = Release|Win32
		{4B3C8B1B-9443-4A12-B831-3B13548CD1B4}.MinSizeRel|Win32.ActiveCfg = MinSizeRel|Win32
		{4B3C8B1B-9443-4A12-B831-3B13548CD1B4}.MinSizeRel|Win32.Build.0 = MinSizeRel|Win32
		{4B3C8B1B-9443-4A12-B831-3B13548CD1B4}.RelWithDebInfo|Win32.ActiveCfg = RelWithDebInfo|Win32
		{4B3C8B1B-9443-4A12-B831-3B13548CD1B4}.RelWithDebInfo|Win32.Build.0 = RelWithDebInfo|Win32
	EndGlobalSection
	GlobalSection(ExtensibilityGlobals) = postSolution
	EndGlobalSection
	GlobalSection(ExtensibilityAddIns) = postSolution
	EndGlobalSection
EndGlobal
