
Microsoft Visual Studio Solution File, Format Version 12.00
# Visual Studio 2013
VisualStudioVersion = 12.0.30110.0
MinimumVisualStudioVersion = 10.0.40219.1
Project("{8BC9CEB8-8B4A-11D0-8D11-00A0C91BC942}") = "GameEngine", "GameEngine\GameEngine.vcxproj", "{E24D022C-E33B-47A1-BBB4-33666C76DDA9}"
	ProjectSection(ProjectDependencies) = postProject
		{99FC20C2-9AD1-4049-BB11-B369C42FD6A8} = {99FC20C2-9AD1-4049-BB11-B369C42FD6A8}
	EndProjectSection
EndProject
Project("{2150E333-8FDC-42A3-9474-1A3956D46DE8}") = "Solution Items", "Solution Items", "{6823E483-DFC6-4750-920C-35DA2E87B060}"
	ProjectSection(SolutionItems) = preProject
		Shaders\basic.fp = Shaders\basic.fp
		Shaders\basic.gp = Shaders\basic.gp
		Shaders\basic.vp = Shaders\basic.vp
		Shaders\blur1.fp = Shaders\blur1.fp
		Shaders\brightnessFilter.fp = Shaders\brightnessFilter.fp
		Shaders\brightnessFilter.vp = Shaders\brightnessFilter.vp
		Shaders\bump.fp = Shaders\bump.fp
		Shaders\bump.vp = Shaders\bump.vp
		Shaders\cubemap.fp = Shaders\cubemap.fp
		Shaders\cubemap.vp = Shaders\cubemap.vp
		Shaders\depthOnly.fp = Shaders\depthOnly.fp
		Shaders\depthOnly.vp = Shaders\depthOnly.vp
		Shaders\earth.fp = Shaders\earth.fp
		Shaders\earth.vp = Shaders\earth.vp
		Shaders\fboToScreen.fp = Shaders\fboToScreen.fp
		Shaders\fboToScreen.vp = Shaders\fboToScreen.vp
		Shaders\light.fp = Shaders\light.fp
		Shaders\light.vp = Shaders\light.vp
		Shaders\MaterialBasic.fp = Shaders\MaterialBasic.fp
		Shaders\MaterialBasic.vp = Shaders\MaterialBasic.vp
		Shaders\tesselation.gp = Shaders\tesselation.gp
		Shaders\test.cp = Shaders\test.cp
	EndProjectSection
EndProject
Project("{8BC9CEB8-8B4A-11D0-8D11-00A0C91BC942}") = "SolarSystem", "Demos\SolarSystem\SolarSystem.vcxproj", "{60ACE0BC-C15B-4A41-A735-63FD967CC91F}"
	ProjectSection(ProjectDependencies) = postProject
		{E24D022C-E33B-47A1-BBB4-33666C76DDA9} = {E24D022C-E33B-47A1-BBB4-33666C76DDA9}
	EndProjectSection
EndProject
Project("{2150E333-8FDC-42A3-9474-1A3956D46DE8}") = "Vendors", "Vendors", "{9D3EF6A3-621D-4807-90CB-705CCD3A8FB8}"
EndProject
Project("{2150E333-8FDC-42A3-9474-1A3956D46DE8}") = "Bullet", "Bullet", "{A2CDA61C-7E07-4C22-8D7D-9F71E6378B89}"
EndProject
Project("{2150E333-8FDC-42A3-9474-1A3956D46DE8}") = "Demos", "Demos", "{E92BB286-351B-420A-B152-DB0511195EFC}"
EndProject
Project("{8BC9CEB8-8B4A-11D0-8D11-00A0C91BC942}") = "BulletImplementation", "Demos\BulletImplementation\BulletImplementation.vcxproj", "{CE40F8DC-055E-424B-A0D0-1C020EB3632F}"
EndProject
Project("{8BC9CEB8-8B4A-11D0-8D11-00A0C91BC942}") = "TinyObjLoader", "Vendors\TinyObjLoader\TinyObjLoader.vcxproj", "{99FC20C2-9AD1-4049-BB11-B369C42FD6A8}"
EndProject
Project("{2150E333-8FDC-42A3-9474-1A3956D46DE8}") = "Packs", "Packs", "{EEB678B9-3558-486B-9221-D076C77DFDDF}"
EndProject
Project("{8BC9CEB8-8B4A-11D0-8D11-00A0C91BC942}") = "PhysicBulletPack", "Packs\PhysicBulletPack\PhysicBulletPack.vcxproj", "{3073A470-6943-400E-BDFF-D25AA01577F8}"
EndProject
Project("{8BC9CEB8-8B4A-11D0-8D11-00A0C91BC942}") = "SpaceShooter", "Demos\SpaceShooter\SpaceShooter.vcxproj", "{ECFC3CA5-DB31-4109-8A00-88358E23B3B9}"
EndProject
Project("{2150E333-8FDC-42A3-9474-1A3956D46DE8}") = "Tools", "Tools", "{B36A8443-1340-428D-AB0B-7AD47BC2531F}"
EndProject
Project("{8BC9CEB8-8B4A-11D0-8D11-00A0C91BC942}") = "AssetsConvertor", "Tools\AssetsConvertor\AssetsConvertor.vcxproj", "{EB423B39-F564-498E-B291-0D9676AF09B5}"
	ProjectSection(ProjectDependencies) = postProject
		{E24D022C-E33B-47A1-BBB4-33666C76DDA9} = {E24D022C-E33B-47A1-BBB4-33666C76DDA9}
		{BF62C23A-A810-4CB1-9631-A6CF9C27C6DB} = {BF62C23A-A810-4CB1-9631-A6CF9C27C6DB}
		{8C289F4D-6321-4202-A8F9-81DCD4883CB3} = {8C289F4D-6321-4202-A8F9-81DCD4883CB3}
		{99FC20C2-9AD1-4049-BB11-B369C42FD6A8} = {99FC20C2-9AD1-4049-BB11-B369C42FD6A8}
		{D217D3EE-658E-4AF9-8F77-AE4152409709} = {D217D3EE-658E-4AF9-8F77-AE4152409709}
	EndProjectSection
EndProject
Project("{8BC9CEB8-8B4A-11D0-8D11-00A0C91BC942}") = "BulletDynamics", "Vendors\bullet-2.82-r2704\build\src\BulletDynamics\BulletDynamics.vcxproj", "{24058763-E745-4017-B015-A5AD1D0B2BF0}"
EndProject
Project("{8BC9CEB8-8B4A-11D0-8D11-00A0C91BC942}") = "LinearMath", "Vendors\bullet-2.82-r2704\build\src\LinearMath\LinearMath.vcxproj", "{4173F5CA-9E74-4719-88C3-23BD2C7E3285}"
EndProject
Project("{8BC9CEB8-8B4A-11D0-8D11-00A0C91BC942}") = "ConvexDecomposition", "Vendors\bullet-2.82-r2704\build\Extras\ConvexDecomposition\ConvexDecomposition.vcxproj", "{D217D3EE-658E-4AF9-8F77-AE4152409709}"
EndProject
Project("{8BC9CEB8-8B4A-11D0-8D11-00A0C91BC942}") = "BulletFileLoader", "Vendors\bullet-2.82-r2704\build\Extras\Serialize\BulletFileLoader\BulletFileLoader.vcxproj", "{BF62C23A-A810-4CB1-9631-A6CF9C27C6DB}"
EndProject
Project("{8BC9CEB8-8B4A-11D0-8D11-00A0C91BC942}") = "BulletWorldImporter", "Vendors\bullet-2.82-r2704\build\Extras\Serialize\BulletWorldImporter\BulletWorldImporter.vcxproj", "{8C289F4D-6321-4202-A8F9-81DCD4883CB3}"
EndProject
Project("{8BC9CEB8-8B4A-11D0-8D11-00A0C91BC942}") = "BulletCollision", "Vendors\bullet-2.82-r2704\build\src\BulletCollision\BulletCollision.vcxproj", "{A820B1F5-9A4C-4F25-B086-60E0C1D2DE47}"
EndProject
Global
	GlobalSection(SolutionConfigurationPlatforms) = preSolution
		Debug|Any CPU = Debug|Any CPU
		Debug|Mixed Platforms = Debug|Mixed Platforms
		Debug|Win32 = Debug|Win32
		MinSizeRel|Any CPU = MinSizeRel|Any CPU
		MinSizeRel|Mixed Platforms = MinSizeRel|Mixed Platforms
		MinSizeRel|Win32 = MinSizeRel|Win32
		Release|Any CPU = Release|Any CPU
		Release|Mixed Platforms = Release|Mixed Platforms
		Release|Win32 = Release|Win32
		RelWithDebInfo|Any CPU = RelWithDebInfo|Any CPU
		RelWithDebInfo|Mixed Platforms = RelWithDebInfo|Mixed Platforms
		RelWithDebInfo|Win32 = RelWithDebInfo|Win32
	EndGlobalSection
	GlobalSection(ProjectConfigurationPlatforms) = postSolution
		{E24D022C-E33B-47A1-BBB4-33666C76DDA9}.Debug|Any CPU.ActiveCfg = Debug|Win32
		{E24D022C-E33B-47A1-BBB4-33666C76DDA9}.Debug|Mixed Platforms.ActiveCfg = Debug|Win32
		{E24D022C-E33B-47A1-BBB4-33666C76DDA9}.Debug|Mixed Platforms.Build.0 = Debug|Win32
		{E24D022C-E33B-47A1-BBB4-33666C76DDA9}.Debug|Win32.ActiveCfg = Debug|Win32
		{E24D022C-E33B-47A1-BBB4-33666C76DDA9}.Debug|Win32.Build.0 = Debug|Win32
		{E24D022C-E33B-47A1-BBB4-33666C76DDA9}.MinSizeRel|Any CPU.ActiveCfg = Release|Win32
		{E24D022C-E33B-47A1-BBB4-33666C76DDA9}.MinSizeRel|Mixed Platforms.ActiveCfg = Release|Win32
		{E24D022C-E33B-47A1-BBB4-33666C76DDA9}.MinSizeRel|Mixed Platforms.Build.0 = Release|Win32
		{E24D022C-E33B-47A1-BBB4-33666C76DDA9}.MinSizeRel|Win32.ActiveCfg = Release|Win32
		{E24D022C-E33B-47A1-BBB4-33666C76DDA9}.MinSizeRel|Win32.Build.0 = Release|Win32
		{E24D022C-E33B-47A1-BBB4-33666C76DDA9}.Release|Any CPU.ActiveCfg = Release|Win32
		{E24D022C-E33B-47A1-BBB4-33666C76DDA9}.Release|Mixed Platforms.ActiveCfg = Release|Win32
		{E24D022C-E33B-47A1-BBB4-33666C76DDA9}.Release|Mixed Platforms.Build.0 = Release|Win32
		{E24D022C-E33B-47A1-BBB4-33666C76DDA9}.Release|Win32.ActiveCfg = Release|Win32
		{E24D022C-E33B-47A1-BBB4-33666C76DDA9}.Release|Win32.Build.0 = Release|Win32
		{E24D022C-E33B-47A1-BBB4-33666C76DDA9}.RelWithDebInfo|Any CPU.ActiveCfg = Release|Win32
		{E24D022C-E33B-47A1-BBB4-33666C76DDA9}.RelWithDebInfo|Mixed Platforms.ActiveCfg = Release|Win32
		{E24D022C-E33B-47A1-BBB4-33666C76DDA9}.RelWithDebInfo|Mixed Platforms.Build.0 = Release|Win32
		{E24D022C-E33B-47A1-BBB4-33666C76DDA9}.RelWithDebInfo|Win32.ActiveCfg = Release|Win32
		{E24D022C-E33B-47A1-BBB4-33666C76DDA9}.RelWithDebInfo|Win32.Build.0 = Release|Win32
		{60ACE0BC-C15B-4A41-A735-63FD967CC91F}.Debug|Any CPU.ActiveCfg = Debug|Win32
		{60ACE0BC-C15B-4A41-A735-63FD967CC91F}.Debug|Mixed Platforms.ActiveCfg = Debug|Win32
		{60ACE0BC-C15B-4A41-A735-63FD967CC91F}.Debug|Win32.ActiveCfg = Debug|Win32
		{60ACE0BC-C15B-4A41-A735-63FD967CC91F}.Debug|Win32.Build.0 = Debug|Win32
		{60ACE0BC-C15B-4A41-A735-63FD967CC91F}.MinSizeRel|Any CPU.ActiveCfg = Release|Win32
		{60ACE0BC-C15B-4A41-A735-63FD967CC91F}.MinSizeRel|Mixed Platforms.ActiveCfg = Release|Win32
		{60ACE0BC-C15B-4A41-A735-63FD967CC91F}.MinSizeRel|Mixed Platforms.Build.0 = Release|Win32
		{60ACE0BC-C15B-4A41-A735-63FD967CC91F}.MinSizeRel|Win32.ActiveCfg = Release|Win32
		{60ACE0BC-C15B-4A41-A735-63FD967CC91F}.MinSizeRel|Win32.Build.0 = Release|Win32
		{60ACE0BC-C15B-4A41-A735-63FD967CC91F}.Release|Any CPU.ActiveCfg = Release|Win32
		{60ACE0BC-C15B-4A41-A735-63FD967CC91F}.Release|Mixed Platforms.ActiveCfg = Release|Win32
		{60ACE0BC-C15B-4A41-A735-63FD967CC91F}.Release|Mixed Platforms.Build.0 = Release|Win32
		{60ACE0BC-C15B-4A41-A735-63FD967CC91F}.Release|Win32.ActiveCfg = Release|Win32
		{60ACE0BC-C15B-4A41-A735-63FD967CC91F}.Release|Win32.Build.0 = Release|Win32
		{60ACE0BC-C15B-4A41-A735-63FD967CC91F}.RelWithDebInfo|Any CPU.ActiveCfg = Release|Win32
		{60ACE0BC-C15B-4A41-A735-63FD967CC91F}.RelWithDebInfo|Mixed Platforms.ActiveCfg = Release|Win32
		{60ACE0BC-C15B-4A41-A735-63FD967CC91F}.RelWithDebInfo|Mixed Platforms.Build.0 = Release|Win32
		{60ACE0BC-C15B-4A41-A735-63FD967CC91F}.RelWithDebInfo|Win32.ActiveCfg = Release|Win32
		{60ACE0BC-C15B-4A41-A735-63FD967CC91F}.RelWithDebInfo|Win32.Build.0 = Release|Win32
		{CE40F8DC-055E-424B-A0D0-1C020EB3632F}.Debug|Any CPU.ActiveCfg = Debug|Win32
		{CE40F8DC-055E-424B-A0D0-1C020EB3632F}.Debug|Mixed Platforms.ActiveCfg = Debug|Win32
		{CE40F8DC-055E-424B-A0D0-1C020EB3632F}.Debug|Win32.ActiveCfg = Debug|Win32
		{CE40F8DC-055E-424B-A0D0-1C020EB3632F}.Debug|Win32.Build.0 = Debug|Win32
		{CE40F8DC-055E-424B-A0D0-1C020EB3632F}.MinSizeRel|Any CPU.ActiveCfg = Release|Win32
		{CE40F8DC-055E-424B-A0D0-1C020EB3632F}.MinSizeRel|Mixed Platforms.ActiveCfg = Release|Win32
		{CE40F8DC-055E-424B-A0D0-1C020EB3632F}.MinSizeRel|Mixed Platforms.Build.0 = Release|Win32
		{CE40F8DC-055E-424B-A0D0-1C020EB3632F}.MinSizeRel|Win32.ActiveCfg = Release|Win32
		{CE40F8DC-055E-424B-A0D0-1C020EB3632F}.MinSizeRel|Win32.Build.0 = Release|Win32
		{CE40F8DC-055E-424B-A0D0-1C020EB3632F}.Release|Any CPU.ActiveCfg = Release|Win32
		{CE40F8DC-055E-424B-A0D0-1C020EB3632F}.Release|Mixed Platforms.ActiveCfg = Release|Win32
		{CE40F8DC-055E-424B-A0D0-1C020EB3632F}.Release|Mixed Platforms.Build.0 = Release|Win32
		{CE40F8DC-055E-424B-A0D0-1C020EB3632F}.Release|Win32.ActiveCfg = Release|Win32
		{CE40F8DC-055E-424B-A0D0-1C020EB3632F}.Release|Win32.Build.0 = Release|Win32
		{CE40F8DC-055E-424B-A0D0-1C020EB3632F}.RelWithDebInfo|Any CPU.ActiveCfg = Release|Win32
		{CE40F8DC-055E-424B-A0D0-1C020EB3632F}.RelWithDebInfo|Mixed Platforms.ActiveCfg = Release|Win32
		{CE40F8DC-055E-424B-A0D0-1C020EB3632F}.RelWithDebInfo|Mixed Platforms.Build.0 = Release|Win32
		{CE40F8DC-055E-424B-A0D0-1C020EB3632F}.RelWithDebInfo|Win32.ActiveCfg = Release|Win32
		{CE40F8DC-055E-424B-A0D0-1C020EB3632F}.RelWithDebInfo|Win32.Build.0 = Release|Win32
		{99FC20C2-9AD1-4049-BB11-B369C42FD6A8}.Debug|Any CPU.ActiveCfg = Debug|Win32
		{99FC20C2-9AD1-4049-BB11-B369C42FD6A8}.Debug|Mixed Platforms.ActiveCfg = Debug|Win32
		{99FC20C2-9AD1-4049-BB11-B369C42FD6A8}.Debug|Win32.ActiveCfg = Debug|Win32
		{99FC20C2-9AD1-4049-BB11-B369C42FD6A8}.Debug|Win32.Build.0 = Debug|Win32
		{99FC20C2-9AD1-4049-BB11-B369C42FD6A8}.MinSizeRel|Any CPU.ActiveCfg = Release|Win32
		{99FC20C2-9AD1-4049-BB11-B369C42FD6A8}.MinSizeRel|Mixed Platforms.ActiveCfg = Release|Win32
		{99FC20C2-9AD1-4049-BB11-B369C42FD6A8}.MinSizeRel|Mixed Platforms.Build.0 = Release|Win32
		{99FC20C2-9AD1-4049-BB11-B369C42FD6A8}.MinSizeRel|Win32.ActiveCfg = Release|Win32
		{99FC20C2-9AD1-4049-BB11-B369C42FD6A8}.MinSizeRel|Win32.Build.0 = Release|Win32
		{99FC20C2-9AD1-4049-BB11-B369C42FD6A8}.Release|Any CPU.ActiveCfg = Release|Win32
		{99FC20C2-9AD1-4049-BB11-B369C42FD6A8}.Release|Mixed Platforms.ActiveCfg = Release|Win32
		{99FC20C2-9AD1-4049-BB11-B369C42FD6A8}.Release|Mixed Platforms.Build.0 = Release|Win32
		{99FC20C2-9AD1-4049-BB11-B369C42FD6A8}.Release|Win32.ActiveCfg = Release|Win32
		{99FC20C2-9AD1-4049-BB11-B369C42FD6A8}.Release|Win32.Build.0 = Release|Win32
		{99FC20C2-9AD1-4049-BB11-B369C42FD6A8}.RelWithDebInfo|Any CPU.ActiveCfg = Release|Win32
		{99FC20C2-9AD1-4049-BB11-B369C42FD6A8}.RelWithDebInfo|Mixed Platforms.ActiveCfg = Release|Win32
		{99FC20C2-9AD1-4049-BB11-B369C42FD6A8}.RelWithDebInfo|Mixed Platforms.Build.0 = Release|Win32
		{99FC20C2-9AD1-4049-BB11-B369C42FD6A8}.RelWithDebInfo|Win32.ActiveCfg = Release|Win32
		{99FC20C2-9AD1-4049-BB11-B369C42FD6A8}.RelWithDebInfo|Win32.Build.0 = Release|Win32
		{3073A470-6943-400E-BDFF-D25AA01577F8}.Debug|Any CPU.ActiveCfg = Debug|Win32
		{3073A470-6943-400E-BDFF-D25AA01577F8}.Debug|Mixed Platforms.ActiveCfg = Debug|Win32
		{3073A470-6943-400E-BDFF-D25AA01577F8}.Debug|Win32.ActiveCfg = Debug|Win32
		{3073A470-6943-400E-BDFF-D25AA01577F8}.Debug|Win32.Build.0 = Debug|Win32
		{3073A470-6943-400E-BDFF-D25AA01577F8}.MinSizeRel|Any CPU.ActiveCfg = Release|Win32
		{3073A470-6943-400E-BDFF-D25AA01577F8}.MinSizeRel|Mixed Platforms.ActiveCfg = Release|Win32
		{3073A470-6943-400E-BDFF-D25AA01577F8}.MinSizeRel|Mixed Platforms.Build.0 = Release|Win32
		{3073A470-6943-400E-BDFF-D25AA01577F8}.MinSizeRel|Win32.ActiveCfg = Release|Win32
		{3073A470-6943-400E-BDFF-D25AA01577F8}.MinSizeRel|Win32.Build.0 = Release|Win32
		{3073A470-6943-400E-BDFF-D25AA01577F8}.Release|Any CPU.ActiveCfg = Release|Win32
		{3073A470-6943-400E-BDFF-D25AA01577F8}.Release|Mixed Platforms.ActiveCfg = Release|Win32
		{3073A470-6943-400E-BDFF-D25AA01577F8}.Release|Mixed Platforms.Build.0 = Release|Win32
		{3073A470-6943-400E-BDFF-D25AA01577F8}.Release|Win32.ActiveCfg = Release|Win32
		{3073A470-6943-400E-BDFF-D25AA01577F8}.Release|Win32.Build.0 = Release|Win32
		{3073A470-6943-400E-BDFF-D25AA01577F8}.RelWithDebInfo|Any CPU.ActiveCfg = Release|Win32
		{3073A470-6943-400E-BDFF-D25AA01577F8}.RelWithDebInfo|Mixed Platforms.ActiveCfg = Release|Win32
		{3073A470-6943-400E-BDFF-D25AA01577F8}.RelWithDebInfo|Mixed Platforms.Build.0 = Release|Win32
		{3073A470-6943-400E-BDFF-D25AA01577F8}.RelWithDebInfo|Win32.ActiveCfg = Release|Win32
		{3073A470-6943-400E-BDFF-D25AA01577F8}.RelWithDebInfo|Win32.Build.0 = Release|Win32
		{ECFC3CA5-DB31-4109-8A00-88358E23B3B9}.Debug|Any CPU.ActiveCfg = Debug|Win32
		{ECFC3CA5-DB31-4109-8A00-88358E23B3B9}.Debug|Mixed Platforms.ActiveCfg = Debug|Win32
		{ECFC3CA5-DB31-4109-8A00-88358E23B3B9}.Debug|Win32.ActiveCfg = Debug|Win32
		{ECFC3CA5-DB31-4109-8A00-88358E23B3B9}.Debug|Win32.Build.0 = Debug|Win32
		{ECFC3CA5-DB31-4109-8A00-88358E23B3B9}.MinSizeRel|Any CPU.ActiveCfg = Release|Win32
		{ECFC3CA5-DB31-4109-8A00-88358E23B3B9}.MinSizeRel|Mixed Platforms.ActiveCfg = Release|Win32
		{ECFC3CA5-DB31-4109-8A00-88358E23B3B9}.MinSizeRel|Mixed Platforms.Build.0 = Release|Win32
		{ECFC3CA5-DB31-4109-8A00-88358E23B3B9}.MinSizeRel|Win32.ActiveCfg = Release|Win32
		{ECFC3CA5-DB31-4109-8A00-88358E23B3B9}.MinSizeRel|Win32.Build.0 = Release|Win32
		{ECFC3CA5-DB31-4109-8A00-88358E23B3B9}.Release|Any CPU.ActiveCfg = Release|Win32
		{ECFC3CA5-DB31-4109-8A00-88358E23B3B9}.Release|Mixed Platforms.ActiveCfg = Release|Win32
		{ECFC3CA5-DB31-4109-8A00-88358E23B3B9}.Release|Mixed Platforms.Build.0 = Release|Win32
		{ECFC3CA5-DB31-4109-8A00-88358E23B3B9}.Release|Win32.ActiveCfg = Release|Win32
		{ECFC3CA5-DB31-4109-8A00-88358E23B3B9}.Release|Win32.Build.0 = Release|Win32
		{ECFC3CA5-DB31-4109-8A00-88358E23B3B9}.RelWithDebInfo|Any CPU.ActiveCfg = Release|Win32
		{ECFC3CA5-DB31-4109-8A00-88358E23B3B9}.RelWithDebInfo|Mixed Platforms.ActiveCfg = Release|Win32
		{ECFC3CA5-DB31-4109-8A00-88358E23B3B9}.RelWithDebInfo|Mixed Platforms.Build.0 = Release|Win32
		{ECFC3CA5-DB31-4109-8A00-88358E23B3B9}.RelWithDebInfo|Win32.ActiveCfg = Release|Win32
		{ECFC3CA5-DB31-4109-8A00-88358E23B3B9}.RelWithDebInfo|Win32.Build.0 = Release|Win32
		{EB423B39-F564-498E-B291-0D9676AF09B5}.Debug|Any CPU.ActiveCfg = Debug|Win32
		{EB423B39-F564-498E-B291-0D9676AF09B5}.Debug|Mixed Platforms.ActiveCfg = Debug|Win32
		{EB423B39-F564-498E-B291-0D9676AF09B5}.Debug|Win32.ActiveCfg = Debug|Win32
		{EB423B39-F564-498E-B291-0D9676AF09B5}.Debug|Win32.Build.0 = Debug|Win32
		{EB423B39-F564-498E-B291-0D9676AF09B5}.MinSizeRel|Any CPU.ActiveCfg = Release|Win32
		{EB423B39-F564-498E-B291-0D9676AF09B5}.MinSizeRel|Mixed Platforms.ActiveCfg = Release|Win32
		{EB423B39-F564-498E-B291-0D9676AF09B5}.MinSizeRel|Mixed Platforms.Build.0 = Release|Win32
		{EB423B39-F564-498E-B291-0D9676AF09B5}.MinSizeRel|Win32.ActiveCfg = Release|Win32
		{EB423B39-F564-498E-B291-0D9676AF09B5}.MinSizeRel|Win32.Build.0 = Release|Win32
		{EB423B39-F564-498E-B291-0D9676AF09B5}.Release|Any CPU.ActiveCfg = Release|Win32
		{EB423B39-F564-498E-B291-0D9676AF09B5}.Release|Mixed Platforms.ActiveCfg = Release|Win32
		{EB423B39-F564-498E-B291-0D9676AF09B5}.Release|Mixed Platforms.Build.0 = Release|Win32
		{EB423B39-F564-498E-B291-0D9676AF09B5}.Release|Win32.ActiveCfg = Release|Win32
		{EB423B39-F564-498E-B291-0D9676AF09B5}.Release|Win32.Build.0 = Release|Win32
		{EB423B39-F564-498E-B291-0D9676AF09B5}.RelWithDebInfo|Any CPU.ActiveCfg = Release|Win32
		{EB423B39-F564-498E-B291-0D9676AF09B5}.RelWithDebInfo|Mixed Platforms.ActiveCfg = Release|Win32
		{EB423B39-F564-498E-B291-0D9676AF09B5}.RelWithDebInfo|Mixed Platforms.Build.0 = Release|Win32
		{EB423B39-F564-498E-B291-0D9676AF09B5}.RelWithDebInfo|Win32.ActiveCfg = Release|Win32
		{EB423B39-F564-498E-B291-0D9676AF09B5}.RelWithDebInfo|Win32.Build.0 = Release|Win32
		{24058763-E745-4017-B015-A5AD1D0B2BF0}.Debug|Any CPU.ActiveCfg = Debug|Win32
		{24058763-E745-4017-B015-A5AD1D0B2BF0}.Debug|Mixed Platforms.ActiveCfg = Debug|Win32
		{24058763-E745-4017-B015-A5AD1D0B2BF0}.Debug|Win32.ActiveCfg = Debug|Win32
		{24058763-E745-4017-B015-A5AD1D0B2BF0}.Debug|Win32.Build.0 = Debug|Win32
		{24058763-E745-4017-B015-A5AD1D0B2BF0}.MinSizeRel|Any CPU.ActiveCfg = MinSizeRel|Win32
		{24058763-E745-4017-B015-A5AD1D0B2BF0}.MinSizeRel|Mixed Platforms.ActiveCfg = MinSizeRel|Win32
		{24058763-E745-4017-B015-A5AD1D0B2BF0}.MinSizeRel|Mixed Platforms.Build.0 = MinSizeRel|Win32
		{24058763-E745-4017-B015-A5AD1D0B2BF0}.MinSizeRel|Win32.ActiveCfg = MinSizeRel|Win32
		{24058763-E745-4017-B015-A5AD1D0B2BF0}.MinSizeRel|Win32.Build.0 = MinSizeRel|Win32
		{24058763-E745-4017-B015-A5AD1D0B2BF0}.Release|Any CPU.ActiveCfg = Release|Win32
		{24058763-E745-4017-B015-A5AD1D0B2BF0}.Release|Mixed Platforms.ActiveCfg = Release|Win32
		{24058763-E745-4017-B015-A5AD1D0B2BF0}.Release|Mixed Platforms.Build.0 = Release|Win32
		{24058763-E745-4017-B015-A5AD1D0B2BF0}.Release|Win32.ActiveCfg = Release|Win32
		{24058763-E745-4017-B015-A5AD1D0B2BF0}.Release|Win32.Build.0 = Release|Win32
		{24058763-E745-4017-B015-A5AD1D0B2BF0}.RelWithDebInfo|Any CPU.ActiveCfg = RelWithDebInfo|Win32
		{24058763-E745-4017-B015-A5AD1D0B2BF0}.RelWithDebInfo|Mixed Platforms.ActiveCfg = RelWithDebInfo|Win32
		{24058763-E745-4017-B015-A5AD1D0B2BF0}.RelWithDebInfo|Mixed Platforms.Build.0 = RelWithDebInfo|Win32
		{24058763-E745-4017-B015-A5AD1D0B2BF0}.RelWithDebInfo|Win32.ActiveCfg = RelWithDebInfo|Win32
		{24058763-E745-4017-B015-A5AD1D0B2BF0}.RelWithDebInfo|Win32.Build.0 = RelWithDebInfo|Win32
		{4173F5CA-9E74-4719-88C3-23BD2C7E3285}.Debug|Any CPU.ActiveCfg = Debug|Win32
		{4173F5CA-9E74-4719-88C3-23BD2C7E3285}.Debug|Mixed Platforms.ActiveCfg = Debug|Win32
		{4173F5CA-9E74-4719-88C3-23BD2C7E3285}.Debug|Win32.ActiveCfg = Debug|Win32
		{4173F5CA-9E74-4719-88C3-23BD2C7E3285}.Debug|Win32.Build.0 = Debug|Win32
		{4173F5CA-9E74-4719-88C3-23BD2C7E3285}.MinSizeRel|Any CPU.ActiveCfg = MinSizeRel|Win32
		{4173F5CA-9E74-4719-88C3-23BD2C7E3285}.MinSizeRel|Mixed Platforms.ActiveCfg = MinSizeRel|Win32
		{4173F5CA-9E74-4719-88C3-23BD2C7E3285}.MinSizeRel|Mixed Platforms.Build.0 = MinSizeRel|Win32
		{4173F5CA-9E74-4719-88C3-23BD2C7E3285}.MinSizeRel|Win32.ActiveCfg = MinSizeRel|Win32
		{4173F5CA-9E74-4719-88C3-23BD2C7E3285}.MinSizeRel|Win32.Build.0 = MinSizeRel|Win32
		{4173F5CA-9E74-4719-88C3-23BD2C7E3285}.Release|Any CPU.ActiveCfg = Release|Win32
		{4173F5CA-9E74-4719-88C3-23BD2C7E3285}.Release|Mixed Platforms.ActiveCfg = Release|Win32
		{4173F5CA-9E74-4719-88C3-23BD2C7E3285}.Release|Mixed Platforms.Build.0 = Release|Win32
		{4173F5CA-9E74-4719-88C3-23BD2C7E3285}.Release|Win32.ActiveCfg = Release|Win32
		{4173F5CA-9E74-4719-88C3-23BD2C7E3285}.Release|Win32.Build.0 = Release|Win32
		{4173F5CA-9E74-4719-88C3-23BD2C7E3285}.RelWithDebInfo|Any CPU.ActiveCfg = RelWithDebInfo|Win32
		{4173F5CA-9E74-4719-88C3-23BD2C7E3285}.RelWithDebInfo|Mixed Platforms.ActiveCfg = RelWithDebInfo|Win32
		{4173F5CA-9E74-4719-88C3-23BD2C7E3285}.RelWithDebInfo|Mixed Platforms.Build.0 = RelWithDebInfo|Win32
		{4173F5CA-9E74-4719-88C3-23BD2C7E3285}.RelWithDebInfo|Win32.ActiveCfg = RelWithDebInfo|Win32
		{4173F5CA-9E74-4719-88C3-23BD2C7E3285}.RelWithDebInfo|Win32.Build.0 = RelWithDebInfo|Win32
		{D217D3EE-658E-4AF9-8F77-AE4152409709}.Debug|Any CPU.ActiveCfg = Debug|Win32
		{D217D3EE-658E-4AF9-8F77-AE4152409709}.Debug|Mixed Platforms.ActiveCfg = Debug|Win32
		{D217D3EE-658E-4AF9-8F77-AE4152409709}.Debug|Win32.ActiveCfg = Debug|Win32
		{D217D3EE-658E-4AF9-8F77-AE4152409709}.Debug|Win32.Build.0 = Debug|Win32
		{D217D3EE-658E-4AF9-8F77-AE4152409709}.MinSizeRel|Any CPU.ActiveCfg = MinSizeRel|Win32
		{D217D3EE-658E-4AF9-8F77-AE4152409709}.MinSizeRel|Mixed Platforms.ActiveCfg = MinSizeRel|Win32
		{D217D3EE-658E-4AF9-8F77-AE4152409709}.MinSizeRel|Mixed Platforms.Build.0 = MinSizeRel|Win32
		{D217D3EE-658E-4AF9-8F77-AE4152409709}.MinSizeRel|Win32.ActiveCfg = MinSizeRel|Win32
		{D217D3EE-658E-4AF9-8F77-AE4152409709}.MinSizeRel|Win32.Build.0 = MinSizeRel|Win32
		{D217D3EE-658E-4AF9-8F77-AE4152409709}.Release|Any CPU.ActiveCfg = Release|Win32
		{D217D3EE-658E-4AF9-8F77-AE4152409709}.Release|Mixed Platforms.ActiveCfg = Release|Win32
		{D217D3EE-658E-4AF9-8F77-AE4152409709}.Release|Mixed Platforms.Build.0 = Release|Win32
		{D217D3EE-658E-4AF9-8F77-AE4152409709}.Release|Win32.ActiveCfg = Release|Win32
		{D217D3EE-658E-4AF9-8F77-AE4152409709}.Release|Win32.Build.0 = Release|Win32
		{D217D3EE-658E-4AF9-8F77-AE4152409709}.RelWithDebInfo|Any CPU.ActiveCfg = RelWithDebInfo|Win32
		{D217D3EE-658E-4AF9-8F77-AE4152409709}.RelWithDebInfo|Mixed Platforms.ActiveCfg = RelWithDebInfo|Win32
		{D217D3EE-658E-4AF9-8F77-AE4152409709}.RelWithDebInfo|Mixed Platforms.Build.0 = RelWithDebInfo|Win32
		{D217D3EE-658E-4AF9-8F77-AE4152409709}.RelWithDebInfo|Win32.ActiveCfg = RelWithDebInfo|Win32
		{D217D3EE-658E-4AF9-8F77-AE4152409709}.RelWithDebInfo|Win32.Build.0 = RelWithDebInfo|Win32
		{BF62C23A-A810-4CB1-9631-A6CF9C27C6DB}.Debug|Any CPU.ActiveCfg = Debug|Win32
		{BF62C23A-A810-4CB1-9631-A6CF9C27C6DB}.Debug|Mixed Platforms.ActiveCfg = Debug|Win32
		{BF62C23A-A810-4CB1-9631-A6CF9C27C6DB}.Debug|Win32.ActiveCfg = Debug|Win32
		{BF62C23A-A810-4CB1-9631-A6CF9C27C6DB}.Debug|Win32.Build.0 = Debug|Win32
		{BF62C23A-A810-4CB1-9631-A6CF9C27C6DB}.MinSizeRel|Any CPU.ActiveCfg = MinSizeRel|Win32
		{BF62C23A-A810-4CB1-9631-A6CF9C27C6DB}.MinSizeRel|Mixed Platforms.ActiveCfg = MinSizeRel|Win32
		{BF62C23A-A810-4CB1-9631-A6CF9C27C6DB}.MinSizeRel|Mixed Platforms.Build.0 = MinSizeRel|Win32
		{BF62C23A-A810-4CB1-9631-A6CF9C27C6DB}.MinSizeRel|Win32.ActiveCfg = MinSizeRel|Win32
		{BF62C23A-A810-4CB1-9631-A6CF9C27C6DB}.MinSizeRel|Win32.Build.0 = MinSizeRel|Win32
		{BF62C23A-A810-4CB1-9631-A6CF9C27C6DB}.Release|Any CPU.ActiveCfg = Release|Win32
		{BF62C23A-A810-4CB1-9631-A6CF9C27C6DB}.Release|Mixed Platforms.ActiveCfg = Release|Win32
		{BF62C23A-A810-4CB1-9631-A6CF9C27C6DB}.Release|Mixed Platforms.Build.0 = Release|Win32
		{BF62C23A-A810-4CB1-9631-A6CF9C27C6DB}.Release|Win32.ActiveCfg = Release|Win32
		{BF62C23A-A810-4CB1-9631-A6CF9C27C6DB}.Release|Win32.Build.0 = Release|Win32
		{BF62C23A-A810-4CB1-9631-A6CF9C27C6DB}.RelWithDebInfo|Any CPU.ActiveCfg = RelWithDebInfo|Win32
		{BF62C23A-A810-4CB1-9631-A6CF9C27C6DB}.RelWithDebInfo|Mixed Platforms.ActiveCfg = RelWithDebInfo|Win32
		{BF62C23A-A810-4CB1-9631-A6CF9C27C6DB}.RelWithDebInfo|Mixed Platforms.Build.0 = RelWithDebInfo|Win32
		{BF62C23A-A810-4CB1-9631-A6CF9C27C6DB}.RelWithDebInfo|Win32.ActiveCfg = RelWithDebInfo|Win32
		{BF62C23A-A810-4CB1-9631-A6CF9C27C6DB}.RelWithDebInfo|Win32.Build.0 = RelWithDebInfo|Win32
		{8C289F4D-6321-4202-A8F9-81DCD4883CB3}.Debug|Any CPU.ActiveCfg = Debug|Win32
		{8C289F4D-6321-4202-A8F9-81DCD4883CB3}.Debug|Mixed Platforms.ActiveCfg = Debug|Win32
		{8C289F4D-6321-4202-A8F9-81DCD4883CB3}.Debug|Win32.ActiveCfg = Debug|Win32
		{8C289F4D-6321-4202-A8F9-81DCD4883CB3}.Debug|Win32.Build.0 = Debug|Win32
		{8C289F4D-6321-4202-A8F9-81DCD4883CB3}.MinSizeRel|Any CPU.ActiveCfg = MinSizeRel|Win32
		{8C289F4D-6321-4202-A8F9-81DCD4883CB3}.MinSizeRel|Mixed Platforms.ActiveCfg = MinSizeRel|Win32
		{8C289F4D-6321-4202-A8F9-81DCD4883CB3}.MinSizeRel|Mixed Platforms.Build.0 = MinSizeRel|Win32
		{8C289F4D-6321-4202-A8F9-81DCD4883CB3}.MinSizeRel|Win32.ActiveCfg = MinSizeRel|Win32
		{8C289F4D-6321-4202-A8F9-81DCD4883CB3}.MinSizeRel|Win32.Build.0 = MinSizeRel|Win32
		{8C289F4D-6321-4202-A8F9-81DCD4883CB3}.Release|Any CPU.ActiveCfg = Release|Win32
		{8C289F4D-6321-4202-A8F9-81DCD4883CB3}.Release|Mixed Platforms.ActiveCfg = Release|Win32
		{8C289F4D-6321-4202-A8F9-81DCD4883CB3}.Release|Mixed Platforms.Build.0 = Release|Win32
		{8C289F4D-6321-4202-A8F9-81DCD4883CB3}.Release|Win32.ActiveCfg = Release|Win32
		{8C289F4D-6321-4202-A8F9-81DCD4883CB3}.Release|Win32.Build.0 = Release|Win32
		{8C289F4D-6321-4202-A8F9-81DCD4883CB3}.RelWithDebInfo|Any CPU.ActiveCfg = RelWithDebInfo|Win32
		{8C289F4D-6321-4202-A8F9-81DCD4883CB3}.RelWithDebInfo|Mixed Platforms.ActiveCfg = RelWithDebInfo|Win32
		{8C289F4D-6321-4202-A8F9-81DCD4883CB3}.RelWithDebInfo|Mixed Platforms.Build.0 = RelWithDebInfo|Win32
		{8C289F4D-6321-4202-A8F9-81DCD4883CB3}.RelWithDebInfo|Win32.ActiveCfg = RelWithDebInfo|Win32
		{8C289F4D-6321-4202-A8F9-81DCD4883CB3}.RelWithDebInfo|Win32.Build.0 = RelWithDebInfo|Win32
		{A820B1F5-9A4C-4F25-B086-60E0C1D2DE47}.Debug|Any CPU.ActiveCfg = Debug|Win32
		{A820B1F5-9A4C-4F25-B086-60E0C1D2DE47}.Debug|Mixed Platforms.ActiveCfg = Debug|Win32
		{A820B1F5-9A4C-4F25-B086-60E0C1D2DE47}.Debug|Win32.ActiveCfg = Debug|Win32
		{A820B1F5-9A4C-4F25-B086-60E0C1D2DE47}.Debug|Win32.Build.0 = Debug|Win32
		{A820B1F5-9A4C-4F25-B086-60E0C1D2DE47}.MinSizeRel|Any CPU.ActiveCfg = MinSizeRel|Win32
		{A820B1F5-9A4C-4F25-B086-60E0C1D2DE47}.MinSizeRel|Mixed Platforms.ActiveCfg = MinSizeRel|Win32
		{A820B1F5-9A4C-4F25-B086-60E0C1D2DE47}.MinSizeRel|Mixed Platforms.Build.0 = MinSizeRel|Win32
		{A820B1F5-9A4C-4F25-B086-60E0C1D2DE47}.MinSizeRel|Win32.ActiveCfg = MinSizeRel|Win32
		{A820B1F5-9A4C-4F25-B086-60E0C1D2DE47}.MinSizeRel|Win32.Build.0 = MinSizeRel|Win32
		{A820B1F5-9A4C-4F25-B086-60E0C1D2DE47}.Release|Any CPU.ActiveCfg = Release|Win32
		{A820B1F5-9A4C-4F25-B086-60E0C1D2DE47}.Release|Mixed Platforms.ActiveCfg = Release|Win32
		{A820B1F5-9A4C-4F25-B086-60E0C1D2DE47}.Release|Mixed Platforms.Build.0 = Release|Win32
		{A820B1F5-9A4C-4F25-B086-60E0C1D2DE47}.Release|Win32.ActiveCfg = Release|Win32
		{A820B1F5-9A4C-4F25-B086-60E0C1D2DE47}.Release|Win32.Build.0 = Release|Win32
		{A820B1F5-9A4C-4F25-B086-60E0C1D2DE47}.RelWithDebInfo|Any CPU.ActiveCfg = RelWithDebInfo|Win32
		{A820B1F5-9A4C-4F25-B086-60E0C1D2DE47}.RelWithDebInfo|Mixed Platforms.ActiveCfg = RelWithDebInfo|Win32
		{A820B1F5-9A4C-4F25-B086-60E0C1D2DE47}.RelWithDebInfo|Mixed Platforms.Build.0 = RelWithDebInfo|Win32
		{A820B1F5-9A4C-4F25-B086-60E0C1D2DE47}.RelWithDebInfo|Win32.ActiveCfg = RelWithDebInfo|Win32
		{A820B1F5-9A4C-4F25-B086-60E0C1D2DE47}.RelWithDebInfo|Win32.Build.0 = RelWithDebInfo|Win32
	EndGlobalSection
	GlobalSection(SolutionProperties) = preSolution
		HideSolutionNode = FALSE
	EndGlobalSection
	GlobalSection(NestedProjects) = preSolution
		{60ACE0BC-C15B-4A41-A735-63FD967CC91F} = {E92BB286-351B-420A-B152-DB0511195EFC}
		{CE40F8DC-055E-424B-A0D0-1C020EB3632F} = {E92BB286-351B-420A-B152-DB0511195EFC}
		{ECFC3CA5-DB31-4109-8A00-88358E23B3B9} = {E92BB286-351B-420A-B152-DB0511195EFC}
		{A2CDA61C-7E07-4C22-8D7D-9F71E6378B89} = {9D3EF6A3-621D-4807-90CB-705CCD3A8FB8}
		{99FC20C2-9AD1-4049-BB11-B369C42FD6A8} = {9D3EF6A3-621D-4807-90CB-705CCD3A8FB8}
		{24058763-E745-4017-B015-A5AD1D0B2BF0} = {A2CDA61C-7E07-4C22-8D7D-9F71E6378B89}
		{4173F5CA-9E74-4719-88C3-23BD2C7E3285} = {A2CDA61C-7E07-4C22-8D7D-9F71E6378B89}
		{D217D3EE-658E-4AF9-8F77-AE4152409709} = {A2CDA61C-7E07-4C22-8D7D-9F71E6378B89}
		{BF62C23A-A810-4CB1-9631-A6CF9C27C6DB} = {A2CDA61C-7E07-4C22-8D7D-9F71E6378B89}
		{8C289F4D-6321-4202-A8F9-81DCD4883CB3} = {A2CDA61C-7E07-4C22-8D7D-9F71E6378B89}
		{A820B1F5-9A4C-4F25-B086-60E0C1D2DE47} = {A2CDA61C-7E07-4C22-8D7D-9F71E6378B89}
		{3073A470-6943-400E-BDFF-D25AA01577F8} = {EEB678B9-3558-486B-9221-D076C77DFDDF}
		{EB423B39-F564-498E-B291-0D9676AF09B5} = {B36A8443-1340-428D-AB0B-7AD47BC2531F}
	EndGlobalSection
	GlobalSection(Performance) = preSolution
		HasPerformanceSessions = true
	EndGlobalSection
EndGlobal
