
Microsoft Visual Studio Solution File, Format Version 12.00
# Visual Studio 2013
VisualStudioVersion = 12.0.21005.1
MinimumVisualStudioVersion = 10.0.40219.1
Project("{8BC9CEB8-8B4A-11D0-8D11-00A0C91BC942}") = "GameEngine", "GameEngine\GameEngine.vcxproj", "{E24D022C-E33B-47A1-BBB4-33666C76DDA9}"
	ProjectSection(ProjectDependencies) = postProject
		{99FC20C2-9AD1-4049-BB11-B369C42FD6A8} = {99FC20C2-9AD1-4049-BB11-B369C42FD6A8}
	EndProjectSection
EndProject
Project("{2150E333-8FDC-42A3-9474-1A3956D46DE8}") = "Solution Items", "Solution Items", "{6823E483-DFC6-4750-920C-35DA2E87B060}"
EndProject
Project("{8BC9CEB8-8B4A-11D0-8D11-00A0C91BC942}") = "SolarSystem", "Demos\SolarSystem\SolarSystem.vcxproj", "{60ACE0BC-C15B-4A41-A735-63FD967CC91F}"
	ProjectSection(ProjectDependencies) = postProject
		{E24D022C-E33B-47A1-BBB4-33666C76DDA9} = {E24D022C-E33B-47A1-BBB4-33666C76DDA9}
	EndProjectSection
EndProject
Project("{2150E333-8FDC-42A3-9474-1A3956D46DE8}") = "Vendors", "Vendors", "{9D3EF6A3-621D-4807-90CB-705CCD3A8FB8}"
EndProject
Project("{2150E333-8FDC-42A3-9474-1A3956D46DE8}") = "Bullet", "Bullet", "{A2CDA61C-7E07-4C22-8D7D-9F71E6378B89}"
EndProject
Project("{2150E333-8FDC-42A3-9474-1A3956D46DE8}") = "Demos", "Demos", "{E92BB286-351B-420A-B152-DB0511195EFC}"
EndProject
Project("{8BC9CEB8-8B4A-11D0-8D11-00A0C91BC942}") = "BulletCollision", "Vendors\bullet-2.82-r2704\build\src\BulletCollision\BulletCollision.vcxproj", "{A4BE8DC8-0AC3-4AAF-B610-05716B33112A}"
EndProject
Project("{8BC9CEB8-8B4A-11D0-8D11-00A0C91BC942}") = "BulletDynamics", "Vendors\bullet-2.82-r2704\build\src\BulletDynamics\BulletDynamics.vcxproj", "{75438AC1-BF59-475E-86A5-B9B5B0E427D6}"
EndProject
Project("{8BC9CEB8-8B4A-11D0-8D11-00A0C91BC942}") = "BulletMultiThreaded", "Vendors\bullet-2.82-r2704\build\src\BulletMultiThreaded\BulletMultiThreaded.vcxproj", "{7A44668A-AF3B-4024-9E17-8156E8EE1221}"
EndProject
Project("{8BC9CEB8-8B4A-11D0-8D11-00A0C91BC942}") = "LinearMath", "Vendors\bullet-2.82-r2704\build\src\LinearMath\LinearMath.vcxproj", "{40CAA15C-227B-45BE-AD17-D21A099989B8}"
EndProject
Project("{8BC9CEB8-8B4A-11D0-8D11-00A0C91BC942}") = "ConvexDecomposition", "Vendors\bullet-2.82-r2704\build\Extras\ConvexDecomposition\ConvexDecomposition.vcxproj", "{45AB731E-6B5D-4583-9F94-6A89A3FBE91C}"
EndProject
Project("{8BC9CEB8-8B4A-11D0-8D11-00A0C91BC942}") = "HACD", "Vendors\bullet-2.82-r2704\build\Extras\HACD\HACD.vcxproj", "{C6F57A4C-3163-466F-A499-621507D2A1A9}"
EndProject
Project("{8BC9CEB8-8B4A-11D0-8D11-00A0C91BC942}") = "BulletImplementation", "Demos\BulletImplementation\BulletImplementation.vcxproj", "{CE40F8DC-055E-424B-A0D0-1C020EB3632F}"
EndProject
Project("{8BC9CEB8-8B4A-11D0-8D11-00A0C91BC942}") = "TinyObjLoader", "Vendors\TinyObjLoader\TinyObjLoader.vcxproj", "{99FC20C2-9AD1-4049-BB11-B369C42FD6A8}"
EndProject
Project("{2150E333-8FDC-42A3-9474-1A3956D46DE8}") = "Packs", "Packs", "{EEB678B9-3558-486B-9221-D076C77DFDDF}"
EndProject
Project("{8BC9CEB8-8B4A-11D0-8D11-00A0C91BC942}") = "PhysicBulletPack", "Packs\PhysicBulletPack\PhysicBulletPack.vcxproj", "{3073A470-6943-400E-BDFF-D25AA01577F8}"
EndProject
Global
	GlobalSection(SolutionConfigurationPlatforms) = preSolution
		Debug|Any CPU = Debug|Any CPU
		Debug|Mixed Platforms = Debug|Mixed Platforms
		Debug|Win32 = Debug|Win32
		MinSizeRel|Any CPU = MinSizeRel|Any CPU
		MinSizeRel|Mixed Platforms = MinSizeRel|Mixed Platforms
		MinSizeRel|Win32 = MinSizeRel|Win32
		Release|Any CPU = Release|Any CPU
		Release|Mixed Platforms = Release|Mixed Platforms
		Release|Win32 = Release|Win32
		RelWithDebInfo|Any CPU = RelWithDebInfo|Any CPU
		RelWithDebInfo|Mixed Platforms = RelWithDebInfo|Mixed Platforms
		RelWithDebInfo|Win32 = RelWithDebInfo|Win32
	EndGlobalSection
	GlobalSection(ProjectConfigurationPlatforms) = postSolution
		{E24D022C-E33B-47A1-BBB4-33666C76DDA9}.Debug|Any CPU.ActiveCfg = Debug|Win32
		{E24D022C-E33B-47A1-BBB4-33666C76DDA9}.Debug|Mixed Platforms.ActiveCfg = Debug|Win32
		{E24D022C-E33B-47A1-BBB4-33666C76DDA9}.Debug|Mixed Platforms.Build.0 = Debug|Win32
		{E24D022C-E33B-47A1-BBB4-33666C76DDA9}.Debug|Win32.ActiveCfg = Debug|Win32
		{E24D022C-E33B-47A1-BBB4-33666C76DDA9}.Debug|Win32.Build.0 = Debug|Win32
		{E24D022C-E33B-47A1-BBB4-33666C76DDA9}.MinSizeRel|Any CPU.ActiveCfg = Release|Win32
		{E24D022C-E33B-47A1-BBB4-33666C76DDA9}.MinSizeRel|Mixed Platforms.ActiveCfg = Release|Win32
		{E24D022C-E33B-47A1-BBB4-33666C76DDA9}.MinSizeRel|Mixed Platforms.Build.0 = Release|Win32
		{E24D022C-E33B-47A1-BBB4-33666C76DDA9}.MinSizeRel|Win32.ActiveCfg = Release|Win32
		{E24D022C-E33B-47A1-BBB4-33666C76DDA9}.MinSizeRel|Win32.Build.0 = Release|Win32
		{E24D022C-E33B-47A1-BBB4-33666C76DDA9}.Release|Any CPU.ActiveCfg = Release|Win32
		{E24D022C-E33B-47A1-BBB4-33666C76DDA9}.Release|Mixed Platforms.ActiveCfg = Release|Win32
		{E24D022C-E33B-47A1-BBB4-33666C76DDA9}.Release|Mixed Platforms.Build.0 = Release|Win32
		{E24D022C-E33B-47A1-BBB4-33666C76DDA9}.Release|Win32.ActiveCfg = Release|Win32
		{E24D022C-E33B-47A1-BBB4-33666C76DDA9}.Release|Win32.Build.0 = Release|Win32
		{E24D022C-E33B-47A1-BBB4-33666C76DDA9}.RelWithDebInfo|Any CPU.ActiveCfg = Release|Win32
		{E24D022C-E33B-47A1-BBB4-33666C76DDA9}.RelWithDebInfo|Mixed Platforms.ActiveCfg = Release|Win32
		{E24D022C-E33B-47A1-BBB4-33666C76DDA9}.RelWithDebInfo|Mixed Platforms.Build.0 = Release|Win32
		{E24D022C-E33B-47A1-BBB4-33666C76DDA9}.RelWithDebInfo|Win32.ActiveCfg = Release|Win32
		{E24D022C-E33B-47A1-BBB4-33666C76DDA9}.RelWithDebInfo|Win32.Build.0 = Release|Win32
		{60ACE0BC-C15B-4A41-A735-63FD967CC91F}.Debug|Any CPU.ActiveCfg = Debug|Win32
		{60ACE0BC-C15B-4A41-A735-63FD967CC91F}.Debug|Mixed Platforms.ActiveCfg = Debug|Win32
		{60ACE0BC-C15B-4A41-A735-63FD967CC91F}.Debug|Mixed Platforms.Build.0 = Debug|Win32
		{60ACE0BC-C15B-4A41-A735-63FD967CC91F}.Debug|Win32.ActiveCfg = Debug|Win32
		{60ACE0BC-C15B-4A41-A735-63FD967CC91F}.Debug|Win32.Build.0 = Debug|Win32
		{60ACE0BC-C15B-4A41-A735-63FD967CC91F}.MinSizeRel|Any CPU.ActiveCfg = Release|Win32
		{60ACE0BC-C15B-4A41-A735-63FD967CC91F}.MinSizeRel|Mixed Platforms.ActiveCfg = Release|Win32
		{60ACE0BC-C15B-4A41-A735-63FD967CC91F}.MinSizeRel|Mixed Platforms.Build.0 = Release|Win32
		{60ACE0BC-C15B-4A41-A735-63FD967CC91F}.MinSizeRel|Win32.ActiveCfg = Release|Win32
		{60ACE0BC-C15B-4A41-A735-63FD967CC91F}.MinSizeRel|Win32.Build.0 = Release|Win32
		{60ACE0BC-C15B-4A41-A735-63FD967CC91F}.Release|Any CPU.ActiveCfg = Release|Win32
		{60ACE0BC-C15B-4A41-A735-63FD967CC91F}.Release|Mixed Platforms.ActiveCfg = Release|Win32
		{60ACE0BC-C15B-4A41-A735-63FD967CC91F}.Release|Mixed Platforms.Build.0 = Release|Win32
		{60ACE0BC-C15B-4A41-A735-63FD967CC91F}.Release|Win32.ActiveCfg = Release|Win32
		{60ACE0BC-C15B-4A41-A735-63FD967CC91F}.Release|Win32.Build.0 = Release|Win32
		{60ACE0BC-C15B-4A41-A735-63FD967CC91F}.RelWithDebInfo|Any CPU.ActiveCfg = Release|Win32
		{60ACE0BC-C15B-4A41-A735-63FD967CC91F}.RelWithDebInfo|Mixed Platforms.ActiveCfg = Release|Win32
		{60ACE0BC-C15B-4A41-A735-63FD967CC91F}.RelWithDebInfo|Mixed Platforms.Build.0 = Release|Win32
		{60ACE0BC-C15B-4A41-A735-63FD967CC91F}.RelWithDebInfo|Win32.ActiveCfg = Release|Win32
		{60ACE0BC-C15B-4A41-A735-63FD967CC91F}.RelWithDebInfo|Win32.Build.0 = Release|Win32
		{A4BE8DC8-0AC3-4AAF-B610-05716B33112A}.Debug|Any CPU.ActiveCfg = Debug|Win32
		{A4BE8DC8-0AC3-4AAF-B610-05716B33112A}.Debug|Mixed Platforms.ActiveCfg = Debug|Win32
		{A4BE8DC8-0AC3-4AAF-B610-05716B33112A}.Debug|Mixed Platforms.Build.0 = Debug|Win32
		{A4BE8DC8-0AC3-4AAF-B610-05716B33112A}.Debug|Win32.ActiveCfg = Debug|Win32
		{A4BE8DC8-0AC3-4AAF-B610-05716B33112A}.Debug|Win32.Build.0 = Debug|Win32
		{A4BE8DC8-0AC3-4AAF-B610-05716B33112A}.MinSizeRel|Any CPU.ActiveCfg = MinSizeRel|Win32
		{A4BE8DC8-0AC3-4AAF-B610-05716B33112A}.MinSizeRel|Mixed Platforms.ActiveCfg = MinSizeRel|Win32
		{A4BE8DC8-0AC3-4AAF-B610-05716B33112A}.MinSizeRel|Mixed Platforms.Build.0 = MinSizeRel|Win32
		{A4BE8DC8-0AC3-4AAF-B610-05716B33112A}.MinSizeRel|Win32.ActiveCfg = MinSizeRel|Win32
		{A4BE8DC8-0AC3-4AAF-B610-05716B33112A}.MinSizeRel|Win32.Build.0 = MinSizeRel|Win32
		{A4BE8DC8-0AC3-4AAF-B610-05716B33112A}.Release|Any CPU.ActiveCfg = Release|Win32
		{A4BE8DC8-0AC3-4AAF-B610-05716B33112A}.Release|Mixed Platforms.ActiveCfg = Release|Win32
		{A4BE8DC8-0AC3-4AAF-B610-05716B33112A}.Release|Mixed Platforms.Build.0 = Release|Win32
		{A4BE8DC8-0AC3-4AAF-B610-05716B33112A}.Release|Win32.ActiveCfg = Release|Win32
		{A4BE8DC8-0AC3-4AAF-B610-05716B33112A}.Release|Win32.Build.0 = Release|Win32
		{A4BE8DC8-0AC3-4AAF-B610-05716B33112A}.RelWithDebInfo|Any CPU.ActiveCfg = RelWithDebInfo|Win32
		{A4BE8DC8-0AC3-4AAF-B610-05716B33112A}.RelWithDebInfo|Mixed Platforms.ActiveCfg = RelWithDebInfo|Win32
		{A4BE8DC8-0AC3-4AAF-B610-05716B33112A}.RelWithDebInfo|Mixed Platforms.Build.0 = RelWithDebInfo|Win32
		{A4BE8DC8-0AC3-4AAF-B610-05716B33112A}.RelWithDebInfo|Win32.ActiveCfg = RelWithDebInfo|Win32
		{A4BE8DC8-0AC3-4AAF-B610-05716B33112A}.RelWithDebInfo|Win32.Build.0 = RelWithDebInfo|Win32
		{75438AC1-BF59-475E-86A5-B9B5B0E427D6}.Debug|Any CPU.ActiveCfg = Debug|Win32
		{75438AC1-BF59-475E-86A5-B9B5B0E427D6}.Debug|Mixed Platforms.ActiveCfg = Debug|Win32
		{75438AC1-BF59-475E-86A5-B9B5B0E427D6}.Debug|Mixed Platforms.Build.0 = Debug|Win32
		{75438AC1-BF59-475E-86A5-B9B5B0E427D6}.Debug|Win32.ActiveCfg = Debug|Win32
		{75438AC1-BF59-475E-86A5-B9B5B0E427D6}.Debug|Win32.Build.0 = Debug|Win32
		{75438AC1-BF59-475E-86A5-B9B5B0E427D6}.MinSizeRel|Any CPU.ActiveCfg = MinSizeRel|Win32
		{75438AC1-BF59-475E-86A5-B9B5B0E427D6}.MinSizeRel|Mixed Platforms.ActiveCfg = MinSizeRel|Win32
		{75438AC1-BF59-475E-86A5-B9B5B0E427D6}.MinSizeRel|Mixed Platforms.Build.0 = MinSizeRel|Win32
		{75438AC1-BF59-475E-86A5-B9B5B0E427D6}.MinSizeRel|Win32.ActiveCfg = MinSizeRel|Win32
		{75438AC1-BF59-475E-86A5-B9B5B0E427D6}.MinSizeRel|Win32.Build.0 = MinSizeRel|Win32
		{75438AC1-BF59-475E-86A5-B9B5B0E427D6}.Release|Any CPU.ActiveCfg = Release|Win32
		{75438AC1-BF59-475E-86A5-B9B5B0E427D6}.Release|Mixed Platforms.ActiveCfg = Release|Win32
		{75438AC1-BF59-475E-86A5-B9B5B0E427D6}.Release|Mixed Platforms.Build.0 = Release|Win32
		{75438AC1-BF59-475E-86A5-B9B5B0E427D6}.Release|Win32.ActiveCfg = Release|Win32
		{75438AC1-BF59-475E-86A5-B9B5B0E427D6}.Release|Win32.Build.0 = Release|Win32
		{75438AC1-BF59-475E-86A5-B9B5B0E427D6}.RelWithDebInfo|Any CPU.ActiveCfg = RelWithDebInfo|Win32
		{75438AC1-BF59-475E-86A5-B9B5B0E427D6}.RelWithDebInfo|Mixed Platforms.ActiveCfg = RelWithDebInfo|Win32
		{75438AC1-BF59-475E-86A5-B9B5B0E427D6}.RelWithDebInfo|Mixed Platforms.Build.0 = RelWithDebInfo|Win32
		{75438AC1-BF59-475E-86A5-B9B5B0E427D6}.RelWithDebInfo|Win32.ActiveCfg = RelWithDebInfo|Win32
		{75438AC1-BF59-475E-86A5-B9B5B0E427D6}.RelWithDebInfo|Win32.Build.0 = RelWithDebInfo|Win32
		{7A44668A-AF3B-4024-9E17-8156E8EE1221}.Debug|Any CPU.ActiveCfg = Debug|Win32
		{7A44668A-AF3B-4024-9E17-8156E8EE1221}.Debug|Mixed Platforms.ActiveCfg = Debug|Win32
		{7A44668A-AF3B-4024-9E17-8156E8EE1221}.Debug|Mixed Platforms.Build.0 = Debug|Win32
		{7A44668A-AF3B-4024-9E17-8156E8EE1221}.Debug|Win32.ActiveCfg = Debug|Win32
		{7A44668A-AF3B-4024-9E17-8156E8EE1221}.Debug|Win32.Build.0 = Debug|Win32
		{7A44668A-AF3B-4024-9E17-8156E8EE1221}.MinSizeRel|Any CPU.ActiveCfg = MinSizeRel|Win32
		{7A44668A-AF3B-4024-9E17-8156E8EE1221}.MinSizeRel|Mixed Platforms.ActiveCfg = MinSizeRel|Win32
		{7A44668A-AF3B-4024-9E17-8156E8EE1221}.MinSizeRel|Mixed Platforms.Build.0 = MinSizeRel|Win32
		{7A44668A-AF3B-4024-9E17-8156E8EE1221}.MinSizeRel|Win32.ActiveCfg = MinSizeRel|Win32
		{7A44668A-AF3B-4024-9E17-8156E8EE1221}.MinSizeRel|Win32.Build.0 = MinSizeRel|Win32
		{7A44668A-AF3B-4024-9E17-8156E8EE1221}.Release|Any CPU.ActiveCfg = Release|Win32
		{7A44668A-AF3B-4024-9E17-8156E8EE1221}.Release|Mixed Platforms.ActiveCfg = Release|Win32
		{7A44668A-AF3B-4024-9E17-8156E8EE1221}.Release|Mixed Platforms.Build.0 = Release|Win32
		{7A44668A-AF3B-4024-9E17-8156E8EE1221}.Release|Win32.ActiveCfg = Release|Win32
		{7A44668A-AF3B-4024-9E17-8156E8EE1221}.Release|Win32.Build.0 = Release|Win32
		{7A44668A-AF3B-4024-9E17-8156E8EE1221}.RelWithDebInfo|Any CPU.ActiveCfg = RelWithDebInfo|Win32
		{7A44668A-AF3B-4024-9E17-8156E8EE1221}.RelWithDebInfo|Mixed Platforms.ActiveCfg = RelWithDebInfo|Win32
		{7A44668A-AF3B-4024-9E17-8156E8EE1221}.RelWithDebInfo|Mixed Platforms.Build.0 = RelWithDebInfo|Win32
		{7A44668A-AF3B-4024-9E17-8156E8EE1221}.RelWithDebInfo|Win32.ActiveCfg = RelWithDebInfo|Win32
		{7A44668A-AF3B-4024-9E17-8156E8EE1221}.RelWithDebInfo|Win32.Build.0 = RelWithDebInfo|Win32
		{40CAA15C-227B-45BE-AD17-D21A099989B8}.Debug|Any CPU.ActiveCfg = Debug|Win32
		{40CAA15C-227B-45BE-AD17-D21A099989B8}.Debug|Mixed Platforms.ActiveCfg = Debug|Win32
		{40CAA15C-227B-45BE-AD17-D21A099989B8}.Debug|Mixed Platforms.Build.0 = Debug|Win32
		{40CAA15C-227B-45BE-AD17-D21A099989B8}.Debug|Win32.ActiveCfg = Debug|Win32
		{40CAA15C-227B-45BE-AD17-D21A099989B8}.Debug|Win32.Build.0 = Debug|Win32
		{40CAA15C-227B-45BE-AD17-D21A099989B8}.MinSizeRel|Any CPU.ActiveCfg = MinSizeRel|Win32
		{40CAA15C-227B-45BE-AD17-D21A099989B8}.MinSizeRel|Mixed Platforms.ActiveCfg = MinSizeRel|Win32
		{40CAA15C-227B-45BE-AD17-D21A099989B8}.MinSizeRel|Mixed Platforms.Build.0 = MinSizeRel|Win32
		{40CAA15C-227B-45BE-AD17-D21A099989B8}.MinSizeRel|Win32.ActiveCfg = MinSizeRel|Win32
		{40CAA15C-227B-45BE-AD17-D21A099989B8}.MinSizeRel|Win32.Build.0 = MinSizeRel|Win32
		{40CAA15C-227B-45BE-AD17-D21A099989B8}.Release|Any CPU.ActiveCfg = Release|Win32
		{40CAA15C-227B-45BE-AD17-D21A099989B8}.Release|Mixed Platforms.ActiveCfg = Release|Win32
		{40CAA15C-227B-45BE-AD17-D21A099989B8}.Release|Mixed Platforms.Build.0 = Release|Win32
		{40CAA15C-227B-45BE-AD17-D21A099989B8}.Release|Win32.ActiveCfg = Release|Win32
		{40CAA15C-227B-45BE-AD17-D21A099989B8}.Release|Win32.Build.0 = Release|Win32
		{40CAA15C-227B-45BE-AD17-D21A099989B8}.RelWithDebInfo|Any CPU.ActiveCfg = RelWithDebInfo|Win32
		{40CAA15C-227B-45BE-AD17-D21A099989B8}.RelWithDebInfo|Mixed Platforms.ActiveCfg = RelWithDebInfo|Win32
		{40CAA15C-227B-45BE-AD17-D21A099989B8}.RelWithDebInfo|Mixed Platforms.Build.0 = RelWithDebInfo|Win32
		{40CAA15C-227B-45BE-AD17-D21A099989B8}.RelWithDebInfo|Win32.ActiveCfg = RelWithDebInfo|Win32
		{40CAA15C-227B-45BE-AD17-D21A099989B8}.RelWithDebInfo|Win32.Build.0 = RelWithDebInfo|Win32
		{45AB731E-6B5D-4583-9F94-6A89A3FBE91C}.Debug|Any CPU.ActiveCfg = Debug|Win32
		{45AB731E-6B5D-4583-9F94-6A89A3FBE91C}.Debug|Mixed Platforms.ActiveCfg = Debug|Win32
		{45AB731E-6B5D-4583-9F94-6A89A3FBE91C}.Debug|Mixed Platforms.Build.0 = Debug|Win32
		{45AB731E-6B5D-4583-9F94-6A89A3FBE91C}.Debug|Win32.ActiveCfg = Debug|Win32
		{45AB731E-6B5D-4583-9F94-6A89A3FBE91C}.Debug|Win32.Build.0 = Debug|Win32
		{45AB731E-6B5D-4583-9F94-6A89A3FBE91C}.MinSizeRel|Any CPU.ActiveCfg = MinSizeRel|Win32
		{45AB731E-6B5D-4583-9F94-6A89A3FBE91C}.MinSizeRel|Mixed Platforms.ActiveCfg = MinSizeRel|Win32
		{45AB731E-6B5D-4583-9F94-6A89A3FBE91C}.MinSizeRel|Mixed Platforms.Build.0 = MinSizeRel|Win32
		{45AB731E-6B5D-4583-9F94-6A89A3FBE91C}.MinSizeRel|Win32.ActiveCfg = MinSizeRel|Win32
		{45AB731E-6B5D-4583-9F94-6A89A3FBE91C}.MinSizeRel|Win32.Build.0 = MinSizeRel|Win32
		{45AB731E-6B5D-4583-9F94-6A89A3FBE91C}.Release|Any CPU.ActiveCfg = Release|Win32
		{45AB731E-6B5D-4583-9F94-6A89A3FBE91C}.Release|Mixed Platforms.ActiveCfg = Release|Win32
		{45AB731E-6B5D-4583-9F94-6A89A3FBE91C}.Release|Mixed Platforms.Build.0 = Release|Win32
		{45AB731E-6B5D-4583-9F94-6A89A3FBE91C}.Release|Win32.ActiveCfg = Release|Win32
		{45AB731E-6B5D-4583-9F94-6A89A3FBE91C}.Release|Win32.Build.0 = Release|Win32
		{45AB731E-6B5D-4583-9F94-6A89A3FBE91C}.RelWithDebInfo|Any CPU.ActiveCfg = RelWithDebInfo|Win32
		{45AB731E-6B5D-4583-9F94-6A89A3FBE91C}.RelWithDebInfo|Mixed Platforms.ActiveCfg = RelWithDebInfo|Win32
		{45AB731E-6B5D-4583-9F94-6A89A3FBE91C}.RelWithDebInfo|Mixed Platforms.Build.0 = RelWithDebInfo|Win32
		{45AB731E-6B5D-4583-9F94-6A89A3FBE91C}.RelWithDebInfo|Win32.ActiveCfg = RelWithDebInfo|Win32
		{45AB731E-6B5D-4583-9F94-6A89A3FBE91C}.RelWithDebInfo|Win32.Build.0 = RelWithDebInfo|Win32
		{C6F57A4C-3163-466F-A499-621507D2A1A9}.Debug|Any CPU.ActiveCfg = Debug|Win32
		{C6F57A4C-3163-466F-A499-621507D2A1A9}.Debug|Mixed Platforms.ActiveCfg = Debug|Win32
		{C6F57A4C-3163-466F-A499-621507D2A1A9}.Debug|Mixed Platforms.Build.0 = Debug|Win32
		{C6F57A4C-3163-466F-A499-621507D2A1A9}.Debug|Win32.ActiveCfg = Debug|Win32
		{C6F57A4C-3163-466F-A499-621507D2A1A9}.Debug|Win32.Build.0 = Debug|Win32
		{C6F57A4C-3163-466F-A499-621507D2A1A9}.MinSizeRel|Any CPU.ActiveCfg = MinSizeRel|Win32
		{C6F57A4C-3163-466F-A499-621507D2A1A9}.MinSizeRel|Mixed Platforms.ActiveCfg = MinSizeRel|Win32
		{C6F57A4C-3163-466F-A499-621507D2A1A9}.MinSizeRel|Mixed Platforms.Build.0 = MinSizeRel|Win32
		{C6F57A4C-3163-466F-A499-621507D2A1A9}.MinSizeRel|Win32.ActiveCfg = MinSizeRel|Win32
		{C6F57A4C-3163-466F-A499-621507D2A1A9}.MinSizeRel|Win32.Build.0 = MinSizeRel|Win32
		{C6F57A4C-3163-466F-A499-621507D2A1A9}.Release|Any CPU.ActiveCfg = Release|Win32
		{C6F57A4C-3163-466F-A499-621507D2A1A9}.Release|Mixed Platforms.ActiveCfg = Release|Win32
		{C6F57A4C-3163-466F-A499-621507D2A1A9}.Release|Mixed Platforms.Build.0 = Release|Win32
		{C6F57A4C-3163-466F-A499-621507D2A1A9}.Release|Win32.ActiveCfg = Release|Win32
		{C6F57A4C-3163-466F-A499-621507D2A1A9}.Release|Win32.Build.0 = Release|Win32
		{C6F57A4C-3163-466F-A499-621507D2A1A9}.RelWithDebInfo|Any CPU.ActiveCfg = RelWithDebInfo|Win32
		{C6F57A4C-3163-466F-A499-621507D2A1A9}.RelWithDebInfo|Mixed Platforms.ActiveCfg = RelWithDebInfo|Win32
		{C6F57A4C-3163-466F-A499-621507D2A1A9}.RelWithDebInfo|Mixed Platforms.Build.0 = RelWithDebInfo|Win32
		{C6F57A4C-3163-466F-A499-621507D2A1A9}.RelWithDebInfo|Win32.ActiveCfg = RelWithDebInfo|Win32
		{C6F57A4C-3163-466F-A499-621507D2A1A9}.RelWithDebInfo|Win32.Build.0 = RelWithDebInfo|Win32
		{CE40F8DC-055E-424B-A0D0-1C020EB3632F}.Debug|Any CPU.ActiveCfg = Debug|Win32
		{CE40F8DC-055E-424B-A0D0-1C020EB3632F}.Debug|Mixed Platforms.ActiveCfg = Debug|Win32
		{CE40F8DC-055E-424B-A0D0-1C020EB3632F}.Debug|Mixed Platforms.Build.0 = Debug|Win32
		{CE40F8DC-055E-424B-A0D0-1C020EB3632F}.Debug|Win32.ActiveCfg = Debug|Win32
		{CE40F8DC-055E-424B-A0D0-1C020EB3632F}.Debug|Win32.Build.0 = Debug|Win32
		{CE40F8DC-055E-424B-A0D0-1C020EB3632F}.MinSizeRel|Any CPU.ActiveCfg = Release|Win32
		{CE40F8DC-055E-424B-A0D0-1C020EB3632F}.MinSizeRel|Mixed Platforms.ActiveCfg = Release|Win32
		{CE40F8DC-055E-424B-A0D0-1C020EB3632F}.MinSizeRel|Mixed Platforms.Build.0 = Release|Win32
		{CE40F8DC-055E-424B-A0D0-1C020EB3632F}.MinSizeRel|Win32.ActiveCfg = Release|Win32
		{CE40F8DC-055E-424B-A0D0-1C020EB3632F}.MinSizeRel|Win32.Build.0 = Release|Win32
		{CE40F8DC-055E-424B-A0D0-1C020EB3632F}.Release|Any CPU.ActiveCfg = Release|Win32
		{CE40F8DC-055E-424B-A0D0-1C020EB3632F}.Release|Mixed Platforms.ActiveCfg = Release|Win32
		{CE40F8DC-055E-424B-A0D0-1C020EB3632F}.Release|Mixed Platforms.Build.0 = Release|Win32
		{CE40F8DC-055E-424B-A0D0-1C020EB3632F}.Release|Win32.ActiveCfg = Release|Win32
		{CE40F8DC-055E-424B-A0D0-1C020EB3632F}.Release|Win32.Build.0 = Release|Win32
		{CE40F8DC-055E-424B-A0D0-1C020EB3632F}.RelWithDebInfo|Any CPU.ActiveCfg = Release|Win32
		{CE40F8DC-055E-424B-A0D0-1C020EB3632F}.RelWithDebInfo|Mixed Platforms.ActiveCfg = Release|Win32
		{CE40F8DC-055E-424B-A0D0-1C020EB3632F}.RelWithDebInfo|Mixed Platforms.Build.0 = Release|Win32
		{CE40F8DC-055E-424B-A0D0-1C020EB3632F}.RelWithDebInfo|Win32.ActiveCfg = Release|Win32
		{CE40F8DC-055E-424B-A0D0-1C020EB3632F}.RelWithDebInfo|Win32.Build.0 = Release|Win32
		{99FC20C2-9AD1-4049-BB11-B369C42FD6A8}.Debug|Any CPU.ActiveCfg = Debug|Win32
		{99FC20C2-9AD1-4049-BB11-B369C42FD6A8}.Debug|Mixed Platforms.ActiveCfg = Debug|Win32
		{99FC20C2-9AD1-4049-BB11-B369C42FD6A8}.Debug|Mixed Platforms.Build.0 = Debug|Win32
		{99FC20C2-9AD1-4049-BB11-B369C42FD6A8}.Debug|Win32.ActiveCfg = Debug|Win32
		{99FC20C2-9AD1-4049-BB11-B369C42FD6A8}.Debug|Win32.Build.0 = Debug|Win32
		{99FC20C2-9AD1-4049-BB11-B369C42FD6A8}.MinSizeRel|Any CPU.ActiveCfg = Release|Win32
		{99FC20C2-9AD1-4049-BB11-B369C42FD6A8}.MinSizeRel|Mixed Platforms.ActiveCfg = Release|Win32
		{99FC20C2-9AD1-4049-BB11-B369C42FD6A8}.MinSizeRel|Mixed Platforms.Build.0 = Release|Win32
		{99FC20C2-9AD1-4049-BB11-B369C42FD6A8}.MinSizeRel|Win32.ActiveCfg = Release|Win32
		{99FC20C2-9AD1-4049-BB11-B369C42FD6A8}.MinSizeRel|Win32.Build.0 = Release|Win32
		{99FC20C2-9AD1-4049-BB11-B369C42FD6A8}.Release|Any CPU.ActiveCfg = Release|Win32
		{99FC20C2-9AD1-4049-BB11-B369C42FD6A8}.Release|Mixed Platforms.ActiveCfg = Release|Win32
		{99FC20C2-9AD1-4049-BB11-B369C42FD6A8}.Release|Mixed Platforms.Build.0 = Release|Win32
		{99FC20C2-9AD1-4049-BB11-B369C42FD6A8}.Release|Win32.ActiveCfg = Release|Win32
		{99FC20C2-9AD1-4049-BB11-B369C42FD6A8}.Release|Win32.Build.0 = Release|Win32
		{99FC20C2-9AD1-4049-BB11-B369C42FD6A8}.RelWithDebInfo|Any CPU.ActiveCfg = Release|Win32
		{99FC20C2-9AD1-4049-BB11-B369C42FD6A8}.RelWithDebInfo|Mixed Platforms.ActiveCfg = Release|Win32
		{99FC20C2-9AD1-4049-BB11-B369C42FD6A8}.RelWithDebInfo|Mixed Platforms.Build.0 = Release|Win32
		{99FC20C2-9AD1-4049-BB11-B369C42FD6A8}.RelWithDebInfo|Win32.ActiveCfg = Release|Win32
		{99FC20C2-9AD1-4049-BB11-B369C42FD6A8}.RelWithDebInfo|Win32.Build.0 = Release|Win32
		{3073A470-6943-400E-BDFF-D25AA01577F8}.Debug|Any CPU.ActiveCfg = Debug|Win32
		{3073A470-6943-400E-BDFF-D25AA01577F8}.Debug|Mixed Platforms.ActiveCfg = Debug|Win32
		{3073A470-6943-400E-BDFF-D25AA01577F8}.Debug|Mixed Platforms.Build.0 = Debug|Win32
		{3073A470-6943-400E-BDFF-D25AA01577F8}.Debug|Win32.ActiveCfg = Debug|Win32
		{3073A470-6943-400E-BDFF-D25AA01577F8}.Debug|Win32.Build.0 = Debug|Win32
		{3073A470-6943-400E-BDFF-D25AA01577F8}.MinSizeRel|Any CPU.ActiveCfg = Release|Win32
		{3073A470-6943-400E-BDFF-D25AA01577F8}.MinSizeRel|Mixed Platforms.ActiveCfg = Release|Win32
		{3073A470-6943-400E-BDFF-D25AA01577F8}.MinSizeRel|Mixed Platforms.Build.0 = Release|Win32
		{3073A470-6943-400E-BDFF-D25AA01577F8}.MinSizeRel|Win32.ActiveCfg = Release|Win32
		{3073A470-6943-400E-BDFF-D25AA01577F8}.MinSizeRel|Win32.Build.0 = Release|Win32
		{3073A470-6943-400E-BDFF-D25AA01577F8}.Release|Any CPU.ActiveCfg = Release|Win32
		{3073A470-6943-400E-BDFF-D25AA01577F8}.Release|Mixed Platforms.ActiveCfg = Release|Win32
		{3073A470-6943-400E-BDFF-D25AA01577F8}.Release|Mixed Platforms.Build.0 = Release|Win32
		{3073A470-6943-400E-BDFF-D25AA01577F8}.Release|Win32.ActiveCfg = Release|Win32
		{3073A470-6943-400E-BDFF-D25AA01577F8}.Release|Win32.Build.0 = Release|Win32
		{3073A470-6943-400E-BDFF-D25AA01577F8}.RelWithDebInfo|Any CPU.ActiveCfg = Release|Win32
		{3073A470-6943-400E-BDFF-D25AA01577F8}.RelWithDebInfo|Mixed Platforms.ActiveCfg = Release|Win32
		{3073A470-6943-400E-BDFF-D25AA01577F8}.RelWithDebInfo|Mixed Platforms.Build.0 = Release|Win32
		{3073A470-6943-400E-BDFF-D25AA01577F8}.RelWithDebInfo|Win32.ActiveCfg = Release|Win32
		{3073A470-6943-400E-BDFF-D25AA01577F8}.RelWithDebInfo|Win32.Build.0 = Release|Win32
	EndGlobalSection
	GlobalSection(SolutionProperties) = preSolution
		HideSolutionNode = FALSE
	EndGlobalSection
	GlobalSection(NestedProjects) = preSolution
		{60ACE0BC-C15B-4A41-A735-63FD967CC91F} = {E92BB286-351B-420A-B152-DB0511195EFC}
		{CE40F8DC-055E-424B-A0D0-1C020EB3632F} = {E92BB286-351B-420A-B152-DB0511195EFC}
		{A2CDA61C-7E07-4C22-8D7D-9F71E6378B89} = {9D3EF6A3-621D-4807-90CB-705CCD3A8FB8}
		{99FC20C2-9AD1-4049-BB11-B369C42FD6A8} = {9D3EF6A3-621D-4807-90CB-705CCD3A8FB8}
		{A4BE8DC8-0AC3-4AAF-B610-05716B33112A} = {A2CDA61C-7E07-4C22-8D7D-9F71E6378B89}
		{75438AC1-BF59-475E-86A5-B9B5B0E427D6} = {A2CDA61C-7E07-4C22-8D7D-9F71E6378B89}
		{7A44668A-AF3B-4024-9E17-8156E8EE1221} = {A2CDA61C-7E07-4C22-8D7D-9F71E6378B89}
		{40CAA15C-227B-45BE-AD17-D21A099989B8} = {A2CDA61C-7E07-4C22-8D7D-9F71E6378B89}
		{45AB731E-6B5D-4583-9F94-6A89A3FBE91C} = {A2CDA61C-7E07-4C22-8D7D-9F71E6378B89}
		{C6F57A4C-3163-466F-A499-621507D2A1A9} = {A2CDA61C-7E07-4C22-8D7D-9F71E6378B89}
		{3073A470-6943-400E-BDFF-D25AA01577F8} = {EEB678B9-3558-486B-9221-D076C77DFDDF}
	EndGlobalSection
EndGlobal
