
Microsoft Visual Studio Solution File, Format Version 12.00
# Visual Studio 2013
VisualStudioVersion = 12.0.30110.0
MinimumVisualStudioVersion = 10.0.40219.1
Project("{8BC9CEB8-8B4A-11D0-8D11-00A0C91BC942}") = "GameEngine", "GameEngine\GameEngine.vcxproj", "{E24D022C-E33B-47A1-BBB4-33666C76DDA9}"
	ProjectSection(ProjectDependencies) = postProject
		{99FC20C2-9AD1-4049-BB11-B369C42FD6A8} = {99FC20C2-9AD1-4049-BB11-B369C42FD6A8}
	EndProjectSection
EndProject
Project("{2150E333-8FDC-42A3-9474-1A3956D46DE8}") = "Solution Items", "Solution Items", "{6823E483-DFC6-4750-920C-35DA2E87B060}"
	ProjectSection(SolutionItems) = preProject
		Shaders\basic.fp = Shaders\basic.fp
		Shaders\basic.gp = Shaders\basic.gp
		Shaders\basic.vp = Shaders\basic.vp
		Shaders\blur1.fp = Shaders\blur1.fp
		Shaders\brightnessFilter.fp = Shaders\brightnessFilter.fp
		Shaders\brightnessFilter.vp = Shaders\brightnessFilter.vp
		Shaders\bump.fp = Shaders\bump.fp
		Shaders\bump.vp = Shaders\bump.vp
		Shaders\cubemap.fp = Shaders\cubemap.fp
		Shaders\cubemap.vp = Shaders\cubemap.vp
		Shaders\depthOnly.fp = Shaders\depthOnly.fp
		Shaders\depthOnly.vp = Shaders\depthOnly.vp
		Shaders\earth.fp = Shaders\earth.fp
		Shaders\earth.vp = Shaders\earth.vp
		Shaders\fboToScreen.fp = Shaders\fboToScreen.fp
		Shaders\fboToScreen.vp = Shaders\fboToScreen.vp
		Shaders\light.fp = Shaders\light.fp
		Shaders\light.vp = Shaders\light.vp
		Shaders\lightWithShadow.fp = Shaders\lightWithShadow.fp
		Shaders\lightWithShadow.vp = Shaders\lightWithShadow.vp
		Shaders\MaterialBasic.fp = Shaders\MaterialBasic.fp
		Shaders\MaterialBasic.vp = Shaders\MaterialBasic.vp
		Shaders\ShadowMapping.fp = Shaders\ShadowMapping.fp
		Shaders\ShadowMapping.vp = Shaders\ShadowMapping.vp
		Shaders\tesselation.gp = Shaders\tesselation.gp
		Shaders\test.cp = Shaders\test.cp
	EndProjectSection
EndProject
Project("{8BC9CEB8-8B4A-11D0-8D11-00A0C91BC942}") = "SolarSystem", "Demos\SolarSystem\SolarSystem.vcxproj", "{60ACE0BC-C15B-4A41-A735-63FD967CC91F}"
	ProjectSection(ProjectDependencies) = postProject
		{E24D022C-E33B-47A1-BBB4-33666C76DDA9} = {E24D022C-E33B-47A1-BBB4-33666C76DDA9}
	EndProjectSection
EndProject
Project("{2150E333-8FDC-42A3-9474-1A3956D46DE8}") = "Vendors", "Vendors", "{9D3EF6A3-621D-4807-90CB-705CCD3A8FB8}"
EndProject
Project("{2150E333-8FDC-42A3-9474-1A3956D46DE8}") = "Demos", "Demos", "{E92BB286-351B-420A-B152-DB0511195EFC}"
EndProject
Project("{8BC9CEB8-8B4A-11D0-8D11-00A0C91BC942}") = "BulletImplementation", "Demos\BulletImplementation\BulletImplementation.vcxproj", "{CE40F8DC-055E-424B-A0D0-1C020EB3632F}"
	ProjectSection(ProjectDependencies) = postProject
		{E24D022C-E33B-47A1-BBB4-33666C76DDA9} = {E24D022C-E33B-47A1-BBB4-33666C76DDA9}
		{3073A470-6943-400E-BDFF-D25AA01577F8} = {3073A470-6943-400E-BDFF-D25AA01577F8}
	EndProjectSection
EndProject
Project("{8BC9CEB8-8B4A-11D0-8D11-00A0C91BC942}") = "TinyObjLoader", "Vendors\TinyObjLoader\TinyObjLoader.vcxproj", "{99FC20C2-9AD1-4049-BB11-B369C42FD6A8}"
EndProject
Project("{2150E333-8FDC-42A3-9474-1A3956D46DE8}") = "Packs", "Packs", "{EEB678B9-3558-486B-9221-D076C77DFDDF}"
EndProject
Project("{8BC9CEB8-8B4A-11D0-8D11-00A0C91BC942}") = "PhysicBulletPack", "Packs\PhysicBulletPack\PhysicBulletPack.vcxproj", "{3073A470-6943-400E-BDFF-D25AA01577F8}"
EndProject
Project("{8BC9CEB8-8B4A-11D0-8D11-00A0C91BC942}") = "SpaceShooter", "Demos\SpaceShooter\SpaceShooter.vcxproj", "{ECFC3CA5-DB31-4109-8A00-88358E23B3B9}"
EndProject
Project("{2150E333-8FDC-42A3-9474-1A3956D46DE8}") = "Tools", "Tools", "{B36A8443-1340-428D-AB0B-7AD47BC2531F}"
EndProject
Project("{8BC9CEB8-8B4A-11D0-8D11-00A0C91BC942}") = "AssetsConvertor", "Tools\AssetsConvertor\AssetsConvertor.vcxproj", "{EB423B39-F564-498E-B291-0D9676AF09B5}"
	ProjectSection(ProjectDependencies) = postProject
		{E24D022C-E33B-47A1-BBB4-33666C76DDA9} = {E24D022C-E33B-47A1-BBB4-33666C76DDA9}
		{99FC20C2-9AD1-4049-BB11-B369C42FD6A8} = {99FC20C2-9AD1-4049-BB11-B369C42FD6A8}
	EndProjectSection
EndProject
Project("{8BC9CEB8-8B4A-11D0-8D11-00A0C91BC942}") = "ShadowMapping", "Demos\ShadowMapping\ShadowMapping.vcxproj", "{15D1542F-C88C-4549-8029-9D4495E54A04}"
EndProject
Global
	GlobalSection(SolutionConfigurationPlatforms) = preSolution
		Debug|Any CPU = Debug|Any CPU
		Debug|Mixed Platforms = Debug|Mixed Platforms
		Debug|Win32 = Debug|Win32
		MinSizeRel|Any CPU = MinSizeRel|Any CPU
		MinSizeRel|Mixed Platforms = MinSizeRel|Mixed Platforms
		MinSizeRel|Win32 = MinSizeRel|Win32
		Release|Any CPU = Release|Any CPU
		Release|Mixed Platforms = Release|Mixed Platforms
		Release|Win32 = Release|Win32
		RelWithDebInfo|Any CPU = RelWithDebInfo|Any CPU
		RelWithDebInfo|Mixed Platforms = RelWithDebInfo|Mixed Platforms
		RelWithDebInfo|Win32 = RelWithDebInfo|Win32
	EndGlobalSection
	GlobalSection(ProjectConfigurationPlatforms) = postSolution
		{E24D022C-E33B-47A1-BBB4-33666C76DDA9}.Debug|Any CPU.ActiveCfg = Debug|Win32
		{E24D022C-E33B-47A1-BBB4-33666C76DDA9}.Debug|Mixed Platforms.ActiveCfg = Debug|Win32
		{E24D022C-E33B-47A1-BBB4-33666C76DDA9}.Debug|Mixed Platforms.Build.0 = Debug|Win32
		{E24D022C-E33B-47A1-BBB4-33666C76DDA9}.Debug|Win32.ActiveCfg = Debug|Win32
		{E24D022C-E33B-47A1-BBB4-33666C76DDA9}.Debug|Win32.Build.0 = Debug|Win32
		{E24D022C-E33B-47A1-BBB4-33666C76DDA9}.MinSizeRel|Any CPU.ActiveCfg = Release|Win32
		{E24D022C-E33B-47A1-BBB4-33666C76DDA9}.MinSizeRel|Mixed Platforms.ActiveCfg = Release|Win32
		{E24D022C-E33B-47A1-BBB4-33666C76DDA9}.MinSizeRel|Mixed Platforms.Build.0 = Release|Win32
		{E24D022C-E33B-47A1-BBB4-33666C76DDA9}.MinSizeRel|Win32.ActiveCfg = Release|Win32
		{E24D022C-E33B-47A1-BBB4-33666C76DDA9}.MinSizeRel|Win32.Build.0 = Release|Win32
		{E24D022C-E33B-47A1-BBB4-33666C76DDA9}.Release|Any CPU.ActiveCfg = Release|Win32
		{E24D022C-E33B-47A1-BBB4-33666C76DDA9}.Release|Mixed Platforms.ActiveCfg = Release|Win32
		{E24D022C-E33B-47A1-BBB4-33666C76DDA9}.Release|Mixed Platforms.Build.0 = Release|Win32
		{E24D022C-E33B-47A1-BBB4-33666C76DDA9}.Release|Win32.ActiveCfg = Release|Win32
		{E24D022C-E33B-47A1-BBB4-33666C76DDA9}.Release|Win32.Build.0 = Release|Win32
		{E24D022C-E33B-47A1-BBB4-33666C76DDA9}.RelWithDebInfo|Any CPU.ActiveCfg = Release|Win32
		{E24D022C-E33B-47A1-BBB4-33666C76DDA9}.RelWithDebInfo|Mixed Platforms.ActiveCfg = Release|Win32
		{E24D022C-E33B-47A1-BBB4-33666C76DDA9}.RelWithDebInfo|Mixed Platforms.Build.0 = Release|Win32
		{E24D022C-E33B-47A1-BBB4-33666C76DDA9}.RelWithDebInfo|Win32.ActiveCfg = Release|Win32
		{E24D022C-E33B-47A1-BBB4-33666C76DDA9}.RelWithDebInfo|Win32.Build.0 = Release|Win32
		{60ACE0BC-C15B-4A41-A735-63FD967CC91F}.Debug|Any CPU.ActiveCfg = Debug|Win32
		{60ACE0BC-C15B-4A41-A735-63FD967CC91F}.Debug|Mixed Platforms.ActiveCfg = Debug|Win32
		{60ACE0BC-C15B-4A41-A735-63FD967CC91F}.Debug|Win32.ActiveCfg = Debug|Win32
		{60ACE0BC-C15B-4A41-A735-63FD967CC91F}.Debug|Win32.Build.0 = Debug|Win32
		{60ACE0BC-C15B-4A41-A735-63FD967CC91F}.MinSizeRel|Any CPU.ActiveCfg = Release|Win32
		{60ACE0BC-C15B-4A41-A735-63FD967CC91F}.MinSizeRel|Mixed Platforms.ActiveCfg = Release|Win32
		{60ACE0BC-C15B-4A41-A735-63FD967CC91F}.MinSizeRel|Mixed Platforms.Build.0 = Release|Win32
		{60ACE0BC-C15B-4A41-A735-63FD967CC91F}.MinSizeRel|Win32.ActiveCfg = Release|Win32
		{60ACE0BC-C15B-4A41-A735-63FD967CC91F}.MinSizeRel|Win32.Build.0 = Release|Win32
		{60ACE0BC-C15B-4A41-A735-63FD967CC91F}.Release|Any CPU.ActiveCfg = Release|Win32
		{60ACE0BC-C15B-4A41-A735-63FD967CC91F}.Release|Mixed Platforms.ActiveCfg = Release|Win32
		{60ACE0BC-C15B-4A41-A735-63FD967CC91F}.Release|Mixed Platforms.Build.0 = Release|Win32
		{60ACE0BC-C15B-4A41-A735-63FD967CC91F}.Release|Win32.ActiveCfg = Release|Win32
		{60ACE0BC-C15B-4A41-A735-63FD967CC91F}.Release|Win32.Build.0 = Release|Win32
		{60ACE0BC-C15B-4A41-A735-63FD967CC91F}.RelWithDebInfo|Any CPU.ActiveCfg = Release|Win32
		{60ACE0BC-C15B-4A41-A735-63FD967CC91F}.RelWithDebInfo|Mixed Platforms.ActiveCfg = Release|Win32
		{60ACE0BC-C15B-4A41-A735-63FD967CC91F}.RelWithDebInfo|Mixed Platforms.Build.0 = Release|Win32
		{60ACE0BC-C15B-4A41-A735-63FD967CC91F}.RelWithDebInfo|Win32.ActiveCfg = Release|Win32
		{60ACE0BC-C15B-4A41-A735-63FD967CC91F}.RelWithDebInfo|Win32.Build.0 = Release|Win32
		{CE40F8DC-055E-424B-A0D0-1C020EB3632F}.Debug|Any CPU.ActiveCfg = Debug|Win32
		{CE40F8DC-055E-424B-A0D0-1C020EB3632F}.Debug|Mixed Platforms.ActiveCfg = Debug|Win32
		{CE40F8DC-055E-424B-A0D0-1C020EB3632F}.Debug|Mixed Platforms.Build.0 = Debug|Win32
		{CE40F8DC-055E-424B-A0D0-1C020EB3632F}.Debug|Win32.ActiveCfg = Debug|Win32
		{CE40F8DC-055E-424B-A0D0-1C020EB3632F}.Debug|Win32.Build.0 = Debug|Win32
		{CE40F8DC-055E-424B-A0D0-1C020EB3632F}.MinSizeRel|Any CPU.ActiveCfg = Release|Win32
		{CE40F8DC-055E-424B-A0D0-1C020EB3632F}.MinSizeRel|Mixed Platforms.ActiveCfg = Release|Win32
		{CE40F8DC-055E-424B-A0D0-1C020EB3632F}.MinSizeRel|Mixed Platforms.Build.0 = Release|Win32
		{CE40F8DC-055E-424B-A0D0-1C020EB3632F}.MinSizeRel|Win32.ActiveCfg = Release|Win32
		{CE40F8DC-055E-424B-A0D0-1C020EB3632F}.MinSizeRel|Win32.Build.0 = Release|Win32
		{CE40F8DC-055E-424B-A0D0-1C020EB3632F}.Release|Any CPU.ActiveCfg = Release|Win32
		{CE40F8DC-055E-424B-A0D0-1C020EB3632F}.Release|Mixed Platforms.ActiveCfg = Release|Win32
		{CE40F8DC-055E-424B-A0D0-1C020EB3632F}.Release|Mixed Platforms.Build.0 = Release|Win32
		{CE40F8DC-055E-424B-A0D0-1C020EB3632F}.Release|Win32.ActiveCfg = Release|Win32
		{CE40F8DC-055E-424B-A0D0-1C020EB3632F}.Release|Win32.Build.0 = Release|Win32
		{CE40F8DC-055E-424B-A0D0-1C020EB3632F}.RelWithDebInfo|Any CPU.ActiveCfg = Release|Win32
		{CE40F8DC-055E-424B-A0D0-1C020EB3632F}.RelWithDebInfo|Mixed Platforms.ActiveCfg = Release|Win32
		{CE40F8DC-055E-424B-A0D0-1C020EB3632F}.RelWithDebInfo|Mixed Platforms.Build.0 = Release|Win32
		{CE40F8DC-055E-424B-A0D0-1C020EB3632F}.RelWithDebInfo|Win32.ActiveCfg = Release|Win32
		{CE40F8DC-055E-424B-A0D0-1C020EB3632F}.RelWithDebInfo|Win32.Build.0 = Release|Win32
		{99FC20C2-9AD1-4049-BB11-B369C42FD6A8}.Debug|Any CPU.ActiveCfg = Debug|Win32
		{99FC20C2-9AD1-4049-BB11-B369C42FD6A8}.Debug|Mixed Platforms.ActiveCfg = Debug|Win32
		{99FC20C2-9AD1-4049-BB11-B369C42FD6A8}.Debug|Win32.ActiveCfg = Debug|Win32
		{99FC20C2-9AD1-4049-BB11-B369C42FD6A8}.Debug|Win32.Build.0 = Debug|Win32
		{99FC20C2-9AD1-4049-BB11-B369C42FD6A8}.MinSizeRel|Any CPU.ActiveCfg = Release|Win32
		{99FC20C2-9AD1-4049-BB11-B369C42FD6A8}.MinSizeRel|Mixed Platforms.ActiveCfg = Release|Win32
		{99FC20C2-9AD1-4049-BB11-B369C42FD6A8}.MinSizeRel|Mixed Platforms.Build.0 = Release|Win32
		{99FC20C2-9AD1-4049-BB11-B369C42FD6A8}.MinSizeRel|Win32.ActiveCfg = Release|Win32
		{99FC20C2-9AD1-4049-BB11-B369C42FD6A8}.MinSizeRel|Win32.Build.0 = Release|Win32
		{99FC20C2-9AD1-4049-BB11-B369C42FD6A8}.Release|Any CPU.ActiveCfg = Release|Win32
		{99FC20C2-9AD1-4049-BB11-B369C42FD6A8}.Release|Mixed Platforms.ActiveCfg = Release|Win32
		{99FC20C2-9AD1-4049-BB11-B369C42FD6A8}.Release|Mixed Platforms.Build.0 = Release|Win32
		{99FC20C2-9AD1-4049-BB11-B369C42FD6A8}.Release|Win32.ActiveCfg = Release|Win32
		{99FC20C2-9AD1-4049-BB11-B369C42FD6A8}.Release|Win32.Build.0 = Release|Win32
		{99FC20C2-9AD1-4049-BB11-B369C42FD6A8}.RelWithDebInfo|Any CPU.ActiveCfg = Release|Win32
		{99FC20C2-9AD1-4049-BB11-B369C42FD6A8}.RelWithDebInfo|Mixed Platforms.ActiveCfg = Release|Win32
		{99FC20C2-9AD1-4049-BB11-B369C42FD6A8}.RelWithDebInfo|Mixed Platforms.Build.0 = Release|Win32
		{99FC20C2-9AD1-4049-BB11-B369C42FD6A8}.RelWithDebInfo|Win32.ActiveCfg = Release|Win32
		{99FC20C2-9AD1-4049-BB11-B369C42FD6A8}.RelWithDebInfo|Win32.Build.0 = Release|Win32
		{3073A470-6943-400E-BDFF-D25AA01577F8}.Debug|Any CPU.ActiveCfg = Debug|Win32
		{3073A470-6943-400E-BDFF-D25AA01577F8}.Debug|Mixed Platforms.ActiveCfg = Debug|Win32
		{3073A470-6943-400E-BDFF-D25AA01577F8}.Debug|Mixed Platforms.Build.0 = Debug|Win32
		{3073A470-6943-400E-BDFF-D25AA01577F8}.Debug|Win32.ActiveCfg = Debug|Win32
		{3073A470-6943-400E-BDFF-D25AA01577F8}.Debug|Win32.Build.0 = Debug|Win32
		{3073A470-6943-400E-BDFF-D25AA01577F8}.MinSizeRel|Any CPU.ActiveCfg = Release|Win32
		{3073A470-6943-400E-BDFF-D25AA01577F8}.MinSizeRel|Mixed Platforms.ActiveCfg = Release|Win32
		{3073A470-6943-400E-BDFF-D25AA01577F8}.MinSizeRel|Mixed Platforms.Build.0 = Release|Win32
		{3073A470-6943-400E-BDFF-D25AA01577F8}.MinSizeRel|Win32.ActiveCfg = Release|Win32
		{3073A470-6943-400E-BDFF-D25AA01577F8}.MinSizeRel|Win32.Build.0 = Release|Win32
		{3073A470-6943-400E-BDFF-D25AA01577F8}.Release|Any CPU.ActiveCfg = Release|Win32
		{3073A470-6943-400E-BDFF-D25AA01577F8}.Release|Mixed Platforms.ActiveCfg = Release|Win32
		{3073A470-6943-400E-BDFF-D25AA01577F8}.Release|Mixed Platforms.Build.0 = Release|Win32
		{3073A470-6943-400E-BDFF-D25AA01577F8}.Release|Win32.ActiveCfg = Release|Win32
		{3073A470-6943-400E-BDFF-D25AA01577F8}.Release|Win32.Build.0 = Release|Win32
		{3073A470-6943-400E-BDFF-D25AA01577F8}.RelWithDebInfo|Any CPU.ActiveCfg = Release|Win32
		{3073A470-6943-400E-BDFF-D25AA01577F8}.RelWithDebInfo|Mixed Platforms.ActiveCfg = Release|Win32
		{3073A470-6943-400E-BDFF-D25AA01577F8}.RelWithDebInfo|Mixed Platforms.Build.0 = Release|Win32
		{3073A470-6943-400E-BDFF-D25AA01577F8}.RelWithDebInfo|Win32.ActiveCfg = Release|Win32
		{3073A470-6943-400E-BDFF-D25AA01577F8}.RelWithDebInfo|Win32.Build.0 = Release|Win32
		{ECFC3CA5-DB31-4109-8A00-88358E23B3B9}.Debug|Any CPU.ActiveCfg = Debug|Win32
		{ECFC3CA5-DB31-4109-8A00-88358E23B3B9}.Debug|Mixed Platforms.ActiveCfg = Debug|Win32
		{ECFC3CA5-DB31-4109-8A00-88358E23B3B9}.Debug|Win32.ActiveCfg = Debug|Win32
		{ECFC3CA5-DB31-4109-8A00-88358E23B3B9}.Debug|Win32.Build.0 = Debug|Win32
		{ECFC3CA5-DB31-4109-8A00-88358E23B3B9}.MinSizeRel|Any CPU.ActiveCfg = Release|Win32
		{ECFC3CA5-DB31-4109-8A00-88358E23B3B9}.MinSizeRel|Mixed Platforms.ActiveCfg = Release|Win32
		{ECFC3CA5-DB31-4109-8A00-88358E23B3B9}.MinSizeRel|Mixed Platforms.Build.0 = Release|Win32
		{ECFC3CA5-DB31-4109-8A00-88358E23B3B9}.MinSizeRel|Win32.ActiveCfg = Release|Win32
		{ECFC3CA5-DB31-4109-8A00-88358E23B3B9}.MinSizeRel|Win32.Build.0 = Release|Win32
		{ECFC3CA5-DB31-4109-8A00-88358E23B3B9}.Release|Any CPU.ActiveCfg = Release|Win32
		{ECFC3CA5-DB31-4109-8A00-88358E23B3B9}.Release|Mixed Platforms.ActiveCfg = Release|Win32
		{ECFC3CA5-DB31-4109-8A00-88358E23B3B9}.Release|Mixed Platforms.Build.0 = Release|Win32
		{ECFC3CA5-DB31-4109-8A00-88358E23B3B9}.Release|Win32.ActiveCfg = Release|Win32
		{ECFC3CA5-DB31-4109-8A00-88358E23B3B9}.Release|Win32.Build.0 = Release|Win32
		{ECFC3CA5-DB31-4109-8A00-88358E23B3B9}.RelWithDebInfo|Any CPU.ActiveCfg = Release|Win32
		{ECFC3CA5-DB31-4109-8A00-88358E23B3B9}.RelWithDebInfo|Mixed Platforms.ActiveCfg = Release|Win32
		{ECFC3CA5-DB31-4109-8A00-88358E23B3B9}.RelWithDebInfo|Mixed Platforms.Build.0 = Release|Win32
		{ECFC3CA5-DB31-4109-8A00-88358E23B3B9}.RelWithDebInfo|Win32.ActiveCfg = Release|Win32
		{ECFC3CA5-DB31-4109-8A00-88358E23B3B9}.RelWithDebInfo|Win32.Build.0 = Release|Win32
		{EB423B39-F564-498E-B291-0D9676AF09B5}.Debug|Any CPU.ActiveCfg = Debug|Win32
		{EB423B39-F564-498E-B291-0D9676AF09B5}.Debug|Mixed Platforms.ActiveCfg = Debug|Win32
		{EB423B39-F564-498E-B291-0D9676AF09B5}.Debug|Win32.ActiveCfg = Debug|Win32
		{EB423B39-F564-498E-B291-0D9676AF09B5}.Debug|Win32.Build.0 = Debug|Win32
		{EB423B39-F564-498E-B291-0D9676AF09B5}.MinSizeRel|Any CPU.ActiveCfg = Release|Win32
		{EB423B39-F564-498E-B291-0D9676AF09B5}.MinSizeRel|Mixed Platforms.ActiveCfg = Release|Win32
		{EB423B39-F564-498E-B291-0D9676AF09B5}.MinSizeRel|Mixed Platforms.Build.0 = Release|Win32
		{EB423B39-F564-498E-B291-0D9676AF09B5}.MinSizeRel|Win32.ActiveCfg = Release|Win32
		{EB423B39-F564-498E-B291-0D9676AF09B5}.MinSizeRel|Win32.Build.0 = Release|Win32
		{EB423B39-F564-498E-B291-0D9676AF09B5}.Release|Any CPU.ActiveCfg = Release|Win32
		{EB423B39-F564-498E-B291-0D9676AF09B5}.Release|Mixed Platforms.ActiveCfg = Release|Win32
		{EB423B39-F564-498E-B291-0D9676AF09B5}.Release|Mixed Platforms.Build.0 = Release|Win32
		{EB423B39-F564-498E-B291-0D9676AF09B5}.Release|Win32.ActiveCfg = Release|Win32
		{EB423B39-F564-498E-B291-0D9676AF09B5}.Release|Win32.Build.0 = Release|Win32
		{EB423B39-F564-498E-B291-0D9676AF09B5}.RelWithDebInfo|Any CPU.ActiveCfg = Release|Win32
		{EB423B39-F564-498E-B291-0D9676AF09B5}.RelWithDebInfo|Mixed Platforms.ActiveCfg = Release|Win32
		{EB423B39-F564-498E-B291-0D9676AF09B5}.RelWithDebInfo|Mixed Platforms.Build.0 = Release|Win32
		{EB423B39-F564-498E-B291-0D9676AF09B5}.RelWithDebInfo|Win32.ActiveCfg = Release|Win32
		{EB423B39-F564-498E-B291-0D9676AF09B5}.RelWithDebInfo|Win32.Build.0 = Release|Win32
		{15D1542F-C88C-4549-8029-9D4495E54A04}.Debug|Any CPU.ActiveCfg = Debug|Win32
		{15D1542F-C88C-4549-8029-9D4495E54A04}.Debug|Mixed Platforms.ActiveCfg = Debug|Win32
		{15D1542F-C88C-4549-8029-9D4495E54A04}.Debug|Mixed Platforms.Build.0 = Debug|Win32
		{15D1542F-C88C-4549-8029-9D4495E54A04}.Debug|Win32.ActiveCfg = Debug|Win32
		{15D1542F-C88C-4549-8029-9D4495E54A04}.Debug|Win32.Build.0 = Debug|Win32
		{15D1542F-C88C-4549-8029-9D4495E54A04}.MinSizeRel|Any CPU.ActiveCfg = Release|Win32
		{15D1542F-C88C-4549-8029-9D4495E54A04}.MinSizeRel|Mixed Platforms.ActiveCfg = Release|Win32
		{15D1542F-C88C-4549-8029-9D4495E54A04}.MinSizeRel|Mixed Platforms.Build.0 = Release|Win32
		{15D1542F-C88C-4549-8029-9D4495E54A04}.MinSizeRel|Win32.ActiveCfg = Release|Win32
		{15D1542F-C88C-4549-8029-9D4495E54A04}.MinSizeRel|Win32.Build.0 = Release|Win32
		{15D1542F-C88C-4549-8029-9D4495E54A04}.Release|Any CPU.ActiveCfg = Release|Win32
		{15D1542F-C88C-4549-8029-9D4495E54A04}.Release|Mixed Platforms.ActiveCfg = Release|Win32
		{15D1542F-C88C-4549-8029-9D4495E54A04}.Release|Mixed Platforms.Build.0 = Release|Win32
		{15D1542F-C88C-4549-8029-9D4495E54A04}.Release|Win32.ActiveCfg = Release|Win32
		{15D1542F-C88C-4549-8029-9D4495E54A04}.Release|Win32.Build.0 = Release|Win32
		{15D1542F-C88C-4549-8029-9D4495E54A04}.RelWithDebInfo|Any CPU.ActiveCfg = Release|Win32
		{15D1542F-C88C-4549-8029-9D4495E54A04}.RelWithDebInfo|Mixed Platforms.ActiveCfg = Release|Win32
		{15D1542F-C88C-4549-8029-9D4495E54A04}.RelWithDebInfo|Mixed Platforms.Build.0 = Release|Win32
		{15D1542F-C88C-4549-8029-9D4495E54A04}.RelWithDebInfo|Win32.ActiveCfg = Release|Win32
		{15D1542F-C88C-4549-8029-9D4495E54A04}.RelWithDebInfo|Win32.Build.0 = Release|Win32
	EndGlobalSection
	GlobalSection(SolutionProperties) = preSolution
		HideSolutionNode = FALSE
	EndGlobalSection
	GlobalSection(NestedProjects) = preSolution
		{60ACE0BC-C15B-4A41-A735-63FD967CC91F} = {E92BB286-351B-420A-B152-DB0511195EFC}
		{CE40F8DC-055E-424B-A0D0-1C020EB3632F} = {E92BB286-351B-420A-B152-DB0511195EFC}
		{ECFC3CA5-DB31-4109-8A00-88358E23B3B9} = {E92BB286-351B-420A-B152-DB0511195EFC}
		{15D1542F-C88C-4549-8029-9D4495E54A04} = {E92BB286-351B-420A-B152-DB0511195EFC}
		{99FC20C2-9AD1-4049-BB11-B369C42FD6A8} = {9D3EF6A3-621D-4807-90CB-705CCD3A8FB8}
		{3073A470-6943-400E-BDFF-D25AA01577F8} = {EEB678B9-3558-486B-9221-D076C77DFDDF}
		{EB423B39-F564-498E-B291-0D9676AF09B5} = {B36A8443-1340-428D-AB0B-7AD47BC2531F}
	EndGlobalSection
	GlobalSection(Performance) = preSolution
		HasPerformanceSessions = true
	EndGlobalSection
EndGlobal
